// !$*UTF8*$!
{
	archiveVersion = 1;
	classes = {
	};
	objectVersion = 77;
	objects = {

/* Begin PBXBuildFile section */
		1EB3197F2ED1978300884DD1 /* CustomPageView.swift in Sources */ = {isa = PBXBuildFile; fileRef = 1EB3197E2ED1978300884DD1 /* CustomPageView.swift */; };
		1EB319812ED1A34200884DD1 /* BreathingModifier.swift in Sources */ = {isa = PBXBuildFile; fileRef = 1EB319802ED1A34200884DD1 /* BreathingModifier.swift */; };
		1EB31A022ED99DFD00884DD1 /* SubscribeSwitchPage.swift in Sources */ = {isa = PBXBuildFile; fileRef = 1EB31A012ED99DFD00884DD1 /* SubscribeSwitchPage.swift */; };
		1EB31A062ED9B91900884DD1 /* SubscribeNormalPage.swift in Sources */ = {isa = PBXBuildFile; fileRef = 1EB31A052ED9B91900884DD1 /* SubscribeNormalPage.swift */; };
		1EB31A082ED9BBA600884DD1 /* SubscribeNormalCellView.swift in Sources */ = {isa = PBXBuildFile; fileRef = 1EB31A072ED9BBA600884DD1 /* SubscribeNormalCellView.swift */; };
		1EB31A0A2ED9C7F900884DD1 /* SubscribeListRequestModel.swift in Sources */ = {isa = PBXBuildFile; fileRef = 1EB31A092ED9C7F900884DD1 /* SubscribeListRequestModel.swift */; };
		1EB31A0C2ED9D48F00884DD1 /* SubscribeRandomBubble.swift in Sources */ = {isa = PBXBuildFile; fileRef = 1EB31A0B2ED9D48F00884DD1 /* SubscribeRandomBubble.swift */; };
		1EE8CC192EDA9AD50064F683 /* PROrderManager.swift in Sources */ = {isa = PBXBuildFile; fileRef = 1EE8CC142EDA9AD40064F683 /* PROrderManager.swift */; };
		1EE8CC1A2EDA9AD50064F683 /* PREnvironmentManager.swift in Sources */ = {isa = PBXBuildFile; fileRef = 1EE8CC072EDA9AD40064F683 /* PREnvironmentManager.swift */; };
		1EE8CC1B2EDA9AD50064F683 /* DismissingKeyboardOnSwipe.swift in Sources */ = {isa = PBXBuildFile; fileRef = 1EE8CBEF2EDA9AD40064F683 /* DismissingKeyboardOnSwipe.swift */; };
		1EE8CC1D2EDA9AD50064F683 /* OnReceiveChangeModifier.swift in Sources */ = {isa = PBXBuildFile; fileRef = 1EE8CBF02EDA9AD40064F683 /* OnReceiveChangeModifier.swift */; };
		1EE8CC1E2EDA9AD50064F683 /* PRRequestHandlerResponseModel.swift in Sources */ = {isa = PBXBuildFile; fileRef = 1EE8CC0D2EDA9AD40064F683 /* PRRequestHandlerResponseModel.swift */; };
		1EE8CC1F2EDA9AD50064F683 /* PRRequestHandlerSignUtils.swift in Sources */ = {isa = PBXBuildFile; fileRef = 1EE8CC0E2EDA9AD40064F683 /* PRRequestHandlerSignUtils.swift */; };
		1EE8CC202EDA9AD50064F683 /* PRQuerySubscriptionOrderModel.swift in Sources */ = {isa = PBXBuildFile; fileRef = 1EE8CC112EDA9AD40064F683 /* PRQuerySubscriptionOrderModel.swift */; };
		1EE8CC212EDA9AD50064F683 /* Date+Extension.swift in Sources */ = {isa = PBXBuildFile; fileRef = 1EE8CBF72EDA9AD40064F683 /* Date+Extension.swift */; };
		1EE8CC222EDA9AD50064F683 /* PRRequestHandlerInterceptor.swift in Sources */ = {isa = PBXBuildFile; fileRef = 1EE8CC082EDA9AD40064F683 /* PRRequestHandlerInterceptor.swift */; };
		1EE8CC232EDA9AD50064F683 /* Array+Extension.swift in Sources */ = {isa = PBXBuildFile; fileRef = 1EE8CBE82EDA9AD40064F683 /* Array+Extension.swift */; };
		1EE8CC242EDA9AD50064F683 /* Data+Extension.swift in Sources */ = {isa = PBXBuildFile; fileRef = 1EE8CBF62EDA9AD40064F683 /* Data+Extension.swift */; };
		1EE8CC252EDA9AD50064F683 /* View+Extension.swift in Sources */ = {isa = PBXBuildFile; fileRef = 1EE8CBFD2EDA9AD40064F683 /* View+Extension.swift */; };
		1EE8CC262EDA9AD50064F683 /* PREventSourceMessage.swift in Sources */ = {isa = PBXBuildFile; fileRef = 1EE8CC022EDA9AD40064F683 /* PREventSourceMessage.swift */; };
		1EE8CC272EDA9AD50064F683 /* PRDecodableEventSourceMessage.swift in Sources */ = {isa = PBXBuildFile; fileRef = 1EE8CC002EDA9AD40064F683 /* PRDecodableEventSourceMessage.swift */; };
		1EE8CC282EDA9AD50064F683 /* PREventSourceSerializer.swift in Sources */ = {isa = PBXBuildFile; fileRef = 1EE8CC032EDA9AD40064F683 /* PREventSourceSerializer.swift */; };
		1EE8CC292EDA9AD50064F683 /* PRRequestHandlerManager.swift in Sources */ = {isa = PBXBuildFile; fileRef = 1EE8CC092EDA9AD40064F683 /* PRRequestHandlerManager.swift */; };
		1EE8CC2A2EDA9AD50064F683 /* PRNotifySubscriptionOrderModel.swift in Sources */ = {isa = PBXBuildFile; fileRef = 1EE8CC102EDA9AD40064F683 /* PRNotifySubscriptionOrderModel.swift */; };
		1EE8CC2B2EDA9AD50064F683 /* PRRequestHandlerObserver.swift in Sources */ = {isa = PBXBuildFile; fileRef = 1EE8CC0C2EDA9AD40064F683 /* PRRequestHandlerObserver.swift */; };
		1EE8CC2C2EDA9AD50064F683 /* SSKeychain.m in Sources */ = {isa = PBXBuildFile; fileRef = 1EE8CBDE2EDA9AD40064F683 /* SSKeychain.m */; };
		1EE8CC2D2EDA9AD50064F683 /* CommonAICuidUtils.m in Sources */ = {isa = PBXBuildFile; fileRef = 1EE8CBE52EDA9AD40064F683 /* CommonAICuidUtils.m */; };
		1EE8CC2E2EDA9AD50064F683 /* PRRequestHandlerNetworkManager+File.swift in Sources */ = {isa = PBXBuildFile; fileRef = 1EE8CC0A2EDA9AD40064F683 /* PRRequestHandlerNetworkManager+File.swift */; };
		1EE8CC2F2EDA9AD50064F683 /* Animation+Extension.swift in Sources */ = {isa = PBXBuildFile; fileRef = 1EE8CBE72EDA9AD40064F683 /* Animation+Extension.swift */; };
		1EE8CC302EDA9AD50064F683 /* Bundle+Extension.swift in Sources */ = {isa = PBXBuildFile; fileRef = 1EE8CBE92EDA9AD40064F683 /* Bundle+Extension.swift */; };
		1EE8CC312EDA9AD50064F683 /* RotationPublihsers.swift in Sources */ = {isa = PBXBuildFile; fileRef = 1EE8CBED2EDA9AD40064F683 /* RotationPublihsers.swift */; };
		1EE8CC322EDA9AD50064F683 /* StrokeModifier.swift in Sources */ = {isa = PBXBuildFile; fileRef = 1EE8CBF12EDA9AD40064F683 /* StrokeModifier.swift */; };
		1EE8CC332EDA9AD50064F683 /* PRRequestHandlerNetworkManager+Stream.swift in Sources */ = {isa = PBXBuildFile; fileRef = 1EE8CC0B2EDA9AD40064F683 /* PRRequestHandlerNetworkManager+Stream.swift */; };
		1EE8CC342EDA9AD50064F683 /* Font+Extension.swift in Sources */ = {isa = PBXBuildFile; fileRef = 1EE8CBEA2EDA9AD40064F683 /* Font+Extension.swift */; };
		1EE8CC352EDA9AD50064F683 /* CommonAICuid.mm in Sources */ = {isa = PBXBuildFile; fileRef = 1EE8CBE32EDA9AD40064F683 /* CommonAICuid.mm */; };
		1EE8CC362EDA9AD50064F683 /* Color+Extension.swift in Sources */ = {isa = PBXBuildFile; fileRef = 1EE8CBF52EDA9AD40064F683 /* Color+Extension.swift */; };
		1EE8CC382EDA9AD50064F683 /* SSKeychainQuery.m in Sources */ = {isa = PBXBuildFile; fileRef = 1EE8CBE02EDA9AD40064F683 /* SSKeychainQuery.m */; };
		1EE8CC392EDA9AD50064F683 /* PRDecodableEventSourceSerializer.swift in Sources */ = {isa = PBXBuildFile; fileRef = 1EE8CC012EDA9AD40064F683 /* PRDecodableEventSourceSerializer.swift */; };
		1EE8CC3A2EDA9AD50064F683 /* String+Extension.swift in Sources */ = {isa = PBXBuildFile; fileRef = 1EE8CBF92EDA9AD40064F683 /* String+Extension.swift */; };
		1EE8CC3B2EDA9AD50064F683 /* UIApplication+Extension.swift in Sources */ = {isa = PBXBuildFile; fileRef = 1EE8CBFA2EDA9AD40064F683 /* UIApplication+Extension.swift */; };
		1EE8CC3C2EDA9AD50064F683 /* URL+Extension.swift in Sources */ = {isa = PBXBuildFile; fileRef = 1EE8CBFC2EDA9AD40064F683 /* URL+Extension.swift */; };
		1EE8CC3D2EDA9AD50064F683 /* UIImage+Extension.swift in Sources */ = {isa = PBXBuildFile; fileRef = 1EE8CBFB2EDA9AD40064F683 /* UIImage+Extension.swift */; };
		1EE8CC3E2EDA9AD50064F683 /* Codable+Extension.swift in Sources */ = {isa = PBXBuildFile; fileRef = 1EE8CBF42EDA9AD40064F683 /* Codable+Extension.swift */; };
		1EE8CC3F2EDA9AD50064F683 /* KeyboardPublishers.swift in Sources */ = {isa = PBXBuildFile; fileRef = 1EE8CBEC2EDA9AD40064F683 /* KeyboardPublishers.swift */; };
		1EE8CC402EDA9AD50064F683 /* PRSubscriptionHelper.swift in Sources */ = {isa = PBXBuildFile; fileRef = 1EE8CC162EDA9AD40064F683 /* PRSubscriptionHelper.swift */; };
		1EE8CC412EDA9AD50064F683 /* Number+Extension.swift in Sources */ = {isa = PBXBuildFile; fileRef = 1EE8CBF82EDA9AD40064F683 /* Number+Extension.swift */; };
		1EE8CC422EDA9AD50064F683 /* PRSubmitSubscriptionOrderModel.swift in Sources */ = {isa = PBXBuildFile; fileRef = 1EE8CC122EDA9AD40064F683 /* PRSubmitSubscriptionOrderModel.swift */; };
		1EE8CC432EDA9AD50064F683 /* Alamofire+EventSource.swift in Sources */ = {isa = PBXBuildFile; fileRef = 1EE8CBFF2EDA9AD40064F683 /* Alamofire+EventSource.swift */; };
		1EE8CC442EDA9AD50064F683 /* ViewDurationTrackerModifier.swift in Sources */ = {isa = PBXBuildFile; fileRef = 1EE8CBF22EDA9AD40064F683 /* ViewDurationTrackerModifier.swift */; };
		1EE8CC452EDA9AD50064F683 /* PRPaymentProcessManager.swift in Sources */ = {isa = PBXBuildFile; fileRef = 1EE8CC152EDA9AD40064F683 /* PRPaymentProcessManager.swift */; };
		1EE8CC472EDA9BDF0064F683 /* DuplicateAnalyzer.swift in Sources */ = {isa = PBXBuildFile; fileRef = 1EE8CC462EDA9BDF0064F683 /* DuplicateAnalyzer.swift */; };
		1EE8CC492EDA9C030064F683 /* BlurryAnalyzer.swift in Sources */ = {isa = PBXBuildFile; fileRef = 1EE8CC482EDA9C030064F683 /* BlurryAnalyzer.swift */; };
		1EE8CC4B2EDA9CDE0064F683 /* PRCacheSnapshots.swift in Sources */ = {isa = PBXBuildFile; fileRef = 1EE8CC4A2EDA9CDE0064F683 /* PRCacheSnapshots.swift */; };
		99AD6478D10F5531774B1F4A /* libPods-PhotosRefresher.a in Frameworks */ = {isa = PBXBuildFile; fileRef = BBAD029657EF5CC0B4D9A22E /* libPods-PhotosRefresher.a */; };
		E2242A882ECEEE8400C867D4 /* Assets.xcassets in Resources */ = {isa = PBXBuildFile; fileRef = E2242A832ECEEE8400C867D4 /* Assets.xcassets */; };
		E2242A982ECEEE8400C867D4 /* PhotosRefresherApp.swift in Sources */ = {isa = PBXBuildFile; fileRef = E2242A862ECEEE8400C867D4 /* PhotosRefresherApp.swift */; };
		E2242B822ECF106300C867D4 /* Toast.swift in Sources */ = {isa = PBXBuildFile; fileRef = E2242B7D2ECF106300C867D4 /* Toast.swift */; };
		E2242B842ECF106300C867D4 /* AssetsHelper.swift in Sources */ = {isa = PBXBuildFile; fileRef = E2242B5E2ECF106300C867D4 /* AssetsHelper.swift */; };
		E2242B862ECF106300C867D4 /* AlertModal.swift in Sources */ = {isa = PBXBuildFile; fileRef = E2242AE32ECF106300C867D4 /* AlertModal.swift */; };
		E2242B8A2ECF106300C867D4 /* RouterRegistry.swift in Sources */ = {isa = PBXBuildFile; fileRef = E2242AEA2ECF106300C867D4 /* RouterRegistry.swift */; };
		E2242B8B2ECF106300C867D4 /* UIState.swift in Sources */ = {isa = PBXBuildFile; fileRef = E2242AF72ECF106300C867D4 /* UIState.swift */; };
		E2242B8F2ECF106300C867D4 /* Permissions+Alert.swift in Sources */ = {isa = PBXBuildFile; fileRef = E2242B5F2ECF106300C867D4 /* Permissions+Alert.swift */; };
		E2242B902ECF106300C867D4 /* PermissonsManager.swift in Sources */ = {isa = PBXBuildFile; fileRef = E2242B022ECF106300C867D4 /* PermissonsManager.swift */; };
		E2242B922ECF106300C867D4 /* SubscribeEntryView.swift in Sources */ = {isa = PBXBuildFile; fileRef = E2242B6F2ECF106300C867D4 /* SubscribeEntryView.swift */; };
		E2242B932ECF106300C867D4 /* TextAnalyzer.swift in Sources */ = {isa = PBXBuildFile; fileRef = E2242B4F2ECF106300C867D4 /* TextAnalyzer.swift */; };
		E2242B942ECF106300C867D4 /* GlobalOverlay.swift in Sources */ = {isa = PBXBuildFile; fileRef = E2242B072ECF106300C867D4 /* GlobalOverlay.swift */; };
		E2242B9A2ECF106300C867D4 /* LocalizableManager.swift in Sources */ = {isa = PBXBuildFile; fileRef = E2242AF92ECF106300C867D4 /* LocalizableManager.swift */; };
		E2242B9D2ECF106300C867D4 /* AppUserDefaults.swift in Sources */ = {isa = PBXBuildFile; fileRef = E2242AED2ECF106300C867D4 /* AppUserDefaults.swift */; };
		E2242BA12ECF106300C867D4 /* RouterDestination.swift in Sources */ = {isa = PBXBuildFile; fileRef = E2242AE82ECF106300C867D4 /* RouterDestination.swift */; };
		E2242BA32ECF106300C867D4 /* CommonLoadingModify.swift in Sources */ = {isa = PBXBuildFile; fileRef = E2242B462ECF106300C867D4 /* CommonLoadingModify.swift */; };
		E2242BA42ECF106300C867D4 /* PhotoMapHelpers.swift in Sources */ = {isa = PBXBuildFile; fileRef = E2242B602ECF106300C867D4 /* PhotoMapHelpers.swift */; };
		E2242BA72ECF106300C867D4 /* PRDiskSpaceManager.swift in Sources */ = {isa = PBXBuildFile; fileRef = E2242B5C2ECF106300C867D4 /* PRDiskSpaceManager.swift */; };
		E2242BA92ECF106300C867D4 /* SimilarAnalyzer.swift in Sources */ = {isa = PBXBuildFile; fileRef = E2242B4D2ECF106300C867D4 /* SimilarAnalyzer.swift */; };
		E2242BAA2ECF106300C867D4 /* DialogDestination.swift in Sources */ = {isa = PBXBuildFile; fileRef = E2242AE52ECF106300C867D4 /* DialogDestination.swift */; };
		E2242BAB2ECF106300C867D4 /* PRAssetThumbnailProvider.swift in Sources */ = {isa = PBXBuildFile; fileRef = E2242B622ECF106300C867D4 /* PRAssetThumbnailProvider.swift */; };
		E2242BAE2ECF106300C867D4 /* DeviceUtils.swift in Sources */ = {isa = PBXBuildFile; fileRef = E2242B782ECF106300C867D4 /* DeviceUtils.swift */; };
		E2242BB02ECF106300C867D4 /* DeviceHelper.swift in Sources */ = {isa = PBXBuildFile; fileRef = E2242AF42ECF106300C867D4 /* DeviceHelper.swift */; };
		E2242BB12ECF106300C867D4 /* ProductManager.swift in Sources */ = {isa = PBXBuildFile; fileRef = E2242B712ECF106300C867D4 /* ProductManager.swift */; };
		E2242BB32ECF106300C867D4 /* PRPHAsset+Utils.swift in Sources */ = {isa = PBXBuildFile; fileRef = E2242B582ECF106300C867D4 /* PRPHAsset+Utils.swift */; };
		E2242BB82ECF106300C867D4 /* Functions.swift in Sources */ = {isa = PBXBuildFile; fileRef = E2242B792ECF106300C867D4 /* Functions.swift */; };
		E2242BB92ECF106300C867D4 /* SubscribeViewModel.swift in Sources */ = {isa = PBXBuildFile; fileRef = E2242B6D2ECF106300C867D4 /* SubscribeViewModel.swift */; };
		E2242BBB2ECF106300C867D4 /* IdfaUtils.swift in Sources */ = {isa = PBXBuildFile; fileRef = E2242B7A2ECF106300C867D4 /* IdfaUtils.swift */; };
		E2242BBC2ECF106300C867D4 /* UserManager.swift in Sources */ = {isa = PBXBuildFile; fileRef = E2242B092ECF106300C867D4 /* UserManager.swift */; };
		E2242BBD2ECF106300C867D4 /* AppInfo.swift in Sources */ = {isa = PBXBuildFile; fileRef = E2242AF22ECF106300C867D4 /* AppInfo.swift */; };
		E2242BC02ECF106300C867D4 /* PRChunkScheduler.swift in Sources */ = {isa = PBXBuildFile; fileRef = E2242B562ECF106300C867D4 /* PRChunkScheduler.swift */; };
		E2242BC32ECF106300C867D4 /* MailHelper.swift in Sources */ = {isa = PBXBuildFile; fileRef = E2242AF52ECF106300C867D4 /* MailHelper.swift */; };
		E2242BC52ECF106300C867D4 /* UserInfo.swift in Sources */ = {isa = PBXBuildFile; fileRef = E2242AFE2ECF106300C867D4 /* UserInfo.swift */; };
		E2242BC82ECF106300C867D4 /* DialogRegistry.swift in Sources */ = {isa = PBXBuildFile; fileRef = E2242AE62ECF106300C867D4 /* DialogRegistry.swift */; };
		E2242BCA2ECF106300C867D4 /* ATTrackingManager+Limit.m in Sources */ = {isa = PBXBuildFile; fileRef = E2242B012ECF106300C867D4 /* ATTrackingManager+Limit.m */; };
		E2242BCD2ECF106300C867D4 /* PRPhotoMapManager.swift in Sources */ = {isa = PBXBuildFile; fileRef = E2242B592ECF106300C867D4 /* PRPhotoMapManager.swift */; };
		E2242BCF2ECF106300C867D4 /* RouterPath.swift in Sources */ = {isa = PBXBuildFile; fileRef = E2242AE92ECF106300C867D4 /* RouterPath.swift */; };
		E2242BD22ECF106300C867D4 /* LLCachePath.swift in Sources */ = {isa = PBXBuildFile; fileRef = E2242AEE2ECF106300C867D4 /* LLCachePath.swift */; };
		E2242BD72ECF106300C867D4 /* Constants.swift in Sources */ = {isa = PBXBuildFile; fileRef = E2242AF32ECF106300C867D4 /* Constants.swift */; };
		E2242BD82ECF106300C867D4 /* ConfigManager.swift in Sources */ = {isa = PBXBuildFile; fileRef = E2242AF02ECF106300C867D4 /* ConfigManager.swift */; };
		E2242BDA2ECF106300C867D4 /* PRGroupMerge.swift in Sources */ = {isa = PBXBuildFile; fileRef = E2242B572ECF106300C867D4 /* PRGroupMerge.swift */; };
		E2242BDB2ECF106300C867D4 /* ScanAnimationModifier.swift in Sources */ = {isa = PBXBuildFile; fileRef = E2242B472ECF106300C867D4 /* ScanAnimationModifier.swift */; };
		E2242BDD2ECF106300C867D4 /* PRPhotoTypes.swift in Sources */ = {isa = PBXBuildFile; fileRef = E2242B5A2ECF106300C867D4 /* PRPhotoTypes.swift */; };
		E2242BDF2ECF106300C867D4 /* SubscribeResponseModel.swift in Sources */ = {isa = PBXBuildFile; fileRef = E2242AFD2ECF106300C867D4 /* SubscribeResponseModel.swift */; };
		E2242BE22ECF106300C867D4 /* MarketManager.swift in Sources */ = {isa = PBXBuildFile; fileRef = E2242B052ECF106300C867D4 /* MarketManager.swift */; };
		E2242BE32ECF106300C867D4 /* ReviewManager.swift in Sources */ = {isa = PBXBuildFile; fileRef = E2242AF62ECF106300C867D4 /* ReviewManager.swift */; };
		E2242BE42ECF106300C867D4 /* LargeVideoAnalyzer.swift in Sources */ = {isa = PBXBuildFile; fileRef = E2242B512ECF106300C867D4 /* LargeVideoAnalyzer.swift */; };
		E2242BE72ECF106300C867D4 /* ConfigModel.swift in Sources */ = {isa = PBXBuildFile; fileRef = E2242AFB2ECF106300C867D4 /* ConfigModel.swift */; };
		E2242C0D2ECF10B800C867D4 /* GradientCircularProgressView.swift in Sources */ = {isa = PBXBuildFile; fileRef = E2242BEE2ECF10B800C867D4 /* GradientCircularProgressView.swift */; };
		E2242C0E2ECF10B800C867D4 /* BottomSheet.swift in Sources */ = {isa = PBXBuildFile; fileRef = E2242BEA2ECF10B800C867D4 /* BottomSheet.swift */; };
		E2242C0F2ECF10B800C867D4 /* HomeBottomGestureModifier.swift in Sources */ = {isa = PBXBuildFile; fileRef = E2242BEF2ECF10B800C867D4 /* HomeBottomGestureModifier.swift */; };
		E2242C112ECF10B800C867D4 /* PRSettingPage.swift in Sources */ = {isa = PBXBuildFile; fileRef = E2242C092ECF10B800C867D4 /* PRSettingPage.swift */; };
		E2242C122ECF10B800C867D4 /* PRAlbumPermissionView.swift in Sources */ = {isa = PBXBuildFile; fileRef = E2242BFC2ECF10B800C867D4 /* PRAlbumPermissionView.swift */; };
		E2242C132ECF10B800C867D4 /* PRSettingSection.swift in Sources */ = {isa = PBXBuildFile; fileRef = E2242C0A2ECF10B800C867D4 /* PRSettingSection.swift */; };
		E2242C142ECF10B800C867D4 /* LaunchView.swift in Sources */ = {isa = PBXBuildFile; fileRef = E2242BF02ECF10B800C867D4 /* LaunchView.swift */; };
		E2242C152ECF10B800C867D4 /* MainTabView.swift in Sources */ = {isa = PBXBuildFile; fileRef = E2242C062ECF10B800C867D4 /* MainTabView.swift */; };
		E2242C162ECF10B800C867D4 /* MultiProgressBarView.swift in Sources */ = {isa = PBXBuildFile; fileRef = E2242BF42ECF10B800C867D4 /* MultiProgressBarView.swift */; };
		E2242C172ECF10B800C867D4 /* Modal.swift in Sources */ = {isa = PBXBuildFile; fileRef = E2242BF32ECF10B800C867D4 /* Modal.swift */; };
		E2242C182ECF10B800C867D4 /* PRAlertView.swift in Sources */ = {isa = PBXBuildFile; fileRef = E2242BFA2ECF10B800C867D4 /* PRAlertView.swift */; };
		E2242C192ECF10B800C867D4 /* PRGuideWelcomePage.swift in Sources */ = {isa = PBXBuildFile; fileRef = E2242BFF2ECF10B800C867D4 /* PRGuideWelcomePage.swift */; };
		E2242C1A2ECF10B800C867D4 /* AppViewModel.swift in Sources */ = {isa = PBXBuildFile; fileRef = E2242C042ECF10B800C867D4 /* AppViewModel.swift */; };
		E2242C1B2ECF10B800C867D4 /* PRHomeHUDView.swift in Sources */ = {isa = PBXBuildFile; fileRef = E2242C002ECF10B800C867D4 /* PRHomeHUDView.swift */; };
		E2242C1C2ECF10B800C867D4 /* DividerView.swift in Sources */ = {isa = PBXBuildFile; fileRef = E2242BED2ECF10B800C867D4 /* DividerView.swift */; };
		E2242C1D2ECF10B800C867D4 /* BlurView.swift in Sources */ = {isa = PBXBuildFile; fileRef = E2242BE92ECF10B800C867D4 /* BlurView.swift */; };
		E2242C1E2ECF10B800C867D4 /* MALottieView.swift in Sources */ = {isa = PBXBuildFile; fileRef = E2242BF22ECF10B800C867D4 /* MALottieView.swift */; };
		E2242C1F2ECF10B800C867D4 /* PRGuideViewModel.swift in Sources */ = {isa = PBXBuildFile; fileRef = E2242BFE2ECF10B800C867D4 /* PRGuideViewModel.swift */; };
		E2242C202ECF10B800C867D4 /* MainTabViewModel.swift in Sources */ = {isa = PBXBuildFile; fileRef = E2242C072ECF10B800C867D4 /* MainTabViewModel.swift */; };
		E2242C212ECF10B800C867D4 /* PRIDFAPageView.swift in Sources */ = {isa = PBXBuildFile; fileRef = E2242C012ECF10B800C867D4 /* PRIDFAPageView.swift */; };
		E2242C222ECF10B800C867D4 /* ProgressBarView.swift in Sources */ = {isa = PBXBuildFile; fileRef = E2242BF52ECF10B800C867D4 /* ProgressBarView.swift */; };
		E2242C232ECF10B800C867D4 /* PRGuidePage.swift in Sources */ = {isa = PBXBuildFile; fileRef = E2242BFD2ECF10B800C867D4 /* PRGuidePage.swift */; };
		E2242C252ECF10B800C867D4 /* LoadingView.swift in Sources */ = {isa = PBXBuildFile; fileRef = E2242BF12ECF10B800C867D4 /* LoadingView.swift */; };
		E2242C262ECF10B800C867D4 /* ThemeButton.swift in Sources */ = {isa = PBXBuildFile; fileRef = E2242BF72ECF10B800C867D4 /* ThemeButton.swift */; };
		E2242C272ECF10B800C867D4 /* CustomNavigationView.swift in Sources */ = {isa = PBXBuildFile; fileRef = E2242BEB2ECF10B800C867D4 /* CustomNavigationView.swift */; };
		E2242C282ECF10B800C867D4 /* AppView.swift in Sources */ = {isa = PBXBuildFile; fileRef = E2242C032ECF10B800C867D4 /* AppView.swift */; };
		E2242C292ECF10B800C867D4 /* ShareImageActivityView.swift in Sources */ = {isa = PBXBuildFile; fileRef = E2242BF62ECF10B800C867D4 /* ShareImageActivityView.swift */; };
		E2242C2C2ECF111600C867D4 /* PRCategoryHomePage.swift in Sources */ = {isa = PBXBuildFile; fileRef = E2242C2B2ECF111600C867D4 /* PRCategoryHomePage.swift */; };
		E2242C2E2ECF113200C867D4 /* PRCategoryHomeViewModel.swift in Sources */ = {isa = PBXBuildFile; fileRef = E2242C2D2ECF113200C867D4 /* PRCategoryHomeViewModel.swift */; };
		E2242C302ECF115300C867D4 /* PRDeleteFinishPage.swift in Sources */ = {isa = PBXBuildFile; fileRef = E2242C2F2ECF115300C867D4 /* PRDeleteFinishPage.swift */; };
		E2242C322ECF116B00C867D4 /* PRDoubleFeedPage.swift in Sources */ = {isa = PBXBuildFile; fileRef = E2242C312ECF116B00C867D4 /* PRDoubleFeedPage.swift */; };
		E2242C342ECF117F00C867D4 /* PRDoubleFeedViewModel.swift in Sources */ = {isa = PBXBuildFile; fileRef = E2242C332ECF117F00C867D4 /* PRDoubleFeedViewModel.swift */; };
		E2242C362ECF11AA00C867D4 /* PRDuplicatePage.swift in Sources */ = {isa = PBXBuildFile; fileRef = E2242C352ECF11AA00C867D4 /* PRDuplicatePage.swift */; };
		E2242C392ECF120700C867D4 /* PRHomeAuthorizationView.swift in Sources */ = {isa = PBXBuildFile; fileRef = E2242C382ECF120700C867D4 /* PRHomeAuthorizationView.swift */; };
		E2242C3B2ECF122A00C867D4 /* PRHomeHeaderView.swift in Sources */ = {isa = PBXBuildFile; fileRef = E2242C3A2ECF122A00C867D4 /* PRHomeHeaderView.swift */; };
		E2242C3D2ECF124800C867D4 /* PRHomeTopBar.swift in Sources */ = {isa = PBXBuildFile; fileRef = E2242C3C2ECF124800C867D4 /* PRHomeTopBar.swift */; };
		E2242C402ECF12EB00C867D4 /* PRSlideDetailPage.swift in Sources */ = {isa = PBXBuildFile; fileRef = E2242C3F2ECF12EB00C867D4 /* PRSlideDetailPage.swift */; };
		E2242C422ECF130900C867D4 /* PRSlidePage.swift in Sources */ = {isa = PBXBuildFile; fileRef = E2242C412ECF130900C867D4 /* PRSlidePage.swift */; };
		E2242C442ECF131B00C867D4 /* PRSlideViewModel.swift in Sources */ = {isa = PBXBuildFile; fileRef = E2242C432ECF131B00C867D4 /* PRSlideViewModel.swift */; };
		E2242C462ECF134B00C867D4 /* PRSlideCacheManager.swift in Sources */ = {isa = PBXBuildFile; fileRef = E2242C452ECF134B00C867D4 /* PRSlideCacheManager.swift */; };
		E2242C482ECF138100C867D4 /* TrashReviewAlertView.swift in Sources */ = {isa = PBXBuildFile; fileRef = E2242C472ECF138100C867D4 /* TrashReviewAlertView.swift */; };
		E2242C502ECF191B00C867D4 /* LaunchScreen.storyboard in Resources */ = {isa = PBXBuildFile; fileRef = E2242C4F2ECF191B00C867D4 /* LaunchScreen.storyboard */; };
/* End PBXBuildFile section */

/* Begin PBXFileReference section */
		1EB3197E2ED1978300884DD1 /* CustomPageView.swift */ = {isa = PBXFileReference; lastKnownFileType = sourcecode.swift; path = CustomPageView.swift; sourceTree = "<group>"; };
		1EB319802ED1A34200884DD1 /* BreathingModifier.swift */ = {isa = PBXFileReference; lastKnownFileType = sourcecode.swift; path = BreathingModifier.swift; sourceTree = "<group>"; };
		1EB31A012ED99DFD00884DD1 /* SubscribeSwitchPage.swift */ = {isa = PBXFileReference; lastKnownFileType = sourcecode.swift; path = SubscribeSwitchPage.swift; sourceTree = "<group>"; };
		1EB31A052ED9B91900884DD1 /* SubscribeNormalPage.swift */ = {isa = PBXFileReference; lastKnownFileType = sourcecode.swift; path = SubscribeNormalPage.swift; sourceTree = "<group>"; };
		1EB31A072ED9BBA600884DD1 /* SubscribeNormalCellView.swift */ = {isa = PBXFileReference; lastKnownFileType = sourcecode.swift; path = SubscribeNormalCellView.swift; sourceTree = "<group>"; };
		1EB31A092ED9C7F900884DD1 /* SubscribeListRequestModel.swift */ = {isa = PBXFileReference; lastKnownFileType = sourcecode.swift; path = SubscribeListRequestModel.swift; sourceTree = "<group>"; };
		1EB31A0B2ED9D48F00884DD1 /* SubscribeRandomBubble.swift */ = {isa = PBXFileReference; lastKnownFileType = sourcecode.swift; path = SubscribeRandomBubble.swift; sourceTree = "<group>"; };
		1EE8CBDD2EDA9AD40064F683 /* SSKeychain.h */ = {isa = PBXFileReference; lastKnownFileType = sourcecode.c.h; path = SSKeychain.h; sourceTree = "<group>"; };
		1EE8CBDE2EDA9AD40064F683 /* SSKeychain.m */ = {isa = PBXFileReference; lastKnownFileType = sourcecode.c.objc; path = SSKeychain.m; sourceTree = "<group>"; };
		1EE8CBDF2EDA9AD40064F683 /* SSKeychainQuery.h */ = {isa = PBXFileReference; lastKnownFileType = sourcecode.c.h; path = SSKeychainQuery.h; sourceTree = "<group>"; };
		1EE8CBE02EDA9AD40064F683 /* SSKeychainQuery.m */ = {isa = PBXFileReference; lastKnownFileType = sourcecode.c.objc; path = SSKeychainQuery.m; sourceTree = "<group>"; };
		1EE8CBE22EDA9AD40064F683 /* CommonAICuid.h */ = {isa = PBXFileReference; lastKnownFileType = sourcecode.c.h; path = CommonAICuid.h; sourceTree = "<group>"; };
		1EE8CBE32EDA9AD40064F683 /* CommonAICuid.mm */ = {isa = PBXFileReference; lastKnownFileType = sourcecode.cpp.objcpp; path = CommonAICuid.mm; sourceTree = "<group>"; };
		1EE8CBE42EDA9AD40064F683 /* CommonAICuidUtils.h */ = {isa = PBXFileReference; lastKnownFileType = sourcecode.c.h; path = CommonAICuidUtils.h; sourceTree = "<group>"; };
		1EE8CBE52EDA9AD40064F683 /* CommonAICuidUtils.m */ = {isa = PBXFileReference; lastKnownFileType = sourcecode.c.objc; path = CommonAICuidUtils.m; sourceTree = "<group>"; };
		1EE8CBE72EDA9AD40064F683 /* Animation+Extension.swift */ = {isa = PBXFileReference; lastKnownFileType = sourcecode.swift; path = "Animation+Extension.swift"; sourceTree = "<group>"; };
		1EE8CBE82EDA9AD40064F683 /* Array+Extension.swift */ = {isa = PBXFileReference; lastKnownFileType = sourcecode.swift; path = "Array+Extension.swift"; sourceTree = "<group>"; };
		1EE8CBE92EDA9AD40064F683 /* Bundle+Extension.swift */ = {isa = PBXFileReference; lastKnownFileType = sourcecode.swift; path = "Bundle+Extension.swift"; sourceTree = "<group>"; };
		1EE8CBEA2EDA9AD40064F683 /* Font+Extension.swift */ = {isa = PBXFileReference; lastKnownFileType = sourcecode.swift; path = "Font+Extension.swift"; sourceTree = "<group>"; };
		1EE8CBEC2EDA9AD40064F683 /* KeyboardPublishers.swift */ = {isa = PBXFileReference; lastKnownFileType = sourcecode.swift; path = KeyboardPublishers.swift; sourceTree = "<group>"; };
		1EE8CBED2EDA9AD40064F683 /* RotationPublihsers.swift */ = {isa = PBXFileReference; lastKnownFileType = sourcecode.swift; path = RotationPublihsers.swift; sourceTree = "<group>"; };
		1EE8CBEF2EDA9AD40064F683 /* DismissingKeyboardOnSwipe.swift */ = {isa = PBXFileReference; lastKnownFileType = sourcecode.swift; path = DismissingKeyboardOnSwipe.swift; sourceTree = "<group>"; };
		1EE8CBF02EDA9AD40064F683 /* OnReceiveChangeModifier.swift */ = {isa = PBXFileReference; lastKnownFileType = sourcecode.swift; path = OnReceiveChangeModifier.swift; sourceTree = "<group>"; };
		1EE8CBF12EDA9AD40064F683 /* StrokeModifier.swift */ = {isa = PBXFileReference; lastKnownFileType = sourcecode.swift; path = StrokeModifier.swift; sourceTree = "<group>"; };
		1EE8CBF22EDA9AD40064F683 /* ViewDurationTrackerModifier.swift */ = {isa = PBXFileReference; lastKnownFileType = sourcecode.swift; path = ViewDurationTrackerModifier.swift; sourceTree = "<group>"; };
		1EE8CBF42EDA9AD40064F683 /* Codable+Extension.swift */ = {isa = PBXFileReference; lastKnownFileType = sourcecode.swift; path = "Codable+Extension.swift"; sourceTree = "<group>"; };
		1EE8CBF52EDA9AD40064F683 /* Color+Extension.swift */ = {isa = PBXFileReference; lastKnownFileType = sourcecode.swift; path = "Color+Extension.swift"; sourceTree = "<group>"; };
		1EE8CBF62EDA9AD40064F683 /* Data+Extension.swift */ = {isa = PBXFileReference; lastKnownFileType = sourcecode.swift; path = "Data+Extension.swift"; sourceTree = "<group>"; };
		1EE8CBF72EDA9AD40064F683 /* Date+Extension.swift */ = {isa = PBXFileReference; lastKnownFileType = sourcecode.swift; path = "Date+Extension.swift"; sourceTree = "<group>"; };
		1EE8CBF82EDA9AD40064F683 /* Number+Extension.swift */ = {isa = PBXFileReference; lastKnownFileType = sourcecode.swift; path = "Number+Extension.swift"; sourceTree = "<group>"; };
		1EE8CBF92EDA9AD40064F683 /* String+Extension.swift */ = {isa = PBXFileReference; lastKnownFileType = sourcecode.swift; path = "String+Extension.swift"; sourceTree = "<group>"; };
		1EE8CBFA2EDA9AD40064F683 /* UIApplication+Extension.swift */ = {isa = PBXFileReference; lastKnownFileType = sourcecode.swift; path = "UIApplication+Extension.swift"; sourceTree = "<group>"; };
		1EE8CBFB2EDA9AD40064F683 /* UIImage+Extension.swift */ = {isa = PBXFileReference; lastKnownFileType = sourcecode.swift; path = "UIImage+Extension.swift"; sourceTree = "<group>"; };
		1EE8CBFC2EDA9AD40064F683 /* URL+Extension.swift */ = {isa = PBXFileReference; lastKnownFileType = sourcecode.swift; path = "URL+Extension.swift"; sourceTree = "<group>"; };
		1EE8CBFD2EDA9AD40064F683 /* View+Extension.swift */ = {isa = PBXFileReference; lastKnownFileType = sourcecode.swift; path = "View+Extension.swift"; sourceTree = "<group>"; };
		1EE8CBFF2EDA9AD40064F683 /* Alamofire+EventSource.swift */ = {isa = PBXFileReference; lastKnownFileType = sourcecode.swift; path = "Alamofire+EventSource.swift"; sourceTree = "<group>"; };
		1EE8CC002EDA9AD40064F683 /* PRDecodableEventSourceMessage.swift */ = {isa = PBXFileReference; lastKnownFileType = sourcecode.swift; path = PRDecodableEventSourceMessage.swift; sourceTree = "<group>"; };
		1EE8CC012EDA9AD40064F683 /* PRDecodableEventSourceSerializer.swift */ = {isa = PBXFileReference; lastKnownFileType = sourcecode.swift; path = PRDecodableEventSourceSerializer.swift; sourceTree = "<group>"; };
		1EE8CC022EDA9AD40064F683 /* PREventSourceMessage.swift */ = {isa = PBXFileReference; lastKnownFileType = sourcecode.swift; path = PREventSourceMessage.swift; sourceTree = "<group>"; };
		1EE8CC032EDA9AD40064F683 /* PREventSourceSerializer.swift */ = {isa = PBXFileReference; lastKnownFileType = sourcecode.swift; path = PREventSourceSerializer.swift; sourceTree = "<group>"; };
		1EE8CC072EDA9AD40064F683 /* PREnvironmentManager.swift */ = {isa = PBXFileReference; lastKnownFileType = sourcecode.swift; path = PREnvironmentManager.swift; sourceTree = "<group>"; };
		1EE8CC082EDA9AD40064F683 /* PRRequestHandlerInterceptor.swift */ = {isa = PBXFileReference; lastKnownFileType = sourcecode.swift; path = PRRequestHandlerInterceptor.swift; sourceTree = "<group>"; };
		1EE8CC092EDA9AD40064F683 /* PRRequestHandlerManager.swift */ = {isa = PBXFileReference; lastKnownFileType = sourcecode.swift; path = PRRequestHandlerManager.swift; sourceTree = "<group>"; };
		1EE8CC0A2EDA9AD40064F683 /* PRRequestHandlerNetworkManager+File.swift */ = {isa = PBXFileReference; lastKnownFileType = sourcecode.swift; path = "PRRequestHandlerNetworkManager+File.swift"; sourceTree = "<group>"; };
		1EE8CC0B2EDA9AD40064F683 /* PRRequestHandlerNetworkManager+Stream.swift */ = {isa = PBXFileReference; lastKnownFileType = sourcecode.swift; path = "PRRequestHandlerNetworkManager+Stream.swift"; sourceTree = "<group>"; };
		1EE8CC0C2EDA9AD40064F683 /* PRRequestHandlerObserver.swift */ = {isa = PBXFileReference; lastKnownFileType = sourcecode.swift; path = PRRequestHandlerObserver.swift; sourceTree = "<group>"; };
		1EE8CC0D2EDA9AD40064F683 /* PRRequestHandlerResponseModel.swift */ = {isa = PBXFileReference; lastKnownFileType = sourcecode.swift; path = PRRequestHandlerResponseModel.swift; sourceTree = "<group>"; };
		1EE8CC0E2EDA9AD40064F683 /* PRRequestHandlerSignUtils.swift */ = {isa = PBXFileReference; lastKnownFileType = sourcecode.swift; path = PRRequestHandlerSignUtils.swift; sourceTree = "<group>"; };
		1EE8CC102EDA9AD40064F683 /* PRNotifySubscriptionOrderModel.swift */ = {isa = PBXFileReference; lastKnownFileType = sourcecode.swift; path = PRNotifySubscriptionOrderModel.swift; sourceTree = "<group>"; };
		1EE8CC112EDA9AD40064F683 /* PRQuerySubscriptionOrderModel.swift */ = {isa = PBXFileReference; lastKnownFileType = sourcecode.swift; path = PRQuerySubscriptionOrderModel.swift; sourceTree = "<group>"; };
		1EE8CC122EDA9AD40064F683 /* PRSubmitSubscriptionOrderModel.swift */ = {isa = PBXFileReference; lastKnownFileType = sourcecode.swift; path = PRSubmitSubscriptionOrderModel.swift; sourceTree = "<group>"; };
		1EE8CC142EDA9AD40064F683 /* PROrderManager.swift */ = {isa = PBXFileReference; lastKnownFileType = sourcecode.swift; path = PROrderManager.swift; sourceTree = "<group>"; };
		1EE8CC152EDA9AD40064F683 /* PRPaymentProcessManager.swift */ = {isa = PBXFileReference; lastKnownFileType = sourcecode.swift; path = PRPaymentProcessManager.swift; sourceTree = "<group>"; };
		1EE8CC162EDA9AD40064F683 /* PRSubscriptionHelper.swift */ = {isa = PBXFileReference; lastKnownFileType = sourcecode.swift; path = PRSubscriptionHelper.swift; sourceTree = "<group>"; };
		1EE8CC462EDA9BDF0064F683 /* DuplicateAnalyzer.swift */ = {isa = PBXFileReference; lastKnownFileType = sourcecode.swift; path = DuplicateAnalyzer.swift; sourceTree = "<group>"; };
		1EE8CC482EDA9C030064F683 /* BlurryAnalyzer.swift */ = {isa = PBXFileReference; lastKnownFileType = sourcecode.swift; path = BlurryAnalyzer.swift; sourceTree = "<group>"; };
		1EE8CC4A2EDA9CDE0064F683 /* PRCacheSnapshots.swift */ = {isa = PBXFileReference; lastKnownFileType = sourcecode.swift; path = PRCacheSnapshots.swift; sourceTree = "<group>"; };
		54B11EDAB26DA07061FDB46F /* Pods-PhotosRefresher.release.xcconfig */ = {isa = PBXFileReference; includeInIndex = 1; lastKnownFileType = text.xcconfig; name = "Pods-PhotosRefresher.release.xcconfig"; path = "Target Support Files/Pods-PhotosRefresher/Pods-PhotosRefresher.release.xcconfig"; sourceTree = "<group>"; };
		82706355394F1BC1947124E7 /* Pods-PhotosRefresher.debug.xcconfig */ = {isa = PBXFileReference; includeInIndex = 1; lastKnownFileType = text.xcconfig; name = "Pods-PhotosRefresher.debug.xcconfig"; path = "Target Support Files/Pods-PhotosRefresher/Pods-PhotosRefresher.debug.xcconfig"; sourceTree = "<group>"; };
		BBAD029657EF5CC0B4D9A22E /* libPods-PhotosRefresher.a */ = {isa = PBXFileReference; explicitFileType = archive.ar; includeInIndex = 0; path = "libPods-PhotosRefresher.a"; sourceTree = BUILT_PRODUCTS_DIR; };
		E22428542ECEEB7E00C867D4 /* PhotosRefresher.app */ = {isa = PBXFileReference; explicitFileType = wrapper.application; includeInIndex = 0; path = PhotosRefresher.app; sourceTree = BUILT_PRODUCTS_DIR; };
		E2242A832ECEEE8400C867D4 /* Assets.xcassets */ = {isa = PBXFileReference; lastKnownFileType = folder.assetcatalog; path = Assets.xcassets; sourceTree = "<group>"; };
		E2242A862ECEEE8400C867D4 /* PhotosRefresherApp.swift */ = {isa = PBXFileReference; lastKnownFileType = sourcecode.swift; path = PhotosRefresherApp.swift; sourceTree = "<group>"; };
		E2242AE32ECF106300C867D4 /* AlertModal.swift */ = {isa = PBXFileReference; lastKnownFileType = sourcecode.swift; path = AlertModal.swift; sourceTree = "<group>"; };
		E2242AE52ECF106300C867D4 /* DialogDestination.swift */ = {isa = PBXFileReference; lastKnownFileType = sourcecode.swift; path = DialogDestination.swift; sourceTree = "<group>"; };
		E2242AE62ECF106300C867D4 /* DialogRegistry.swift */ = {isa = PBXFileReference; lastKnownFileType = sourcecode.swift; path = DialogRegistry.swift; sourceTree = "<group>"; };
		E2242AE82ECF106300C867D4 /* RouterDestination.swift */ = {isa = PBXFileReference; lastKnownFileType = sourcecode.swift; path = RouterDestination.swift; sourceTree = "<group>"; };
		E2242AE92ECF106300C867D4 /* RouterPath.swift */ = {isa = PBXFileReference; lastKnownFileType = sourcecode.swift; path = RouterPath.swift; sourceTree = "<group>"; };
		E2242AEA2ECF106300C867D4 /* RouterRegistry.swift */ = {isa = PBXFileReference; lastKnownFileType = sourcecode.swift; path = RouterRegistry.swift; sourceTree = "<group>"; };
		E2242AED2ECF106300C867D4 /* AppUserDefaults.swift */ = {isa = PBXFileReference; lastKnownFileType = sourcecode.swift; path = AppUserDefaults.swift; sourceTree = "<group>"; };
		E2242AEE2ECF106300C867D4 /* LLCachePath.swift */ = {isa = PBXFileReference; lastKnownFileType = sourcecode.swift; path = LLCachePath.swift; sourceTree = "<group>"; };
		E2242AF02ECF106300C867D4 /* ConfigManager.swift */ = {isa = PBXFileReference; lastKnownFileType = sourcecode.swift; path = ConfigManager.swift; sourceTree = "<group>"; };
		E2242AF22ECF106300C867D4 /* AppInfo.swift */ = {isa = PBXFileReference; lastKnownFileType = sourcecode.swift; path = AppInfo.swift; sourceTree = "<group>"; };
		E2242AF32ECF106300C867D4 /* Constants.swift */ = {isa = PBXFileReference; lastKnownFileType = sourcecode.swift; path = Constants.swift; sourceTree = "<group>"; };
		E2242AF42ECF106300C867D4 /* DeviceHelper.swift */ = {isa = PBXFileReference; lastKnownFileType = sourcecode.swift; path = DeviceHelper.swift; sourceTree = "<group>"; };
		E2242AF52ECF106300C867D4 /* MailHelper.swift */ = {isa = PBXFileReference; lastKnownFileType = sourcecode.swift; path = MailHelper.swift; sourceTree = "<group>"; };
		E2242AF62ECF106300C867D4 /* ReviewManager.swift */ = {isa = PBXFileReference; lastKnownFileType = sourcecode.swift; path = ReviewManager.swift; sourceTree = "<group>"; };
		E2242AF72ECF106300C867D4 /* UIState.swift */ = {isa = PBXFileReference; lastKnownFileType = sourcecode.swift; path = UIState.swift; sourceTree = "<group>"; };
		E2242AF92ECF106300C867D4 /* LocalizableManager.swift */ = {isa = PBXFileReference; lastKnownFileType = sourcecode.swift; path = LocalizableManager.swift; sourceTree = "<group>"; };
		E2242AFB2ECF106300C867D4 /* ConfigModel.swift */ = {isa = PBXFileReference; lastKnownFileType = sourcecode.swift; path = ConfigModel.swift; sourceTree = "<group>"; };
		E2242AFD2ECF106300C867D4 /* SubscribeResponseModel.swift */ = {isa = PBXFileReference; lastKnownFileType = sourcecode.swift; path = SubscribeResponseModel.swift; sourceTree = "<group>"; };
		E2242AFE2ECF106300C867D4 /* UserInfo.swift */ = {isa = PBXFileReference; lastKnownFileType = sourcecode.swift; path = UserInfo.swift; sourceTree = "<group>"; };
		E2242B002ECF106300C867D4 /* ATTrackingManager+Limit.h */ = {isa = PBXFileReference; lastKnownFileType = sourcecode.c.h; path = "ATTrackingManager+Limit.h"; sourceTree = "<group>"; };
		E2242B012ECF106300C867D4 /* ATTrackingManager+Limit.m */ = {isa = PBXFileReference; lastKnownFileType = sourcecode.c.objc; path = "ATTrackingManager+Limit.m"; sourceTree = "<group>"; };
		E2242B022ECF106300C867D4 /* PermissonsManager.swift */ = {isa = PBXFileReference; lastKnownFileType = sourcecode.swift; path = PermissonsManager.swift; sourceTree = "<group>"; };
		E2242B052ECF106300C867D4 /* MarketManager.swift */ = {isa = PBXFileReference; lastKnownFileType = sourcecode.swift; path = MarketManager.swift; sourceTree = "<group>"; };
		E2242B072ECF106300C867D4 /* GlobalOverlay.swift */ = {isa = PBXFileReference; lastKnownFileType = sourcecode.swift; path = GlobalOverlay.swift; sourceTree = "<group>"; };
		E2242B092ECF106300C867D4 /* UserManager.swift */ = {isa = PBXFileReference; lastKnownFileType = sourcecode.swift; path = UserManager.swift; sourceTree = "<group>"; };
		E2242B462ECF106300C867D4 /* CommonLoadingModify.swift */ = {isa = PBXFileReference; lastKnownFileType = sourcecode.swift; path = CommonLoadingModify.swift; sourceTree = "<group>"; };
		E2242B472ECF106300C867D4 /* ScanAnimationModifier.swift */ = {isa = PBXFileReference; lastKnownFileType = sourcecode.swift; path = ScanAnimationModifier.swift; sourceTree = "<group>"; };
		E2242B4D2ECF106300C867D4 /* SimilarAnalyzer.swift */ = {isa = PBXFileReference; lastKnownFileType = sourcecode.swift; path = SimilarAnalyzer.swift; sourceTree = "<group>"; };
		E2242B4F2ECF106300C867D4 /* TextAnalyzer.swift */ = {isa = PBXFileReference; lastKnownFileType = sourcecode.swift; path = TextAnalyzer.swift; sourceTree = "<group>"; };
		E2242B512ECF106300C867D4 /* LargeVideoAnalyzer.swift */ = {isa = PBXFileReference; lastKnownFileType = sourcecode.swift; path = LargeVideoAnalyzer.swift; sourceTree = "<group>"; };
		E2242B562ECF106300C867D4 /* PRChunkScheduler.swift */ = {isa = PBXFileReference; lastKnownFileType = sourcecode.swift; path = PRChunkScheduler.swift; sourceTree = "<group>"; };
		E2242B572ECF106300C867D4 /* PRGroupMerge.swift */ = {isa = PBXFileReference; lastKnownFileType = sourcecode.swift; path = PRGroupMerge.swift; sourceTree = "<group>"; };
		E2242B582ECF106300C867D4 /* PRPHAsset+Utils.swift */ = {isa = PBXFileReference; lastKnownFileType = sourcecode.swift; path = "PRPHAsset+Utils.swift"; sourceTree = "<group>"; };
		E2242B592ECF106300C867D4 /* PRPhotoMapManager.swift */ = {isa = PBXFileReference; lastKnownFileType = sourcecode.swift; path = PRPhotoMapManager.swift; sourceTree = "<group>"; };
		E2242B5A2ECF106300C867D4 /* PRPhotoTypes.swift */ = {isa = PBXFileReference; lastKnownFileType = sourcecode.swift; path = PRPhotoTypes.swift; sourceTree = "<group>"; };
		E2242B5C2ECF106300C867D4 /* PRDiskSpaceManager.swift */ = {isa = PBXFileReference; lastKnownFileType = sourcecode.swift; path = PRDiskSpaceManager.swift; sourceTree = "<group>"; };
		E2242B5E2ECF106300C867D4 /* AssetsHelper.swift */ = {isa = PBXFileReference; lastKnownFileType = sourcecode.swift; path = AssetsHelper.swift; sourceTree = "<group>"; };
		E2242B5F2ECF106300C867D4 /* Permissions+Alert.swift */ = {isa = PBXFileReference; lastKnownFileType = sourcecode.swift; path = "Permissions+Alert.swift"; sourceTree = "<group>"; };
		E2242B602ECF106300C867D4 /* PhotoMapHelpers.swift */ = {isa = PBXFileReference; lastKnownFileType = sourcecode.swift; path = PhotoMapHelpers.swift; sourceTree = "<group>"; };
		E2242B622ECF106300C867D4 /* PRAssetThumbnailProvider.swift */ = {isa = PBXFileReference; lastKnownFileType = sourcecode.swift; path = PRAssetThumbnailProvider.swift; sourceTree = "<group>"; };
		E2242B6D2ECF106300C867D4 /* SubscribeViewModel.swift */ = {isa = PBXFileReference; lastKnownFileType = sourcecode.swift; path = SubscribeViewModel.swift; sourceTree = "<group>"; };
		E2242B6F2ECF106300C867D4 /* SubscribeEntryView.swift */ = {isa = PBXFileReference; lastKnownFileType = sourcecode.swift; path = SubscribeEntryView.swift; sourceTree = "<group>"; };
		E2242B712ECF106300C867D4 /* ProductManager.swift */ = {isa = PBXFileReference; lastKnownFileType = sourcecode.swift; path = ProductManager.swift; sourceTree = "<group>"; };
		E2242B782ECF106300C867D4 /* DeviceUtils.swift */ = {isa = PBXFileReference; lastKnownFileType = sourcecode.swift; path = DeviceUtils.swift; sourceTree = "<group>"; };
		E2242B792ECF106300C867D4 /* Functions.swift */ = {isa = PBXFileReference; lastKnownFileType = sourcecode.swift; path = Functions.swift; sourceTree = "<group>"; };
		E2242B7A2ECF106300C867D4 /* IdfaUtils.swift */ = {isa = PBXFileReference; lastKnownFileType = sourcecode.swift; path = IdfaUtils.swift; sourceTree = "<group>"; };
		E2242B7D2ECF106300C867D4 /* Toast.swift */ = {isa = PBXFileReference; lastKnownFileType = sourcecode.swift; path = Toast.swift; sourceTree = "<group>"; };
		E2242BE92ECF10B800C867D4 /* BlurView.swift */ = {isa = PBXFileReference; lastKnownFileType = sourcecode.swift; path = BlurView.swift; sourceTree = "<group>"; };
		E2242BEA2ECF10B800C867D4 /* BottomSheet.swift */ = {isa = PBXFileReference; lastKnownFileType = sourcecode.swift; path = BottomSheet.swift; sourceTree = "<group>"; };
		E2242BEB2ECF10B800C867D4 /* CustomNavigationView.swift */ = {isa = PBXFileReference; lastKnownFileType = sourcecode.swift; path = CustomNavigationView.swift; sourceTree = "<group>"; };
		E2242BED2ECF10B800C867D4 /* DividerView.swift */ = {isa = PBXFileReference; lastKnownFileType = sourcecode.swift; path = DividerView.swift; sourceTree = "<group>"; };
		E2242BEE2ECF10B800C867D4 /* GradientCircularProgressView.swift */ = {isa = PBXFileReference; lastKnownFileType = sourcecode.swift; path = GradientCircularProgressView.swift; sourceTree = "<group>"; };
		E2242BEF2ECF10B800C867D4 /* HomeBottomGestureModifier.swift */ = {isa = PBXFileReference; lastKnownFileType = sourcecode.swift; path = HomeBottomGestureModifier.swift; sourceTree = "<group>"; };
		E2242BF02ECF10B800C867D4 /* LaunchView.swift */ = {isa = PBXFileReference; lastKnownFileType = sourcecode.swift; path = LaunchView.swift; sourceTree = "<group>"; };
		E2242BF12ECF10B800C867D4 /* LoadingView.swift */ = {isa = PBXFileReference; lastKnownFileType = sourcecode.swift; path = LoadingView.swift; sourceTree = "<group>"; };
		E2242BF22ECF10B800C867D4 /* MALottieView.swift */ = {isa = PBXFileReference; lastKnownFileType = sourcecode.swift; path = MALottieView.swift; sourceTree = "<group>"; };
		E2242BF32ECF10B800C867D4 /* Modal.swift */ = {isa = PBXFileReference; lastKnownFileType = sourcecode.swift; path = Modal.swift; sourceTree = "<group>"; };
		E2242BF42ECF10B800C867D4 /* MultiProgressBarView.swift */ = {isa = PBXFileReference; lastKnownFileType = sourcecode.swift; path = MultiProgressBarView.swift; sourceTree = "<group>"; };
		E2242BF52ECF10B800C867D4 /* ProgressBarView.swift */ = {isa = PBXFileReference; lastKnownFileType = sourcecode.swift; path = ProgressBarView.swift; sourceTree = "<group>"; };
		E2242BF62ECF10B800C867D4 /* ShareImageActivityView.swift */ = {isa = PBXFileReference; lastKnownFileType = sourcecode.swift; path = ShareImageActivityView.swift; sourceTree = "<group>"; };
		E2242BF72ECF10B800C867D4 /* ThemeButton.swift */ = {isa = PBXFileReference; lastKnownFileType = sourcecode.swift; path = ThemeButton.swift; sourceTree = "<group>"; };
		E2242BFA2ECF10B800C867D4 /* PRAlertView.swift */ = {isa = PBXFileReference; lastKnownFileType = sourcecode.swift; path = PRAlertView.swift; sourceTree = "<group>"; };
		E2242BFC2ECF10B800C867D4 /* PRAlbumPermissionView.swift */ = {isa = PBXFileReference; lastKnownFileType = sourcecode.swift; path = PRAlbumPermissionView.swift; sourceTree = "<group>"; };
		E2242BFD2ECF10B800C867D4 /* PRGuidePage.swift */ = {isa = PBXFileReference; lastKnownFileType = sourcecode.swift; path = PRGuidePage.swift; sourceTree = "<group>"; };
		E2242BFE2ECF10B800C867D4 /* PRGuideViewModel.swift */ = {isa = PBXFileReference; lastKnownFileType = sourcecode.swift; path = PRGuideViewModel.swift; sourceTree = "<group>"; };
		E2242BFF2ECF10B800C867D4 /* PRGuideWelcomePage.swift */ = {isa = PBXFileReference; lastKnownFileType = sourcecode.swift; path = PRGuideWelcomePage.swift; sourceTree = "<group>"; };
		E2242C002ECF10B800C867D4 /* PRHomeHUDView.swift */ = {isa = PBXFileReference; lastKnownFileType = sourcecode.swift; path = PRHomeHUDView.swift; sourceTree = "<group>"; };
		E2242C012ECF10B800C867D4 /* PRIDFAPageView.swift */ = {isa = PBXFileReference; lastKnownFileType = sourcecode.swift; path = PRIDFAPageView.swift; sourceTree = "<group>"; };
		E2242C032ECF10B800C867D4 /* AppView.swift */ = {isa = PBXFileReference; lastKnownFileType = sourcecode.swift; path = AppView.swift; sourceTree = "<group>"; };
		E2242C042ECF10B800C867D4 /* AppViewModel.swift */ = {isa = PBXFileReference; lastKnownFileType = sourcecode.swift; path = AppViewModel.swift; sourceTree = "<group>"; };
		E2242C062ECF10B800C867D4 /* MainTabView.swift */ = {isa = PBXFileReference; lastKnownFileType = sourcecode.swift; path = MainTabView.swift; sourceTree = "<group>"; };
		E2242C072ECF10B800C867D4 /* MainTabViewModel.swift */ = {isa = PBXFileReference; lastKnownFileType = sourcecode.swift; path = MainTabViewModel.swift; sourceTree = "<group>"; };
		E2242C092ECF10B800C867D4 /* PRSettingPage.swift */ = {isa = PBXFileReference; lastKnownFileType = sourcecode.swift; path = PRSettingPage.swift; sourceTree = "<group>"; };
		E2242C0A2ECF10B800C867D4 /* PRSettingSection.swift */ = {isa = PBXFileReference; lastKnownFileType = sourcecode.swift; path = PRSettingSection.swift; sourceTree = "<group>"; };
		E2242C2B2ECF111600C867D4 /* PRCategoryHomePage.swift */ = {isa = PBXFileReference; lastKnownFileType = sourcecode.swift; path = PRCategoryHomePage.swift; sourceTree = "<group>"; };
		E2242C2D2ECF113200C867D4 /* PRCategoryHomeViewModel.swift */ = {isa = PBXFileReference; lastKnownFileType = sourcecode.swift; path = PRCategoryHomeViewModel.swift; sourceTree = "<group>"; };
		E2242C2F2ECF115300C867D4 /* PRDeleteFinishPage.swift */ = {isa = PBXFileReference; lastKnownFileType = sourcecode.swift; path = PRDeleteFinishPage.swift; sourceTree = "<group>"; };
		E2242C312ECF116B00C867D4 /* PRDoubleFeedPage.swift */ = {isa = PBXFileReference; lastKnownFileType = sourcecode.swift; path = PRDoubleFeedPage.swift; sourceTree = "<group>"; };
		E2242C332ECF117F00C867D4 /* PRDoubleFeedViewModel.swift */ = {isa = PBXFileReference; lastKnownFileType = sourcecode.swift; path = PRDoubleFeedViewModel.swift; sourceTree = "<group>"; };
		E2242C352ECF11AA00C867D4 /* PRDuplicatePage.swift */ = {isa = PBXFileReference; lastKnownFileType = sourcecode.swift; path = PRDuplicatePage.swift; sourceTree = "<group>"; };
		E2242C382ECF120700C867D4 /* PRHomeAuthorizationView.swift */ = {isa = PBXFileReference; lastKnownFileType = sourcecode.swift; path = PRHomeAuthorizationView.swift; sourceTree = "<group>"; };
		E2242C3A2ECF122A00C867D4 /* PRHomeHeaderView.swift */ = {isa = PBXFileReference; lastKnownFileType = sourcecode.swift; path = PRHomeHeaderView.swift; sourceTree = "<group>"; };
		E2242C3C2ECF124800C867D4 /* PRHomeTopBar.swift */ = {isa = PBXFileReference; lastKnownFileType = sourcecode.swift; path = PRHomeTopBar.swift; sourceTree = "<group>"; };
		E2242C3F2ECF12EB00C867D4 /* PRSlideDetailPage.swift */ = {isa = PBXFileReference; lastKnownFileType = sourcecode.swift; path = PRSlideDetailPage.swift; sourceTree = "<group>"; };
		E2242C412ECF130900C867D4 /* PRSlidePage.swift */ = {isa = PBXFileReference; lastKnownFileType = sourcecode.swift; path = PRSlidePage.swift; sourceTree = "<group>"; };
		E2242C432ECF131B00C867D4 /* PRSlideViewModel.swift */ = {isa = PBXFileReference; lastKnownFileType = sourcecode.swift; path = PRSlideViewModel.swift; sourceTree = "<group>"; };
		E2242C452ECF134B00C867D4 /* PRSlideCacheManager.swift */ = {isa = PBXFileReference; lastKnownFileType = sourcecode.swift; path = PRSlideCacheManager.swift; sourceTree = "<group>"; };
		E2242C472ECF138100C867D4 /* TrashReviewAlertView.swift */ = {isa = PBXFileReference; lastKnownFileType = sourcecode.swift; path = TrashReviewAlertView.swift; sourceTree = "<group>"; };
		E2242C492ECF13E400C867D4 /* PR-Bridging-Header.h */ = {isa = PBXFileReference; lastKnownFileType = sourcecode.c.h; path = "PR-Bridging-Header.h"; sourceTree = "<group>"; };
		E2242C4D2ECF166600C867D4 /* Info.plist */ = {isa = PBXFileReference; lastKnownFileType = text.plist.xml; path = Info.plist; sourceTree = "<group>"; };
		E2242C4F2ECF191B00C867D4 /* LaunchScreen.storyboard */ = {isa = PBXFileReference; lastKnownFileType = file.storyboard; path = LaunchScreen.storyboard; sourceTree = "<group>"; };
		E2242C602ED5E1B300C867D4 /* PhotosRefresher.entitlements */ = {isa = PBXFileReference; lastKnownFileType = text.plist.entitlements; path = PhotosRefresher.entitlements; sourceTree = "<group>"; };
/* End PBXFileReference section */

/* Begin PBXFileSystemSynchronizedRootGroup section */
		E2242ACC2ECEEFE100C867D4 /* Resources */ = {
			isa = PBXFileSystemSynchronizedRootGroup;
			path = Resources;
			sourceTree = "<group>";
		};
/* End PBXFileSystemSynchronizedRootGroup section */

/* Begin PBXFrameworksBuildPhase section */
		E22428512ECEEB7E00C867D4 /* Frameworks */ = {
			isa = PBXFrameworksBuildPhase;
			buildActionMask = 2147483647;
			files = (
				99AD6478D10F5531774B1F4A /* libPods-PhotosRefresher.a in Frameworks */,
			);
			runOnlyForDeploymentPostprocessing = 0;
		};
/* End PBXFrameworksBuildPhase section */

/* Begin PBXGroup section */
		1EB31A002ED99DD600884DD1 /* View */ = {
			isa = PBXGroup;
			children = (
				E2242B6F2ECF106300C867D4 /* SubscribeEntryView.swift */,
				1EB31A012ED99DFD00884DD1 /* SubscribeSwitchPage.swift */,
				1EB31A052ED9B91900884DD1 /* SubscribeNormalPage.swift */,
				1EB31A072ED9BBA600884DD1 /* SubscribeNormalCellView.swift */,
				1EB31A0B2ED9D48F00884DD1 /* SubscribeRandomBubble.swift */,
			);
			path = View;
			sourceTree = "<group>";
		};
		1EB31A032ED99F4F00884DD1 /* ViewModel */ = {
			isa = PBXGroup;
			children = (
				E2242B712ECF106300C867D4 /* ProductManager.swift */,
				E2242B6D2ECF106300C867D4 /* SubscribeViewModel.swift */,
			);
			path = ViewModel;
			sourceTree = "<group>";
		};
		1EB31A042ED99F5500884DD1 /* Model */ = {
			isa = PBXGroup;
			children = (
				E2242AFD2ECF106300C867D4 /* SubscribeResponseModel.swift */,
				1EB31A092ED9C7F900884DD1 /* SubscribeListRequestModel.swift */,
			);
			path = Model;
			sourceTree = "<group>";
		};
		1EE8CBE12EDA9AD40064F683 /* Keychain */ = {
			isa = PBXGroup;
			children = (
				1EE8CBDD2EDA9AD40064F683 /* SSKeychain.h */,
				1EE8CBDE2EDA9AD40064F683 /* SSKeychain.m */,
				1EE8CBDF2EDA9AD40064F683 /* SSKeychainQuery.h */,
				1EE8CBE02EDA9AD40064F683 /* SSKeychainQuery.m */,
			);
			path = Keychain;
			sourceTree = "<group>";
		};
		1EE8CBE62EDA9AD40064F683 /* Device */ = {
			isa = PBXGroup;
			children = (
				1EE8CBE12EDA9AD40064F683 /* Keychain */,
				1EE8CBE22EDA9AD40064F683 /* CommonAICuid.h */,
				1EE8CBE32EDA9AD40064F683 /* CommonAICuid.mm */,
				1EE8CBE42EDA9AD40064F683 /* CommonAICuidUtils.h */,
				1EE8CBE52EDA9AD40064F683 /* CommonAICuidUtils.m */,
			);
			path = Device;
			sourceTree = "<group>";
		};
		1EE8CBEB2EDA9AD40064F683 /* business */ = {
			isa = PBXGroup;
			children = (
				1EE8CBE72EDA9AD40064F683 /* Animation+Extension.swift */,
				1EE8CBE82EDA9AD40064F683 /* Array+Extension.swift */,
				1EE8CBE92EDA9AD40064F683 /* Bundle+Extension.swift */,
				1EE8CBEA2EDA9AD40064F683 /* Font+Extension.swift */,
			);
			path = business;
			sourceTree = "<group>";
		};
		1EE8CBEE2EDA9AD40064F683 /* Publishers */ = {
			isa = PBXGroup;
			children = (
				1EE8CBEC2EDA9AD40064F683 /* KeyboardPublishers.swift */,
				1EE8CBED2EDA9AD40064F683 /* RotationPublihsers.swift */,
			);
			path = Publishers;
			sourceTree = "<group>";
		};
		1EE8CBF32EDA9AD40064F683 /* ViewModifiers */ = {
			isa = PBXGroup;
			children = (
				1EE8CBEF2EDA9AD40064F683 /* DismissingKeyboardOnSwipe.swift */,
				1EE8CBF02EDA9AD40064F683 /* OnReceiveChangeModifier.swift */,
				1EE8CBF12EDA9AD40064F683 /* StrokeModifier.swift */,
				1EE8CBF22EDA9AD40064F683 /* ViewDurationTrackerModifier.swift */,
			);
			path = ViewModifiers;
			sourceTree = "<group>";
		};
		1EE8CBFE2EDA9AD40064F683 /* Extensions */ = {
			isa = PBXGroup;
			children = (
				1EE8CBEB2EDA9AD40064F683 /* business */,
				1EE8CBEE2EDA9AD40064F683 /* Publishers */,
				1EE8CBF32EDA9AD40064F683 /* ViewModifiers */,
				1EE8CBF42EDA9AD40064F683 /* Codable+Extension.swift */,
				1EE8CBF52EDA9AD40064F683 /* Color+Extension.swift */,
				1EE8CBF62EDA9AD40064F683 /* Data+Extension.swift */,
				1EE8CBF72EDA9AD40064F683 /* Date+Extension.swift */,
				1EE8CBF82EDA9AD40064F683 /* Number+Extension.swift */,
				1EE8CBF92EDA9AD40064F683 /* String+Extension.swift */,
				1EE8CBFA2EDA9AD40064F683 /* UIApplication+Extension.swift */,
				1EE8CBFB2EDA9AD40064F683 /* UIImage+Extension.swift */,
				1EE8CBFC2EDA9AD40064F683 /* URL+Extension.swift */,
				1EE8CBFD2EDA9AD40064F683 /* View+Extension.swift */,
			);
			path = Extensions;
			sourceTree = "<group>";
		};
		1EE8CC042EDA9AD40064F683 /* EventSource */ = {
			isa = PBXGroup;
			children = (
				1EE8CBFF2EDA9AD40064F683 /* Alamofire+EventSource.swift */,
				1EE8CC002EDA9AD40064F683 /* PRDecodableEventSourceMessage.swift */,
				1EE8CC012EDA9AD40064F683 /* PRDecodableEventSourceSerializer.swift */,
				1EE8CC022EDA9AD40064F683 /* PREventSourceMessage.swift */,
				1EE8CC032EDA9AD40064F683 /* PREventSourceSerializer.swift */,
			);
			path = EventSource;
			sourceTree = "<group>";
		};
		1EE8CC0F2EDA9AD40064F683 /* NetworkManager */ = {
			isa = PBXGroup;
			children = (
				1EE8CC042EDA9AD40064F683 /* EventSource */,
				1EE8CC072EDA9AD40064F683 /* PREnvironmentManager.swift */,
				1EE8CC082EDA9AD40064F683 /* PRRequestHandlerInterceptor.swift */,
				1EE8CC092EDA9AD40064F683 /* PRRequestHandlerManager.swift */,
				1EE8CC0A2EDA9AD40064F683 /* PRRequestHandlerNetworkManager+File.swift */,
				1EE8CC0B2EDA9AD40064F683 /* PRRequestHandlerNetworkManager+Stream.swift */,
				1EE8CC0C2EDA9AD40064F683 /* PRRequestHandlerObserver.swift */,
				1EE8CC0D2EDA9AD40064F683 /* PRRequestHandlerResponseModel.swift */,
				1EE8CC0E2EDA9AD40064F683 /* PRRequestHandlerSignUtils.swift */,
			);
			path = NetworkManager;
			sourceTree = "<group>";
		};
		1EE8CC132EDA9AD40064F683 /* PRSubscriptionModels */ = {
			isa = PBXGroup;
			children = (
				1EE8CC102EDA9AD40064F683 /* PRNotifySubscriptionOrderModel.swift */,
				1EE8CC112EDA9AD40064F683 /* PRQuerySubscriptionOrderModel.swift */,
				1EE8CC122EDA9AD40064F683 /* PRSubmitSubscriptionOrderModel.swift */,
			);
			path = PRSubscriptionModels;
			sourceTree = "<group>";
		};
		1EE8CC172EDA9AD40064F683 /* PRPay */ = {
			isa = PBXGroup;
			children = (
				1EE8CC132EDA9AD40064F683 /* PRSubscriptionModels */,
				1EE8CC142EDA9AD40064F683 /* PROrderManager.swift */,
				1EE8CC152EDA9AD40064F683 /* PRPaymentProcessManager.swift */,
				1EE8CC162EDA9AD40064F683 /* PRSubscriptionHelper.swift */,
			);
			path = PRPay;
			sourceTree = "<group>";
		};
		1EE8CC182EDA9AD40064F683 /* CoreSDK */ = {
			isa = PBXGroup;
			children = (
				1EE8CBE62EDA9AD40064F683 /* Device */,
				1EE8CBFE2EDA9AD40064F683 /* Extensions */,
				1EE8CC0F2EDA9AD40064F683 /* NetworkManager */,
				1EE8CC172EDA9AD40064F683 /* PRPay */,
			);
			path = CoreSDK;
			sourceTree = "<group>";
		};
		76339BC64290C80C44CC8E03 /* Frameworks */ = {
			isa = PBXGroup;
			children = (
				BBAD029657EF5CC0B4D9A22E /* libPods-PhotosRefresher.a */,
			);
			name = Frameworks;
			sourceTree = "<group>";
		};
		E224284B2ECEEB7E00C867D4 = {
			isa = PBXGroup;
			children = (
				E2242A872ECEEE8400C867D4 /* PhotosRefresher */,
				E22428552ECEEB7E00C867D4 /* Products */,
				E41BB5081F8D1C81768BF3CF /* Pods */,
				76339BC64290C80C44CC8E03 /* Frameworks */,
			);
			sourceTree = "<group>";
		};
		E22428552ECEEB7E00C867D4 /* Products */ = {
			isa = PBXGroup;
			children = (
				E22428542ECEEB7E00C867D4 /* PhotosRefresher.app */,
			);
			name = Products;
			sourceTree = "<group>";
		};
		E2242A872ECEEE8400C867D4 /* PhotosRefresher */ = {
			isa = PBXGroup;
			children = (
				1EE8CC182EDA9AD40064F683 /* CoreSDK */,
				E2242C602ED5E1B300C867D4 /* PhotosRefresher.entitlements */,
				E2242B0B2ECF106300C867D4 /* Business */,
				E2242B482ECF106300C867D4 /* Modify */,
				E2242B642ECF106300C867D4 /* PhotoAnalyzer */,
				E2242B772ECF106300C867D4 /* Subs */,
				E2242B7E2ECF106300C867D4 /* Utils */,
				E2242C0C2ECF10B800C867D4 /* Views */,
				E2242ACC2ECEEFE100C867D4 /* Resources */,
				E2242A832ECEEE8400C867D4 /* Assets.xcassets */,
				E2242C492ECF13E400C867D4 /* PR-Bridging-Header.h */,
				E2242C4F2ECF191B00C867D4 /* LaunchScreen.storyboard */,
				E2242A862ECEEE8400C867D4 /* PhotosRefresherApp.swift */,
				E2242C4D2ECF166600C867D4 /* Info.plist */,
			);
			path = PhotosRefresher;
			sourceTree = "<group>";
		};
		E2242AE42ECF106300C867D4 /* Models */ = {
			isa = PBXGroup;
			children = (
				E2242AE32ECF106300C867D4 /* AlertModal.swift */,
			);
			path = Models;
			sourceTree = "<group>";
		};
		E2242AE72ECF106300C867D4 /* Dialog */ = {
			isa = PBXGroup;
			children = (
				E2242AE42ECF106300C867D4 /* Models */,
				E2242AE52ECF106300C867D4 /* DialogDestination.swift */,
				E2242AE62ECF106300C867D4 /* DialogRegistry.swift */,
			);
			path = Dialog;
			sourceTree = "<group>";
		};
		E2242AEB2ECF106300C867D4 /* Router */ = {
			isa = PBXGroup;
			children = (
				E2242AE82ECF106300C867D4 /* RouterDestination.swift */,
				E2242AE92ECF106300C867D4 /* RouterPath.swift */,
				E2242AEA2ECF106300C867D4 /* RouterRegistry.swift */,
			);
			path = Router;
			sourceTree = "<group>";
		};
		E2242AEC2ECF106300C867D4 /* AppRegistry */ = {
			isa = PBXGroup;
			children = (
				E2242AE72ECF106300C867D4 /* Dialog */,
				E2242AEB2ECF106300C867D4 /* Router */,
			);
			path = AppRegistry;
			sourceTree = "<group>";
		};
		E2242AEF2ECF106300C867D4 /* Cache */ = {
			isa = PBXGroup;
			children = (
				E2242AED2ECF106300C867D4 /* AppUserDefaults.swift */,
				E2242AEE2ECF106300C867D4 /* LLCachePath.swift */,
			);
			path = Cache;
			sourceTree = "<group>";
		};
		E2242AF12ECF106300C867D4 /* Config */ = {
			isa = PBXGroup;
			children = (
				E2242AF02ECF106300C867D4 /* ConfigManager.swift */,
			);
			path = Config;
			sourceTree = "<group>";
		};
		E2242AF82ECF106300C867D4 /* Global */ = {
			isa = PBXGroup;
			children = (
				E2242AF22ECF106300C867D4 /* AppInfo.swift */,
				E2242AF32ECF106300C867D4 /* Constants.swift */,
				E2242AF42ECF106300C867D4 /* DeviceHelper.swift */,
				E2242AF52ECF106300C867D4 /* MailHelper.swift */,
				E2242AF62ECF106300C867D4 /* ReviewManager.swift */,
				E2242AF72ECF106300C867D4 /* UIState.swift */,
			);
			path = Global;
			sourceTree = "<group>";
		};
		E2242AFA2ECF106300C867D4 /* Localizable */ = {
			isa = PBXGroup;
			children = (
				E2242AF92ECF106300C867D4 /* LocalizableManager.swift */,
			);
			path = Localizable;
			sourceTree = "<group>";
		};
		E2242AFF2ECF106300C867D4 /* Network */ = {
			isa = PBXGroup;
			children = (
				E2242AFB2ECF106300C867D4 /* ConfigModel.swift */,
				E2242AFE2ECF106300C867D4 /* UserInfo.swift */,
			);
			path = Network;
			sourceTree = "<group>";
		};
		E2242B032ECF106300C867D4 /* Permissons */ = {
			isa = PBXGroup;
			children = (
				E2242B002ECF106300C867D4 /* ATTrackingManager+Limit.h */,
				E2242B012ECF106300C867D4 /* ATTrackingManager+Limit.m */,
				E2242B022ECF106300C867D4 /* PermissonsManager.swift */,
			);
			path = Permissons;
			sourceTree = "<group>";
		};
		E2242B062ECF106300C867D4 /* Report */ = {
			isa = PBXGroup;
			children = (
				E2242B052ECF106300C867D4 /* MarketManager.swift */,
			);
			path = Report;
			sourceTree = "<group>";
		};
		E2242B082ECF106300C867D4 /* Tool */ = {
			isa = PBXGroup;
			children = (
				E2242B072ECF106300C867D4 /* GlobalOverlay.swift */,
			);
			path = Tool;
			sourceTree = "<group>";
		};
		E2242B0A2ECF106300C867D4 /* User */ = {
			isa = PBXGroup;
			children = (
				E2242B092ECF106300C867D4 /* UserManager.swift */,
			);
			path = User;
			sourceTree = "<group>";
		};
		E2242B0B2ECF106300C867D4 /* Business */ = {
			isa = PBXGroup;
			children = (
				E2242AEC2ECF106300C867D4 /* AppRegistry */,
				E2242AEF2ECF106300C867D4 /* Cache */,
				E2242AF12ECF106300C867D4 /* Config */,
				E2242AF82ECF106300C867D4 /* Global */,
				E2242AFA2ECF106300C867D4 /* Localizable */,
				E2242AFF2ECF106300C867D4 /* Network */,
				E2242B032ECF106300C867D4 /* Permissons */,
				E2242B062ECF106300C867D4 /* Report */,
				E2242B082ECF106300C867D4 /* Tool */,
				E2242B0A2ECF106300C867D4 /* User */,
			);
			path = Business;
			sourceTree = "<group>";
		};
		E2242B482ECF106300C867D4 /* Modify */ = {
			isa = PBXGroup;
			children = (
				E2242B462ECF106300C867D4 /* CommonLoadingModify.swift */,
				E2242B472ECF106300C867D4 /* ScanAnimationModifier.swift */,
				1EB319802ED1A34200884DD1 /* BreathingModifier.swift */,
			);
			path = Modify;
			sourceTree = "<group>";
		};
		E2242B4A2ECF106300C867D4 /* blurry */ = {
			isa = PBXGroup;
			children = (
				1EE8CC482EDA9C030064F683 /* BlurryAnalyzer.swift */,
			);
			path = blurry;
			sourceTree = "<group>";
		};
		E2242B4C2ECF106300C867D4 /* duplicate */ = {
			isa = PBXGroup;
			children = (
				1EE8CC462EDA9BDF0064F683 /* DuplicateAnalyzer.swift */,
			);
			path = duplicate;
			sourceTree = "<group>";
		};
		E2242B4E2ECF106300C867D4 /* similarity */ = {
			isa = PBXGroup;
			children = (
				E2242B4D2ECF106300C867D4 /* SimilarAnalyzer.swift */,
			);
			path = similarity;
			sourceTree = "<group>";
		};
		E2242B502ECF106300C867D4 /* text */ = {
			isa = PBXGroup;
			children = (
				E2242B4F2ECF106300C867D4 /* TextAnalyzer.swift */,
			);
			path = text;
			sourceTree = "<group>";
		};
		E2242B522ECF106300C867D4 /* video */ = {
			isa = PBXGroup;
			children = (
				E2242B512ECF106300C867D4 /* LargeVideoAnalyzer.swift */,
			);
			path = video;
			sourceTree = "<group>";
		};
		E2242B532ECF106300C867D4 /* analyzers */ = {
			isa = PBXGroup;
			children = (
				E2242B4A2ECF106300C867D4 /* blurry */,
				E2242B4C2ECF106300C867D4 /* duplicate */,
				E2242B4E2ECF106300C867D4 /* similarity */,
				E2242B502ECF106300C867D4 /* text */,
				E2242B522ECF106300C867D4 /* video */,
			);
			path = analyzers;
			sourceTree = "<group>";
		};
		E2242B552ECF106300C867D4 /* cache */ = {
			isa = PBXGroup;
			children = (
				1EE8CC4A2EDA9CDE0064F683 /* PRCacheSnapshots.swift */,
			);
			path = cache;
			sourceTree = "<group>";
		};
		E2242B5B2ECF106300C867D4 /* core */ = {
			isa = PBXGroup;
			children = (
				E2242B562ECF106300C867D4 /* PRChunkScheduler.swift */,
				E2242B572ECF106300C867D4 /* PRGroupMerge.swift */,
				E2242B582ECF106300C867D4 /* PRPHAsset+Utils.swift */,
				E2242B592ECF106300C867D4 /* PRPhotoMapManager.swift */,
				E2242B5A2ECF106300C867D4 /* PRPhotoTypes.swift */,
			);
			path = core;
			sourceTree = "<group>";
		};
		E2242B5D2ECF106300C867D4 /* system */ = {
			isa = PBXGroup;
			children = (
				E2242B5C2ECF106300C867D4 /* PRDiskSpaceManager.swift */,
			);
			path = system;
			sourceTree = "<group>";
		};
		E2242B612ECF106300C867D4 /* helpers */ = {
			isa = PBXGroup;
			children = (
				E2242B5D2ECF106300C867D4 /* system */,
				E2242B5E2ECF106300C867D4 /* AssetsHelper.swift */,
				E2242B5F2ECF106300C867D4 /* Permissions+Alert.swift */,
				E2242B602ECF106300C867D4 /* PhotoMapHelpers.swift */,
			);
			path = helpers;
			sourceTree = "<group>";
		};
		E2242B632ECF106300C867D4 /* ui */ = {
			isa = PBXGroup;
			children = (
				E2242B622ECF106300C867D4 /* PRAssetThumbnailProvider.swift */,
			);
			path = ui;
			sourceTree = "<group>";
		};
		E2242B642ECF106300C867D4 /* PhotoAnalyzer */ = {
			isa = PBXGroup;
			children = (
				E2242B532ECF106300C867D4 /* analyzers */,
				E2242B552ECF106300C867D4 /* cache */,
				E2242B5B2ECF106300C867D4 /* core */,
				E2242B612ECF106300C867D4 /* helpers */,
				E2242B632ECF106300C867D4 /* ui */,
			);
			path = PhotoAnalyzer;
			sourceTree = "<group>";
		};
		E2242B772ECF106300C867D4 /* Subs */ = {
			isa = PBXGroup;
			children = (
				1EB31A042ED99F5500884DD1 /* Model */,
				1EB31A032ED99F4F00884DD1 /* ViewModel */,
				1EB31A002ED99DD600884DD1 /* View */,
			);
			path = Subs;
			sourceTree = "<group>";
		};
		E2242B7E2ECF106300C867D4 /* Utils */ = {
			isa = PBXGroup;
			children = (
				E2242B782ECF106300C867D4 /* DeviceUtils.swift */,
				E2242B792ECF106300C867D4 /* Functions.swift */,
				E2242B7A2ECF106300C867D4 /* IdfaUtils.swift */,
				E2242B7D2ECF106300C867D4 /* Toast.swift */,
			);
			path = Utils;
			sourceTree = "<group>";
		};
		E2242BF92ECF10B800C867D4 /* Common */ = {
			isa = PBXGroup;
			children = (
				E2242BE92ECF10B800C867D4 /* BlurView.swift */,
				E2242BEA2ECF10B800C867D4 /* BottomSheet.swift */,
				E2242BEB2ECF10B800C867D4 /* CustomNavigationView.swift */,
				E2242BED2ECF10B800C867D4 /* DividerView.swift */,
				E2242BEE2ECF10B800C867D4 /* GradientCircularProgressView.swift */,
				E2242BEF2ECF10B800C867D4 /* HomeBottomGestureModifier.swift */,
				E2242BF02ECF10B800C867D4 /* LaunchView.swift */,
				E2242BF12ECF10B800C867D4 /* LoadingView.swift */,
				E2242BF22ECF10B800C867D4 /* MALottieView.swift */,
				E2242BF32ECF10B800C867D4 /* Modal.swift */,
				E2242BF42ECF10B800C867D4 /* MultiProgressBarView.swift */,
				E2242BF52ECF10B800C867D4 /* ProgressBarView.swift */,
				E2242BF62ECF10B800C867D4 /* ShareImageActivityView.swift */,
				E2242BF72ECF10B800C867D4 /* ThemeButton.swift */,
			);
			path = Common;
			sourceTree = "<group>";
		};
		E2242BFB2ECF10B800C867D4 /* Dialog */ = {
			isa = PBXGroup;
			children = (
				E2242BFA2ECF10B800C867D4 /* PRAlertView.swift */,
			);
			path = Dialog;
			sourceTree = "<group>";
		};
		E2242C022ECF10B800C867D4 /* Guide */ = {
			isa = PBXGroup;
			children = (
				E2242BFC2ECF10B800C867D4 /* PRAlbumPermissionView.swift */,
				E2242BFD2ECF10B800C867D4 /* PRGuidePage.swift */,
				E2242BFE2ECF10B800C867D4 /* PRGuideViewModel.swift */,
				E2242BFF2ECF10B800C867D4 /* PRGuideWelcomePage.swift */,
				E2242C002ECF10B800C867D4 /* PRHomeHUDView.swift */,
				E2242C012ECF10B800C867D4 /* PRIDFAPageView.swift */,
			);
			path = Guide;
			sourceTree = "<group>";
		};
		E2242C052ECF10B800C867D4 /* Launch */ = {
			isa = PBXGroup;
			children = (
				E2242C032ECF10B800C867D4 /* AppView.swift */,
				E2242C042ECF10B800C867D4 /* AppViewModel.swift */,
			);
			path = Launch;
			sourceTree = "<group>";
		};
		E2242C082ECF10B800C867D4 /* MainTab */ = {
			isa = PBXGroup;
			children = (
				E2242C062ECF10B800C867D4 /* MainTabView.swift */,
				E2242C072ECF10B800C867D4 /* MainTabViewModel.swift */,
			);
			path = MainTab;
			sourceTree = "<group>";
		};
		E2242C0B2ECF10B800C867D4 /* Setting */ = {
			isa = PBXGroup;
			children = (
				E2242C092ECF10B800C867D4 /* PRSettingPage.swift */,
				E2242C0A2ECF10B800C867D4 /* PRSettingSection.swift */,
			);
			path = Setting;
			sourceTree = "<group>";
		};
		E2242C0C2ECF10B800C867D4 /* Views */ = {
			isa = PBXGroup;
			children = (
				E2242C3E2ECF12BD00C867D4 /* Slide */,
				E2242C2A2ECF10E200C867D4 /* Clean */,
				E2242BF92ECF10B800C867D4 /* Common */,
				E2242BFB2ECF10B800C867D4 /* Dialog */,
				E2242C022ECF10B800C867D4 /* Guide */,
				E2242C052ECF10B800C867D4 /* Launch */,
				E2242C082ECF10B800C867D4 /* MainTab */,
				E2242C0B2ECF10B800C867D4 /* Setting */,
			);
			path = Views;
			sourceTree = "<group>";
		};
		E2242C2A2ECF10E200C867D4 /* Clean */ = {
			isa = PBXGroup;
			children = (
				E2242C372ECF11EF00C867D4 /* Views */,
				E2242C2B2ECF111600C867D4 /* PRCategoryHomePage.swift */,
				E2242C2D2ECF113200C867D4 /* PRCategoryHomeViewModel.swift */,
				E2242C2F2ECF115300C867D4 /* PRDeleteFinishPage.swift */,
				E2242C312ECF116B00C867D4 /* PRDoubleFeedPage.swift */,
				E2242C332ECF117F00C867D4 /* PRDoubleFeedViewModel.swift */,
				E2242C352ECF11AA00C867D4 /* PRDuplicatePage.swift */,
			);
			path = Clean;
			sourceTree = "<group>";
		};
		E2242C372ECF11EF00C867D4 /* Views */ = {
			isa = PBXGroup;
			children = (
				E2242C382ECF120700C867D4 /* PRHomeAuthorizationView.swift */,
				E2242C3A2ECF122A00C867D4 /* PRHomeHeaderView.swift */,
				E2242C3C2ECF124800C867D4 /* PRHomeTopBar.swift */,
			);
			path = Views;
			sourceTree = "<group>";
		};
		E2242C3E2ECF12BD00C867D4 /* Slide */ = {
			isa = PBXGroup;
			children = (
				E2242C3F2ECF12EB00C867D4 /* PRSlideDetailPage.swift */,
				E2242C412ECF130900C867D4 /* PRSlidePage.swift */,
				E2242C432ECF131B00C867D4 /* PRSlideViewModel.swift */,
				E2242C452ECF134B00C867D4 /* PRSlideCacheManager.swift */,
				E2242C472ECF138100C867D4 /* TrashReviewAlertView.swift */,
				1EB3197E2ED1978300884DD1 /* CustomPageView.swift */,
			);
			path = Slide;
			sourceTree = "<group>";
		};
		E41BB5081F8D1C81768BF3CF /* Pods */ = {
			isa = PBXGroup;
			children = (
				82706355394F1BC1947124E7 /* Pods-PhotosRefresher.debug.xcconfig */,
				54B11EDAB26DA07061FDB46F /* Pods-PhotosRefresher.release.xcconfig */,
			);
			path = Pods;
			sourceTree = "<group>";
		};
/* End PBXGroup section */

/* Begin PBXNativeTarget section */
		E22428532ECEEB7E00C867D4 /* PhotosRefresher */ = {
			isa = PBXNativeTarget;
			buildConfigurationList = E22428602ECEEB7E00C867D4 /* Build configuration list for PBXNativeTarget "PhotosRefresher" */;
			buildPhases = (
				87DC494B86C0AA6283C5567A /* [CP] Check Pods Manifest.lock */,
				E22428502ECEEB7E00C867D4 /* Sources */,
				E22428512ECEEB7E00C867D4 /* Frameworks */,
				E22428522ECEEB7E00C867D4 /* Resources */,
				E72B4B9AAF36C8016F600329 /* [CP] Copy Pods Resources */,
			);
			buildRules = (
			);
			dependencies = (
			);
			fileSystemSynchronizedGroups = (
				E2242ACC2ECEEFE100C867D4 /* Resources */,
			);
			name = PhotosRefresher;
			productName = PhotosRefresher;
			productReference = E22428542ECEEB7E00C867D4 /* PhotosRefresher.app */;
			productType = "com.apple.product-type.application";
		};
/* End PBXNativeTarget section */

/* Begin PBXProject section */
		E224284C2ECEEB7E00C867D4 /* Project object */ = {
			isa = PBXProject;
			attributes = {
				BuildIndependentTargetsInParallel = 1;
				CLASSPREFIX = PR;
				LastSwiftUpdateCheck = 1640;
				LastUpgradeCheck = 1640;
				TargetAttributes = {
					E22428532ECEEB7E00C867D4 = {
						CreatedOnToolsVersion = 16.4;
					};
				};
			};
			buildConfigurationList = E224284F2ECEEB7E00C867D4 /* Build configuration list for PBXProject "PhotosRefresher" */;
			developmentRegion = en;
			hasScannedForEncodings = 0;
			knownRegions = (
				en,
				Base,
			);
			mainGroup = E224284B2ECEEB7E00C867D4;
			minimizedProjectReferenceProxies = 1;
			preferredProjectObjectVersion = 77;
			productRefGroup = E22428552ECEEB7E00C867D4 /* Products */;
			projectDirPath = "";
			projectRoot = "";
			targets = (
				E22428532ECEEB7E00C867D4 /* PhotosRefresher */,
			);
		};
/* End PBXProject section */

/* Begin PBXResourcesBuildPhase section */
		E22428522ECEEB7E00C867D4 /* Resources */ = {
			isa = PBXResourcesBuildPhase;
			buildActionMask = 2147483647;
			files = (
				E2242C502ECF191B00C867D4 /* LaunchScreen.storyboard in Resources */,
				E2242A882ECEEE8400C867D4 /* Assets.xcassets in Resources */,
			);
			runOnlyForDeploymentPostprocessing = 0;
		};
/* End PBXResourcesBuildPhase section */

/* Begin PBXShellScriptBuildPhase section */
		87DC494B86C0AA6283C5567A /* [CP] Check Pods Manifest.lock */ = {
			isa = PBXShellScriptBuildPhase;
			buildActionMask = 2147483647;
			files = (
			);
			inputFileListPaths = (
			);
			inputPaths = (
				"${PODS_PODFILE_DIR_PATH}/Podfile.lock",
				"${PODS_ROOT}/Manifest.lock",
			);
			name = "[CP] Check Pods Manifest.lock";
			outputFileListPaths = (
			);
			outputPaths = (
				"$(DERIVED_FILE_DIR)/Pods-PhotosRefresher-checkManifestLockResult.txt",
			);
			runOnlyForDeploymentPostprocessing = 0;
			shellPath = /bin/sh;
			shellScript = "diff \"${PODS_PODFILE_DIR_PATH}/Podfile.lock\" \"${PODS_ROOT}/Manifest.lock\" > /dev/null\nif [ $? != 0 ] ; then\n    # print error to STDERR\n    echo \"error: The sandbox is not in sync with the Podfile.lock. Run 'pod install' or update your CocoaPods installation.\" >&2\n    exit 1\nfi\n# This output is used by Xcode 'outputs' to avoid re-running this script phase.\necho \"SUCCESS\" > \"${SCRIPT_OUTPUT_FILE_0}\"\n";
			showEnvVarsInLog = 0;
		};
		E72B4B9AAF36C8016F600329 /* [CP] Copy Pods Resources */ = {
			isa = PBXShellScriptBuildPhase;
			buildActionMask = 2147483647;
			files = (
			);
			inputFileListPaths = (
				"${PODS_ROOT}/Target Support Files/Pods-PhotosRefresher/Pods-PhotosRefresher-resources-${CONFIGURATION}-input-files.xcfilelist",
			);
			inputPaths = (
			);
			name = "[CP] Copy Pods Resources";
			outputFileListPaths = (
				"${PODS_ROOT}/Target Support Files/Pods-PhotosRefresher/Pods-PhotosRefresher-resources-${CONFIGURATION}-output-files.xcfilelist",
			);
			outputPaths = (
			);
			runOnlyForDeploymentPostprocessing = 0;
			shellPath = /bin/sh;
			shellScript = "\"${PODS_ROOT}/Target Support Files/Pods-PhotosRefresher/Pods-PhotosRefresher-resources.sh\"\n";
			showEnvVarsInLog = 0;
		};
/* End PBXShellScriptBuildPhase section */

/* Begin PBXSourcesBuildPhase section */
		E22428502ECEEB7E00C867D4 /* Sources */ = {
			isa = PBXSourcesBuildPhase;
			buildActionMask = 2147483647;
			files = (
				E2242A982ECEEE8400C867D4 /* PhotosRefresherApp.swift in Sources */,
				1EB31A062ED9B91900884DD1 /* SubscribeNormalPage.swift in Sources */,
				E2242B822ECF106300C867D4 /* Toast.swift in Sources */,
				E2242B842ECF106300C867D4 /* AssetsHelper.swift in Sources */,
				E2242C3B2ECF122A00C867D4 /* PRHomeHeaderView.swift in Sources */,
				E2242B862ECF106300C867D4 /* AlertModal.swift in Sources */,
				E2242C342ECF117F00C867D4 /* PRDoubleFeedViewModel.swift in Sources */,
				E2242C0D2ECF10B800C867D4 /* GradientCircularProgressView.swift in Sources */,
				E2242C0E2ECF10B800C867D4 /* BottomSheet.swift in Sources */,
				E2242C0F2ECF10B800C867D4 /* HomeBottomGestureModifier.swift in Sources */,
				E2242C112ECF10B800C867D4 /* PRSettingPage.swift in Sources */,
				E2242C122ECF10B800C867D4 /* PRAlbumPermissionView.swift in Sources */,
				E2242C132ECF10B800C867D4 /* PRSettingSection.swift in Sources */,
				E2242C142ECF10B800C867D4 /* LaunchView.swift in Sources */,
				E2242C152ECF10B800C867D4 /* MainTabView.swift in Sources */,
				E2242C162ECF10B800C867D4 /* MultiProgressBarView.swift in Sources */,
				E2242C2C2ECF111600C867D4 /* PRCategoryHomePage.swift in Sources */,
				E2242C172ECF10B800C867D4 /* Modal.swift in Sources */,
				E2242C182ECF10B800C867D4 /* PRAlertView.swift in Sources */,
				E2242C192ECF10B800C867D4 /* PRGuideWelcomePage.swift in Sources */,
				E2242C1A2ECF10B800C867D4 /* AppViewModel.swift in Sources */,
				E2242C422ECF130900C867D4 /* PRSlidePage.swift in Sources */,
				E2242C402ECF12EB00C867D4 /* PRSlideDetailPage.swift in Sources */,
				E2242C1B2ECF10B800C867D4 /* PRHomeHUDView.swift in Sources */,
				E2242C1C2ECF10B800C867D4 /* DividerView.swift in Sources */,
				E2242C1D2ECF10B800C867D4 /* BlurView.swift in Sources */,
				E2242C1E2ECF10B800C867D4 /* MALottieView.swift in Sources */,
				E2242C1F2ECF10B800C867D4 /* PRGuideViewModel.swift in Sources */,
				E2242C202ECF10B800C867D4 /* MainTabViewModel.swift in Sources */,
				1EB31A082ED9BBA600884DD1 /* SubscribeNormalCellView.swift in Sources */,
				E2242C212ECF10B800C867D4 /* PRIDFAPageView.swift in Sources */,
				E2242C222ECF10B800C867D4 /* ProgressBarView.swift in Sources */,
				E2242C232ECF10B800C867D4 /* PRGuidePage.swift in Sources */,
				E2242C252ECF10B800C867D4 /* LoadingView.swift in Sources */,
				E2242C322ECF116B00C867D4 /* PRDoubleFeedPage.swift in Sources */,
				1EE8CC472EDA9BDF0064F683 /* DuplicateAnalyzer.swift in Sources */,
				E2242C462ECF134B00C867D4 /* PRSlideCacheManager.swift in Sources */,
				E2242C262ECF10B800C867D4 /* ThemeButton.swift in Sources */,
				E2242C272ECF10B800C867D4 /* CustomNavigationView.swift in Sources */,
				E2242C282ECF10B800C867D4 /* AppView.swift in Sources */,
				E2242C292ECF10B800C867D4 /* ShareImageActivityView.swift in Sources */,
				E2242B8A2ECF106300C867D4 /* RouterRegistry.swift in Sources */,
				E2242B8B2ECF106300C867D4 /* UIState.swift in Sources */,
				1EB31A0A2ED9C7F900884DD1 /* SubscribeListRequestModel.swift in Sources */,
				E2242B8F2ECF106300C867D4 /* Permissions+Alert.swift in Sources */,
				E2242B902ECF106300C867D4 /* PermissonsManager.swift in Sources */,
				E2242B922ECF106300C867D4 /* SubscribeEntryView.swift in Sources */,
				E2242B932ECF106300C867D4 /* TextAnalyzer.swift in Sources */,
				E2242B942ECF106300C867D4 /* GlobalOverlay.swift in Sources */,
				E2242B9A2ECF106300C867D4 /* LocalizableManager.swift in Sources */,
				E2242C442ECF131B00C867D4 /* PRSlideViewModel.swift in Sources */,
				E2242B9D2ECF106300C867D4 /* AppUserDefaults.swift in Sources */,
				E2242BA12ECF106300C867D4 /* RouterDestination.swift in Sources */,
				E2242BA32ECF106300C867D4 /* CommonLoadingModify.swift in Sources */,
				E2242BA42ECF106300C867D4 /* PhotoMapHelpers.swift in Sources */,
				E2242BA72ECF106300C867D4 /* PRDiskSpaceManager.swift in Sources */,
				E2242BA92ECF106300C867D4 /* SimilarAnalyzer.swift in Sources */,
				E2242BAA2ECF106300C867D4 /* DialogDestination.swift in Sources */,
				E2242C3D2ECF124800C867D4 /* PRHomeTopBar.swift in Sources */,
				E2242BAB2ECF106300C867D4 /* PRAssetThumbnailProvider.swift in Sources */,
				E2242BAE2ECF106300C867D4 /* DeviceUtils.swift in Sources */,
				E2242BB02ECF106300C867D4 /* DeviceHelper.swift in Sources */,
				E2242BB12ECF106300C867D4 /* ProductManager.swift in Sources */,
				E2242BB32ECF106300C867D4 /* PRPHAsset+Utils.swift in Sources */,
				1EB3197F2ED1978300884DD1 /* CustomPageView.swift in Sources */,
				E2242BB82ECF106300C867D4 /* Functions.swift in Sources */,
				E2242BB92ECF106300C867D4 /* SubscribeViewModel.swift in Sources */,
				1EB319812ED1A34200884DD1 /* BreathingModifier.swift in Sources */,
				E2242BBB2ECF106300C867D4 /* IdfaUtils.swift in Sources */,
				E2242BBC2ECF106300C867D4 /* UserManager.swift in Sources */,
				E2242C392ECF120700C867D4 /* PRHomeAuthorizationView.swift in Sources */,
				E2242BBD2ECF106300C867D4 /* AppInfo.swift in Sources */,
				E2242BC02ECF106300C867D4 /* PRChunkScheduler.swift in Sources */,
				1EE8CC192EDA9AD50064F683 /* PROrderManager.swift in Sources */,
				1EE8CC1A2EDA9AD50064F683 /* PREnvironmentManager.swift in Sources */,
				1EE8CC1B2EDA9AD50064F683 /* DismissingKeyboardOnSwipe.swift in Sources */,
				1EE8CC1D2EDA9AD50064F683 /* OnReceiveChangeModifier.swift in Sources */,
				1EE8CC1E2EDA9AD50064F683 /* PRRequestHandlerResponseModel.swift in Sources */,
				1EE8CC492EDA9C030064F683 /* BlurryAnalyzer.swift in Sources */,
				1EE8CC1F2EDA9AD50064F683 /* PRRequestHandlerSignUtils.swift in Sources */,
				1EE8CC202EDA9AD50064F683 /* PRQuerySubscriptionOrderModel.swift in Sources */,
				1EE8CC212EDA9AD50064F683 /* Date+Extension.swift in Sources */,
				1EE8CC222EDA9AD50064F683 /* PRRequestHandlerInterceptor.swift in Sources */,
				1EE8CC232EDA9AD50064F683 /* Array+Extension.swift in Sources */,
				1EE8CC242EDA9AD50064F683 /* Data+Extension.swift in Sources */,
				1EE8CC252EDA9AD50064F683 /* View+Extension.swift in Sources */,
				1EE8CC262EDA9AD50064F683 /* PREventSourceMessage.swift in Sources */,
				1EE8CC272EDA9AD50064F683 /* PRDecodableEventSourceMessage.swift in Sources */,
				1EE8CC282EDA9AD50064F683 /* PREventSourceSerializer.swift in Sources */,
				1EE8CC292EDA9AD50064F683 /* PRRequestHandlerManager.swift in Sources */,
				1EE8CC2A2EDA9AD50064F683 /* PRNotifySubscriptionOrderModel.swift in Sources */,
				1EE8CC2B2EDA9AD50064F683 /* PRRequestHandlerObserver.swift in Sources */,
				1EE8CC2C2EDA9AD50064F683 /* SSKeychain.m in Sources */,
				1EE8CC2D2EDA9AD50064F683 /* CommonAICuidUtils.m in Sources */,
				1EE8CC2E2EDA9AD50064F683 /* PRRequestHandlerNetworkManager+File.swift in Sources */,
				1EE8CC2F2EDA9AD50064F683 /* Animation+Extension.swift in Sources */,
				1EE8CC302EDA9AD50064F683 /* Bundle+Extension.swift in Sources */,
				1EE8CC312EDA9AD50064F683 /* RotationPublihsers.swift in Sources */,
				1EE8CC322EDA9AD50064F683 /* StrokeModifier.swift in Sources */,
				1EE8CC332EDA9AD50064F683 /* PRRequestHandlerNetworkManager+Stream.swift in Sources */,
				1EE8CC342EDA9AD50064F683 /* Font+Extension.swift in Sources */,
				1EE8CC352EDA9AD50064F683 /* CommonAICuid.mm in Sources */,
				1EE8CC362EDA9AD50064F683 /* Color+Extension.swift in Sources */,
				1EE8CC382EDA9AD50064F683 /* SSKeychainQuery.m in Sources */,
				1EE8CC392EDA9AD50064F683 /* PRDecodableEventSourceSerializer.swift in Sources */,
				1EE8CC3A2EDA9AD50064F683 /* String+Extension.swift in Sources */,
				1EE8CC3B2EDA9AD50064F683 /* UIApplication+Extension.swift in Sources */,
				1EE8CC3C2EDA9AD50064F683 /* URL+Extension.swift in Sources */,
				1EE8CC3D2EDA9AD50064F683 /* UIImage+Extension.swift in Sources */,
				1EE8CC3E2EDA9AD50064F683 /* Codable+Extension.swift in Sources */,
				1EE8CC3F2EDA9AD50064F683 /* KeyboardPublishers.swift in Sources */,
				1EE8CC402EDA9AD50064F683 /* PRSubscriptionHelper.swift in Sources */,
				1EE8CC412EDA9AD50064F683 /* Number+Extension.swift in Sources */,
				1EE8CC422EDA9AD50064F683 /* PRSubmitSubscriptionOrderModel.swift in Sources */,
				1EE8CC432EDA9AD50064F683 /* Alamofire+EventSource.swift in Sources */,
				1EE8CC442EDA9AD50064F683 /* ViewDurationTrackerModifier.swift in Sources */,
				1EE8CC452EDA9AD50064F683 /* PRPaymentProcessManager.swift in Sources */,
				E2242C302ECF115300C867D4 /* PRDeleteFinishPage.swift in Sources */,
				1EE8CC4B2EDA9CDE0064F683 /* PRCacheSnapshots.swift in Sources */,
				E2242C362ECF11AA00C867D4 /* PRDuplicatePage.swift in Sources */,
				E2242BC32ECF106300C867D4 /* MailHelper.swift in Sources */,
				1EB31A0C2ED9D48F00884DD1 /* SubscribeRandomBubble.swift in Sources */,
				E2242BC52ECF106300C867D4 /* UserInfo.swift in Sources */,
				E2242BC82ECF106300C867D4 /* DialogRegistry.swift in Sources */,
				E2242BCA2ECF106300C867D4 /* ATTrackingManager+Limit.m in Sources */,
				E2242BCD2ECF106300C867D4 /* PRPhotoMapManager.swift in Sources */,
				E2242BCF2ECF106300C867D4 /* RouterPath.swift in Sources */,
				E2242BD22ECF106300C867D4 /* LLCachePath.swift in Sources */,
				E2242BD72ECF106300C867D4 /* Constants.swift in Sources */,
				E2242BD82ECF106300C867D4 /* ConfigManager.swift in Sources */,
				E2242BDA2ECF106300C867D4 /* PRGroupMerge.swift in Sources */,
				E2242BDB2ECF106300C867D4 /* ScanAnimationModifier.swift in Sources */,
				E2242BDD2ECF106300C867D4 /* PRPhotoTypes.swift in Sources */,
				E2242BDF2ECF106300C867D4 /* SubscribeResponseModel.swift in Sources */,
				1EB31A022ED99DFD00884DD1 /* SubscribeSwitchPage.swift in Sources */,
				E2242BE22ECF106300C867D4 /* MarketManager.swift in Sources */,
				E2242BE32ECF106300C867D4 /* ReviewManager.swift in Sources */,
				E2242BE42ECF106300C867D4 /* LargeVideoAnalyzer.swift in Sources */,
				E2242C2E2ECF113200C867D4 /* PRCategoryHomeViewModel.swift in Sources */,
				E2242BE72ECF106300C867D4 /* ConfigModel.swift in Sources */,
				E2242C482ECF138100C867D4 /* TrashReviewAlertView.swift in Sources */,
			);
			runOnlyForDeploymentPostprocessing = 0;
		};
/* End PBXSourcesBuildPhase section */

/* Begin XCBuildConfiguration section */
		E224285E2ECEEB7E00C867D4 /* Debug */ = {
			isa = XCBuildConfiguration;
			buildSettings = {
				ALWAYS_SEARCH_USER_PATHS = NO;
				ASSETCATALOG_COMPILER_GENERATE_SWIFT_ASSET_SYMBOL_EXTENSIONS = YES;
				CLANG_ANALYZER_NONNULL = YES;
				CLANG_ANALYZER_NUMBER_OBJECT_CONVERSION = YES_AGGRESSIVE;
				CLANG_CXX_LANGUAGE_STANDARD = "gnu++20";
				CLANG_ENABLE_MODULES = YES;
				CLANG_ENABLE_OBJC_ARC = YES;
				CLANG_ENABLE_OBJC_WEAK = YES;
				CLANG_WARN_BLOCK_CAPTURE_AUTORELEASING = YES;
				CLANG_WARN_BOOL_CONVERSION = YES;
				CLANG_WARN_COMMA = YES;
				CLANG_WARN_CONSTANT_CONVERSION = YES;
				CLANG_WARN_DEPRECATED_OBJC_IMPLEMENTATIONS = YES;
				CLANG_WARN_DIRECT_OBJC_ISA_USAGE = YES_ERROR;
				CLANG_WARN_DOCUMENTATION_COMMENTS = YES;
				CLANG_WARN_EMPTY_BODY = YES;
				CLANG_WARN_ENUM_CONVERSION = YES;
				CLANG_WARN_INFINITE_RECURSION = YES;
				CLANG_WARN_INT_CONVERSION = YES;
				CLANG_WARN_NON_LITERAL_NULL_CONVERSION = YES;
				CLANG_WARN_OBJC_IMPLICIT_RETAIN_SELF = YES;
				CLANG_WARN_OBJC_LITERAL_CONVERSION = YES;
				CLANG_WARN_OBJC_ROOT_CLASS = YES_ERROR;
				CLANG_WARN_QUOTED_INCLUDE_IN_FRAMEWORK_HEADER = YES;
				CLANG_WARN_RANGE_LOOP_ANALYSIS = YES;
				CLANG_WARN_STRICT_PROTOTYPES = YES;
				CLANG_WARN_SUSPICIOUS_MOVE = YES;
				CLANG_WARN_UNGUARDED_AVAILABILITY = YES_AGGRESSIVE;
				CLANG_WARN_UNREACHABLE_CODE = YES;
				CLANG_WARN__DUPLICATE_METHOD_MATCH = YES;
				COPY_PHASE_STRIP = NO;
				DEBUG_INFORMATION_FORMAT = dwarf;
				ENABLE_STRICT_OBJC_MSGSEND = YES;
				ENABLE_TESTABILITY = YES;
				ENABLE_USER_SCRIPT_SANDBOXING = YES;
				GCC_C_LANGUAGE_STANDARD = gnu17;
				GCC_DYNAMIC_NO_PIC = NO;
				GCC_NO_COMMON_BLOCKS = YES;
				GCC_OPTIMIZATION_LEVEL = 0;
				GCC_PREPROCESSOR_DEFINITIONS = (
					"DEBUG=1",
					"$(inherited)",
				);
				GCC_WARN_64_TO_32_BIT_CONVERSION = YES;
				GCC_WARN_ABOUT_RETURN_TYPE = YES_ERROR;
				GCC_WARN_UNDECLARED_SELECTOR = YES;
				GCC_WARN_UNINITIALIZED_AUTOS = YES_AGGRESSIVE;
				GCC_WARN_UNUSED_FUNCTION = YES;
				GCC_WARN_UNUSED_VARIABLE = YES;
				LOCALIZATION_PREFERS_STRING_CATALOGS = YES;
				MTL_ENABLE_DEBUG_INFO = INCLUDE_SOURCE;
				MTL_FAST_MATH = YES;
				ONLY_ACTIVE_ARCH = YES;
				SWIFT_ACTIVE_COMPILATION_CONDITIONS = "DEBUG $(inherited)";
				SWIFT_OPTIMIZATION_LEVEL = "-Onone";
			};
			name = Debug;
		};
		E224285F2ECEEB7E00C867D4 /* Release */ = {
			isa = XCBuildConfiguration;
			buildSettings = {
				ALWAYS_SEARCH_USER_PATHS = NO;
				ASSETCATALOG_COMPILER_GENERATE_SWIFT_ASSET_SYMBOL_EXTENSIONS = YES;
				CLANG_ANALYZER_NONNULL = YES;
				CLANG_ANALYZER_NUMBER_OBJECT_CONVERSION = YES_AGGRESSIVE;
				CLANG_CXX_LANGUAGE_STANDARD = "gnu++20";
				CLANG_ENABLE_MODULES = YES;
				CLANG_ENABLE_OBJC_ARC = YES;
				CLANG_ENABLE_OBJC_WEAK = YES;
				CLANG_WARN_BLOCK_CAPTURE_AUTORELEASING = YES;
				CLANG_WARN_BOOL_CONVERSION = YES;
				CLANG_WARN_COMMA = YES;
				CLANG_WARN_CONSTANT_CONVERSION = YES;
				CLANG_WARN_DEPRECATED_OBJC_IMPLEMENTATIONS = YES;
				CLANG_WARN_DIRECT_OBJC_ISA_USAGE = YES_ERROR;
				CLANG_WARN_DOCUMENTATION_COMMENTS = YES;
				CLANG_WARN_EMPTY_BODY = YES;
				CLANG_WARN_ENUM_CONVERSION = YES;
				CLANG_WARN_INFINITE_RECURSION = YES;
				CLANG_WARN_INT_CONVERSION = YES;
				CLANG_WARN_NON_LITERAL_NULL_CONVERSION = YES;
				CLANG_WARN_OBJC_IMPLICIT_RETAIN_SELF = YES;
				CLANG_WARN_OBJC_LITERAL_CONVERSION = YES;
				CLANG_WARN_OBJC_ROOT_CLASS = YES_ERROR;
				CLANG_WARN_QUOTED_INCLUDE_IN_FRAMEWORK_HEADER = YES;
				CLANG_WARN_RANGE_LOOP_ANALYSIS = YES;
				CLANG_WARN_STRICT_PROTOTYPES = YES;
				CLANG_WARN_SUSPICIOUS_MOVE = YES;
				CLANG_WARN_UNGUARDED_AVAILABILITY = YES_AGGRESSIVE;
				CLANG_WARN_UNREACHABLE_CODE = YES;
				CLANG_WARN__DUPLICATE_METHOD_MATCH = YES;
				COPY_PHASE_STRIP = NO;
				DEBUG_INFORMATION_FORMAT = "dwarf-with-dsym";
				ENABLE_NS_ASSERTIONS = NO;
				ENABLE_STRICT_OBJC_MSGSEND = YES;
				ENABLE_USER_SCRIPT_SANDBOXING = YES;
				GCC_C_LANGUAGE_STANDARD = gnu17;
				GCC_NO_COMMON_BLOCKS = YES;
				GCC_WARN_64_TO_32_BIT_CONVERSION = YES;
				GCC_WARN_ABOUT_RETURN_TYPE = YES_ERROR;
				GCC_WARN_UNDECLARED_SELECTOR = YES;
				GCC_WARN_UNINITIALIZED_AUTOS = YES_AGGRESSIVE;
				GCC_WARN_UNUSED_FUNCTION = YES;
				GCC_WARN_UNUSED_VARIABLE = YES;
				LOCALIZATION_PREFERS_STRING_CATALOGS = YES;
				MTL_ENABLE_DEBUG_INFO = NO;
				MTL_FAST_MATH = YES;
				SWIFT_COMPILATION_MODE = wholemodule;
			};
			name = Release;
		};
		E22428612ECEEB7E00C867D4 /* Debug */ = {
			isa = XCBuildConfiguration;
			baseConfigurationReference = 82706355394F1BC1947124E7 /* Pods-PhotosRefresher.debug.xcconfig */;
			buildSettings = {
				ASSETCATALOG_COMPILER_APPICON_NAME = AppIcon;
				ASSETCATALOG_COMPILER_GLOBAL_ACCENT_COLOR_NAME = AccentColor;
				CODE_SIGN_ENTITLEMENTS = PhotosRefresher/PhotosRefresher.entitlements;
				CODE_SIGN_IDENTITY = "Apple Development";
				CODE_SIGN_STYLE = Automatic;
				CURRENT_PROJECT_VERSION = 5;
				DEVELOPMENT_TEAM = J6ZYUK5HQ4;
				ENABLE_PREVIEWS = YES;
				ENABLE_USER_SCRIPT_SANDBOXING = NO;
				GENERATE_INFOPLIST_FILE = YES;
				INFOPLIST_FILE = PhotosRefresher/Info.plist;
				INFOPLIST_KEY_CFBundleDisplayName = PhotosRefresher;
				INFOPLIST_KEY_ITSAppUsesNonExemptEncryption = NO;
				INFOPLIST_KEY_NSFileProviderDomainUsageDescription = "";
				INFOPLIST_KEY_NSPhotoLibraryUsageDescription = "Needed to clean duplicates and free up storage space.";
				INFOPLIST_KEY_NSUserTrackingUsageDescription = "Data helps tailor a personalized app experience.";
				"INFOPLIST_KEY_UIApplicationSceneManifest_Generation[sdk=iphoneos*]" = YES;
				"INFOPLIST_KEY_UIApplicationSceneManifest_Generation[sdk=iphonesimulator*]" = YES;
				"INFOPLIST_KEY_UIApplicationSupportsIndirectInputEvents[sdk=iphoneos*]" = YES;
				"INFOPLIST_KEY_UIApplicationSupportsIndirectInputEvents[sdk=iphonesimulator*]" = YES;
				"INFOPLIST_KEY_UILaunchScreen_Generation[sdk=iphoneos*]" = YES;
				"INFOPLIST_KEY_UILaunchScreen_Generation[sdk=iphonesimulator*]" = YES;
				INFOPLIST_KEY_UILaunchStoryboardName = LaunchScreen.storyboard;
				"INFOPLIST_KEY_UIStatusBarStyle[sdk=iphoneos*]" = UIStatusBarStyleDefault;
				"INFOPLIST_KEY_UIStatusBarStyle[sdk=iphonesimulator*]" = UIStatusBarStyleDefault;
				INFOPLIST_KEY_UISupportedInterfaceOrientations_iPad = "UIInterfaceOrientationPortrait UIInterfaceOrientationPortraitUpsideDown UIInterfaceOrientationLandscapeLeft UIInterfaceOrientationLandscapeRight";
				INFOPLIST_KEY_UISupportedInterfaceOrientations_iPhone = "UIInterfaceOrientationPortrait UIInterfaceOrientationLandscapeLeft UIInterfaceOrientationLandscapeRight";
				IPHONEOS_DEPLOYMENT_TARGET = 16.1;
				LD_RUNPATH_SEARCH_PATHS = "@executable_path/Frameworks";
				"LD_RUNPATH_SEARCH_PATHS[sdk=macosx*]" = "@executable_path/../Frameworks";
				MACOSX_DEPLOYMENT_TARGET = 15.5;
				MARKETING_VERSION = 1.0.0;
				PRODUCT_BUNDLE_IDENTIFIER = com.test.app;
				PRODUCT_NAME = "$(TARGET_NAME)";
				PROVISIONING_PROFILE_SPECIFIER = "";
				REGISTER_APP_GROUPS = YES;
				SDKROOT = auto;
				SUPPORTED_PLATFORMS = "iphoneos iphonesimulator";
				SUPPORTS_MACCATALYST = NO;
				SWIFT_EMIT_LOC_STRINGS = YES;
				SWIFT_OBJC_BRIDGING_HEADER = "PhotosRefresher/PR-Bridging-Header.h";
				SWIFT_VERSION = 5.0;
				TARGETED_DEVICE_FAMILY = "1,2";
				XROS_DEPLOYMENT_TARGET = 2.5;
			};
			name = Debug;
		};
		E22428622ECEEB7E00C867D4 /* Release */ = {
			isa = XCBuildConfiguration;
			baseConfigurationReference = 54B11EDAB26DA07061FDB46F /* Pods-PhotosRefresher.release.xcconfig */;
			buildSettings = {
				ASSETCATALOG_COMPILER_APPICON_NAME = AppIcon;
				ASSETCATALOG_COMPILER_GLOBAL_ACCENT_COLOR_NAME = AccentColor;
				CODE_SIGN_ENTITLEMENTS = PhotosRefresher/PhotosRefresher.entitlements;
				CODE_SIGN_IDENTITY = "Apple Development";
				CODE_SIGN_STYLE = Automatic;
				CURRENT_PROJECT_VERSION = 5;
				DEVELOPMENT_TEAM = J6ZYUK5HQ4;
				ENABLE_PREVIEWS = YES;
				ENABLE_USER_SCRIPT_SANDBOXING = NO;
				GENERATE_INFOPLIST_FILE = YES;
				INFOPLIST_FILE = PhotosRefresher/Info.plist;
				INFOPLIST_KEY_CFBundleDisplayName = PhotosRefresher;
				INFOPLIST_KEY_ITSAppUsesNonExemptEncryption = NO;
				INFOPLIST_KEY_NSFileProviderDomainUsageDescription = "";
				INFOPLIST_KEY_NSPhotoLibraryUsageDescription = "Needed to clean duplicates and free up storage space.";
				INFOPLIST_KEY_NSUserTrackingUsageDescription = "Data helps tailor a personalized app experience.";
				"INFOPLIST_KEY_UIApplicationSceneManifest_Generation[sdk=iphoneos*]" = YES;
				"INFOPLIST_KEY_UIApplicationSceneManifest_Generation[sdk=iphonesimulator*]" = YES;
				"INFOPLIST_KEY_UIApplicationSupportsIndirectInputEvents[sdk=iphoneos*]" = YES;
				"INFOPLIST_KEY_UIApplicationSupportsIndirectInputEvents[sdk=iphonesimulator*]" = YES;
				"INFOPLIST_KEY_UILaunchScreen_Generation[sdk=iphoneos*]" = YES;
				"INFOPLIST_KEY_UILaunchScreen_Generation[sdk=iphonesimulator*]" = YES;
				INFOPLIST_KEY_UILaunchStoryboardName = LaunchScreen.storyboard;
				"INFOPLIST_KEY_UIStatusBarStyle[sdk=iphoneos*]" = UIStatusBarStyleDefault;
				"INFOPLIST_KEY_UIStatusBarStyle[sdk=iphonesimulator*]" = UIStatusBarStyleDefault;
				INFOPLIST_KEY_UISupportedInterfaceOrientations_iPad = "UIInterfaceOrientationPortrait UIInterfaceOrientationPortraitUpsideDown UIInterfaceOrientationLandscapeLeft UIInterfaceOrientationLandscapeRight";
				INFOPLIST_KEY_UISupportedInterfaceOrientations_iPhone = "UIInterfaceOrientationPortrait UIInterfaceOrientationLandscapeLeft UIInterfaceOrientationLandscapeRight";
				IPHONEOS_DEPLOYMENT_TARGET = 16.1;
				LD_RUNPATH_SEARCH_PATHS = "@executable_path/Frameworks";
				"LD_RUNPATH_SEARCH_PATHS[sdk=macosx*]" = "@executable_path/../Frameworks";
				MACOSX_DEPLOYMENT_TARGET = 15.5;
				MARKETING_VERSION = 1.0.0;
				PRODUCT_BUNDLE_IDENTIFIER = com.test.app;
				PRODUCT_NAME = "$(TARGET_NAME)";
				PROVISIONING_PROFILE_SPECIFIER = "";
				REGISTER_APP_GROUPS = YES;
				SDKROOT = auto;
				SUPPORTED_PLATFORMS = "iphoneos iphonesimulator";
				SUPPORTS_MACCATALYST = NO;
				SWIFT_EMIT_LOC_STRINGS = YES;
				SWIFT_OBJC_BRIDGING_HEADER = "PhotosRefresher/PR-Bridging-Header.h";
				SWIFT_VERSION = 5.0;
				TARGETED_DEVICE_FAMILY = "1,2";
				XROS_DEPLOYMENT_TARGET = 2.5;
			};
			name = Release;
		};
/* End XCBuildConfiguration section */

/* Begin XCConfigurationList section */
		E224284F2ECEEB7E00C867D4 /* Build configuration list for PBXProject "PhotosRefresher" */ = {
			isa = XCConfigurationList;
			buildConfigurations = (
				E224285E2ECEEB7E00C867D4 /* Debug */,
				E224285F2ECEEB7E00C867D4 /* Release */,
			);
			defaultConfigurationIsVisible = 0;
			defaultConfigurationName = Release;
		};
		E22428602ECEEB7E00C867D4 /* Build configuration list for PBXNativeTarget "PhotosRefresher" */ = {
			isa = XCConfigurationList;
			buildConfigurations = (
				E22428612ECEEB7E00C867D4 /* Debug */,
				E22428622ECEEB7E00C867D4 /* Release */,
			);
			defaultConfigurationIsVisible = 0;
			defaultConfigurationName = Release;
		};
/* End XCConfigurationList section */
	};
	rootObject = E224284C2ECEEB7E00C867D4 /* Project object */;
}
