// !$*UTF8*$!
{
	archiveVersion = 1;
	classes = {
	};
	objectVersion = 77;
	objects = {

/* Begin PBXBuildFile section */
		1EB3197F2ED1978300884DD1 /* CustomPageView.swift in Sources */ = {isa = PBXBuildFile; fileRef = 1EB3197E2ED1978300884DD1 /* CustomPageView.swift */; };
		1EE8CC1B2EDA9AD50064F683 /* DismissingKeyboardOnSwipe.swift in Sources */ = {isa = PBXBuildFile; fileRef = 1EE8CBEF2EDA9AD40064F683 /* DismissingKeyboardOnSwipe.swift */; };
		1EE8CC1D2EDA9AD50064F683 /* OnReceiveChangeModifier.swift in Sources */ = {isa = PBXBuildFile; fileRef = 1EE8CBF02EDA9AD40064F683 /* OnReceiveChangeModifier.swift */; };
		1EE8CC212EDA9AD50064F683 /* Date+Extension.swift in Sources */ = {isa = PBXBuildFile; fileRef = 1EE8CBF72EDA9AD40064F683 /* Date+Extension.swift */; };
		1EE8CC232EDA9AD50064F683 /* Array+Extension.swift in Sources */ = {isa = PBXBuildFile; fileRef = 1EE8CBE82EDA9AD40064F683 /* Array+Extension.swift */; };
		1EE8CC242EDA9AD50064F683 /* Data+Extension.swift in Sources */ = {isa = PBXBuildFile; fileRef = 1EE8CBF62EDA9AD40064F683 /* Data+Extension.swift */; };
		1EE8CC252EDA9AD50064F683 /* View+Extension.swift in Sources */ = {isa = PBXBuildFile; fileRef = 1EE8CBFD2EDA9AD40064F683 /* View+Extension.swift */; };
		1EE8CC2C2EDA9AD50064F683 /* SSKeychain.m in Sources */ = {isa = PBXBuildFile; fileRef = 1EE8CBDE2EDA9AD40064F683 /* SSKeychain.m */; };
		1EE8CC2D2EDA9AD50064F683 /* CommonAICuidUtils.m in Sources */ = {isa = PBXBuildFile; fileRef = 1EE8CBE52EDA9AD40064F683 /* CommonAICuidUtils.m */; };
		1EE8CC2F2EDA9AD50064F683 /* Animation+Extension.swift in Sources */ = {isa = PBXBuildFile; fileRef = 1EE8CBE72EDA9AD40064F683 /* Animation+Extension.swift */; };
		1EE8CC302EDA9AD50064F683 /* Bundle+Extension.swift in Sources */ = {isa = PBXBuildFile; fileRef = 1EE8CBE92EDA9AD40064F683 /* Bundle+Extension.swift */; };
		1EE8CC312EDA9AD50064F683 /* RotationPublihsers.swift in Sources */ = {isa = PBXBuildFile; fileRef = 1EE8CBED2EDA9AD40064F683 /* RotationPublihsers.swift */; };
		1EE8CC322EDA9AD50064F683 /* StrokeModifier.swift in Sources */ = {isa = PBXBuildFile; fileRef = 1EE8CBF12EDA9AD40064F683 /* StrokeModifier.swift */; };
		1EE8CC342EDA9AD50064F683 /* Font+Extension.swift in Sources */ = {isa = PBXBuildFile; fileRef = 1EE8CBEA2EDA9AD40064F683 /* Font+Extension.swift */; };
		1EE8CC352EDA9AD50064F683 /* CommonAICuid.mm in Sources */ = {isa = PBXBuildFile; fileRef = 1EE8CBE32EDA9AD40064F683 /* CommonAICuid.mm */; };
		1EE8CC362EDA9AD50064F683 /* Color+Extension.swift in Sources */ = {isa = PBXBuildFile; fileRef = 1EE8CBF52EDA9AD40064F683 /* Color+Extension.swift */; };
		1EE8CC382EDA9AD50064F683 /* SSKeychainQuery.m in Sources */ = {isa = PBXBuildFile; fileRef = 1EE8CBE02EDA9AD40064F683 /* SSKeychainQuery.m */; };
		1EE8CC3A2EDA9AD50064F683 /* String+Extension.swift in Sources */ = {isa = PBXBuildFile; fileRef = 1EE8CBF92EDA9AD40064F683 /* String+Extension.swift */; };
		1EE8CC3B2EDA9AD50064F683 /* UIApplication+Extension.swift in Sources */ = {isa = PBXBuildFile; fileRef = 1EE8CBFA2EDA9AD40064F683 /* UIApplication+Extension.swift */; };
		1EE8CC3C2EDA9AD50064F683 /* URL+Extension.swift in Sources */ = {isa = PBXBuildFile; fileRef = 1EE8CBFC2EDA9AD40064F683 /* URL+Extension.swift */; };
		1EE8CC3D2EDA9AD50064F683 /* UIImage+Extension.swift in Sources */ = {isa = PBXBuildFile; fileRef = 1EE8CBFB2EDA9AD40064F683 /* UIImage+Extension.swift */; };
		1EE8CC3E2EDA9AD50064F683 /* Codable+Extension.swift in Sources */ = {isa = PBXBuildFile; fileRef = 1EE8CBF42EDA9AD40064F683 /* Codable+Extension.swift */; };
		1EE8CC3F2EDA9AD50064F683 /* KeyboardPublishers.swift in Sources */ = {isa = PBXBuildFile; fileRef = 1EE8CBEC2EDA9AD40064F683 /* KeyboardPublishers.swift */; };
		1EE8CC412EDA9AD50064F683 /* Number+Extension.swift in Sources */ = {isa = PBXBuildFile; fileRef = 1EE8CBF82EDA9AD40064F683 /* Number+Extension.swift */; };
		1EE8CC442EDA9AD50064F683 /* ViewDurationTrackerModifier.swift in Sources */ = {isa = PBXBuildFile; fileRef = 1EE8CBF22EDA9AD40064F683 /* ViewDurationTrackerModifier.swift */; };
		1EE8CC542EDAC7AE0064F683 /* PRAppViewModel.swift in Sources */ = {isa = PBXBuildFile; fileRef = 1EE8CC532EDAC7AE0064F683 /* PRAppViewModel.swift */; };
		1EE8CC552EDAC7AE0064F683 /* PRAppView.swift in Sources */ = {isa = PBXBuildFile; fileRef = 1EE8CC522EDAC7AE0064F683 /* PRAppView.swift */; };
		1EE8CC582EDAC7C50064F683 /* PRMainTabViewModel.swift in Sources */ = {isa = PBXBuildFile; fileRef = 1EE8CC572EDAC7C50064F683 /* PRMainTabViewModel.swift */; };
		1EE8CC592EDAC7C50064F683 /* PRMainTabView.swift in Sources */ = {isa = PBXBuildFile; fileRef = 1EE8CC562EDAC7C50064F683 /* PRMainTabView.swift */; };
		1EE8CC652EDAC8580064F683 /* PRCommonLoadingModify.swift in Sources */ = {isa = PBXBuildFile; fileRef = 1EE8CC632EDAC8580064F683 /* PRCommonLoadingModify.swift */; };
		1EE8CC662EDAC8580064F683 /* PRScanAnimationModifier.swift in Sources */ = {isa = PBXBuildFile; fileRef = 1EE8CC642EDAC8580064F683 /* PRScanAnimationModifier.swift */; };
		1EE8CC672EDAC8580064F683 /* PRBreathingModifier.swift in Sources */ = {isa = PBXBuildFile; fileRef = 1EE8CC622EDAC8580064F683 /* PRBreathingModifier.swift */; };
		1EE8CC692EDAC8730064F683 /* PRAlertModal.swift in Sources */ = {isa = PBXBuildFile; fileRef = 1EE8CC682EDAC8730064F683 /* PRAlertModal.swift */; };
		1EE8CC6C2EDAC8810064F683 /* PRDialogRegistry.swift in Sources */ = {isa = PBXBuildFile; fileRef = 1EE8CC6B2EDAC8810064F683 /* PRDialogRegistry.swift */; };
		1EE8CC6D2EDAC8810064F683 /* PRDialogDestination.swift in Sources */ = {isa = PBXBuildFile; fileRef = 1EE8CC6A2EDAC8810064F683 /* PRDialogDestination.swift */; };
		1EE8CC712EDAC8960064F683 /* PRRouterPath.swift in Sources */ = {isa = PBXBuildFile; fileRef = 1EE8CC6F2EDAC8960064F683 /* PRRouterPath.swift */; };
		1EE8CC722EDAC8960064F683 /* PRRouterDestination.swift in Sources */ = {isa = PBXBuildFile; fileRef = 1EE8CC6E2EDAC8960064F683 /* PRRouterDestination.swift */; };
		1EE8CC732EDAC8960064F683 /* PRRouterRegistry.swift in Sources */ = {isa = PBXBuildFile; fileRef = 1EE8CC702EDAC8960064F683 /* PRRouterRegistry.swift */; };
		1EE8CC762EDAC8A80064F683 /* PRAppUserDefaults.swift in Sources */ = {isa = PBXBuildFile; fileRef = 1EE8CC742EDAC8A80064F683 /* PRAppUserDefaults.swift */; };
		1EE8CC772EDAC8A80064F683 /* PRLLCachePath.swift in Sources */ = {isa = PBXBuildFile; fileRef = 1EE8CC752EDAC8A80064F683 /* PRLLCachePath.swift */; };
		1EE8CC792EDAC8BA0064F683 /* PRConfigManager.swift in Sources */ = {isa = PBXBuildFile; fileRef = 1EE8CC782EDAC8BA0064F683 /* PRConfigManager.swift */; };
		1EE8CC802EDAC8CC0064F683 /* PRMailHelper.swift in Sources */ = {isa = PBXBuildFile; fileRef = 1EE8CC7D2EDAC8CC0064F683 /* PRMailHelper.swift */; };
		1EE8CC812EDAC8CC0064F683 /* PRConstants.swift in Sources */ = {isa = PBXBuildFile; fileRef = 1EE8CC7B2EDAC8CC0064F683 /* PRConstants.swift */; };
		1EE8CC822EDAC8CC0064F683 /* PRAppInfo.swift in Sources */ = {isa = PBXBuildFile; fileRef = 1EE8CC7A2EDAC8CC0064F683 /* PRAppInfo.swift */; };
		1EE8CC832EDAC8CC0064F683 /* PRDeviceHelper.swift in Sources */ = {isa = PBXBuildFile; fileRef = 1EE8CC7C2EDAC8CC0064F683 /* PRDeviceHelper.swift */; };
		1EE8CC842EDAC8CC0064F683 /* PRReviewManager.swift in Sources */ = {isa = PBXBuildFile; fileRef = 1EE8CC7E2EDAC8CC0064F683 /* PRReviewManager.swift */; };
		1EE8CC852EDAC8CC0064F683 /* PRUIState.swift in Sources */ = {isa = PBXBuildFile; fileRef = 1EE8CC7F2EDAC8CC0064F683 /* PRUIState.swift */; };
		1EE8CC872EDAC8E20064F683 /* PRLocalizableManager.swift in Sources */ = {isa = PBXBuildFile; fileRef = 1EE8CC862EDAC8E20064F683 /* PRLocalizableManager.swift */; };
		1EE8CC8A2EDAC8F30064F683 /* PRUserInfo.swift in Sources */ = {isa = PBXBuildFile; fileRef = 1EE8CC892EDAC8F30064F683 /* PRUserInfo.swift */; };
		1EE8CC8B2EDAC8F30064F683 /* PRConfigModel.swift in Sources */ = {isa = PBXBuildFile; fileRef = 1EE8CC882EDAC8F30064F683 /* PRConfigModel.swift */; };
		1EE8CC8D2EDAC9020064F683 /* PRPermissonsManager.swift in Sources */ = {isa = PBXBuildFile; fileRef = 1EE8CC8C2EDAC9020064F683 /* PRPermissonsManager.swift */; };
		1EE8CC8F2EDAC9100064F683 /* PRMarketManager.swift in Sources */ = {isa = PBXBuildFile; fileRef = 1EE8CC8E2EDAC9100064F683 /* PRMarketManager.swift */; };
		1EE8CC912EDAC91C0064F683 /* PRGlobalOverlay.swift in Sources */ = {isa = PBXBuildFile; fileRef = 1EE8CC902EDAC91C0064F683 /* PRGlobalOverlay.swift */; };
		1EE8CC932EDAC9280064F683 /* PRUserManager.swift in Sources */ = {isa = PBXBuildFile; fileRef = 1EE8CC922EDAC9280064F683 /* PRUserManager.swift */; };
		1EE8CC982EDAC9600064F683 /* PRIdfaUtils.swift in Sources */ = {isa = PBXBuildFile; fileRef = 1EE8CC962EDAC9600064F683 /* PRIdfaUtils.swift */; };
		1EE8CC992EDAC9600064F683 /* PRToast.swift in Sources */ = {isa = PBXBuildFile; fileRef = 1EE8CC972EDAC9600064F683 /* PRToast.swift */; };
		1EE8CC9A2EDAC9600064F683 /* PRFunctions.swift in Sources */ = {isa = PBXBuildFile; fileRef = 1EE8CC952EDAC9600064F683 /* PRFunctions.swift */; };
		1EE8CC9B2EDAC9600064F683 /* PRDeviceUtils.swift in Sources */ = {isa = PBXBuildFile; fileRef = 1EE8CC942EDAC9600064F683 /* PRDeviceUtils.swift */; };
		1EE8CCA62EDAC97F0064F683 /* PRMultiProgressBarView.swift in Sources */ = {isa = PBXBuildFile; fileRef = 1EE8CCA22EDAC97F0064F683 /* PRMultiProgressBarView.swift */; };
		1EE8CCA72EDAC97F0064F683 /* PRDividerView.swift in Sources */ = {isa = PBXBuildFile; fileRef = 1EE8CC9D2EDAC97F0064F683 /* PRDividerView.swift */; };
		1EE8CCA82EDAC97F0064F683 /* PRLoadingView.swift in Sources */ = {isa = PBXBuildFile; fileRef = 1EE8CCA12EDAC97F0064F683 /* PRLoadingView.swift */; };
		1EE8CCA92EDAC97F0064F683 /* PRShareImageActivityView.swift in Sources */ = {isa = PBXBuildFile; fileRef = 1EE8CCA42EDAC97F0064F683 /* PRShareImageActivityView.swift */; };
		1EE8CCAB2EDAC97F0064F683 /* PRGradientCircularProgressView.swift in Sources */ = {isa = PBXBuildFile; fileRef = 1EE8CC9E2EDAC97F0064F683 /* PRGradientCircularProgressView.swift */; };
		1EE8CCAC2EDAC97F0064F683 /* PRBlurView.swift in Sources */ = {isa = PBXBuildFile; fileRef = 1EE8CC9C2EDAC97F0064F683 /* PRBlurView.swift */; };
		1EE8CCAD2EDAC97F0064F683 /* PRHomeBottomGestureModifier.swift in Sources */ = {isa = PBXBuildFile; fileRef = 1EE8CC9F2EDAC97F0064F683 /* PRHomeBottomGestureModifier.swift */; };
		1EE8CCAE2EDAC97F0064F683 /* PRLaunchView.swift in Sources */ = {isa = PBXBuildFile; fileRef = 1EE8CCA02EDAC97F0064F683 /* PRLaunchView.swift */; };
		1EE8CCAF2EDAC97F0064F683 /* PRProgressBarView.swift in Sources */ = {isa = PBXBuildFile; fileRef = 1EE8CCA32EDAC97F0064F683 /* PRProgressBarView.swift */; };
		99AD6478D10F5531774B1F4A /* libPods-PhotosRefresher.a in Frameworks */ = {isa = PBXBuildFile; fileRef = BBAD029657EF5CC0B4D9A22E /* libPods-PhotosRefresher.a */; };
		E202D6C02EDACC8100B1F55F /* PRSubscribeNormalPage.swift in Sources */ = {isa = PBXBuildFile; fileRef = E202D6B82EDACC8100B1F55F /* PRSubscribeNormalPage.swift */; };
		E202D6C12EDACC8100B1F55F /* PRSimilarAnalyzer.swift in Sources */ = {isa = PBXBuildFile; fileRef = E202D6A22EDACC8100B1F55F /* PRSimilarAnalyzer.swift */; };
		E202D6C32EDACC8100B1F55F /* PRTextAnalyzer.swift in Sources */ = {isa = PBXBuildFile; fileRef = E202D6A42EDACC8100B1F55F /* PRTextAnalyzer.swift */; };
		E202D6C42EDACC8100B1F55F /* PRChunkScheduler.swift in Sources */ = {isa = PBXBuildFile; fileRef = E202D6A82EDACC8100B1F55F /* PRChunkScheduler.swift */; };
		E202D6C52EDACC8100B1F55F /* PRSnapshots.swift in Sources */ = {isa = PBXBuildFile; fileRef = E202D6AE2EDACC8100B1F55F /* PRSnapshots.swift */; };
		E202D6C62EDACC8100B1F55F /* PRSubscribeViewModel.swift in Sources */ = {isa = PBXBuildFile; fileRef = E202D6BD2EDACC8100B1F55F /* PRSubscribeViewModel.swift */; };
		E202D6C72EDACC8100B1F55F /* PRPhotoMapManager.swift in Sources */ = {isa = PBXBuildFile; fileRef = E202D6A92EDACC8100B1F55F /* PRPhotoMapManager.swift */; };
		E202D6C82EDACC8100B1F55F /* PRSubscribeNormalCellView.swift in Sources */ = {isa = PBXBuildFile; fileRef = E202D6B72EDACC8100B1F55F /* PRSubscribeNormalCellView.swift */; };
		E202D6C92EDACC8100B1F55F /* PRSubscribeListRequestModel.swift in Sources */ = {isa = PBXBuildFile; fileRef = E202D6B32EDACC8100B1F55F /* PRSubscribeListRequestModel.swift */; };
		E202D6CA2EDACC8100B1F55F /* PRPhotoTypes.swift in Sources */ = {isa = PBXBuildFile; fileRef = E202D6AA2EDACC8100B1F55F /* PRPhotoTypes.swift */; };
		E202D6CC2EDACC8100B1F55F /* PRLargeVideoAnalyzer.swift in Sources */ = {isa = PBXBuildFile; fileRef = E202D6A02EDACC8100B1F55F /* PRLargeVideoAnalyzer.swift */; };
		E202D6CD2EDACC8100B1F55F /* PRSubscribeSwitchPage.swift in Sources */ = {isa = PBXBuildFile; fileRef = E202D6BA2EDACC8100B1F55F /* PRSubscribeSwitchPage.swift */; };
		E202D6CE2EDACC8100B1F55F /* PRAssetThumbnailProvider.swift in Sources */ = {isa = PBXBuildFile; fileRef = E202D6B02EDACC8100B1F55F /* PRAssetThumbnailProvider.swift */; };
		E202D6CF2EDACC8100B1F55F /* PRDuplicateAnalyzer.swift in Sources */ = {isa = PBXBuildFile; fileRef = E202D69E2EDACC8100B1F55F /* PRDuplicateAnalyzer.swift */; };
		E202D6D02EDACC8100B1F55F /* PRBlurryAnalyzer.swift in Sources */ = {isa = PBXBuildFile; fileRef = E202D69C2EDACC8100B1F55F /* PRBlurryAnalyzer.swift */; };
		E202D6D12EDACC8100B1F55F /* PRSubscribeRandomBubble.swift in Sources */ = {isa = PBXBuildFile; fileRef = E202D6B92EDACC8100B1F55F /* PRSubscribeRandomBubble.swift */; };
		E202D6D22EDACC8100B1F55F /* PRDiskSpaceManager.swift in Sources */ = {isa = PBXBuildFile; fileRef = E202D6AC2EDACC8100B1F55F /* PRDiskSpaceManager.swift */; };
		E202D6D32EDACC8100B1F55F /* PRProductManager.swift in Sources */ = {isa = PBXBuildFile; fileRef = E202D6BC2EDACC8100B1F55F /* PRProductManager.swift */; };
		E202D6D42EDACC8100B1F55F /* PRAssetsHelper.swift in Sources */ = {isa = PBXBuildFile; fileRef = E202D6A72EDACC8100B1F55F /* PRAssetsHelper.swift */; };
		E202D6D62EDACD1100B1F55F /* PRThemeButton.swift in Sources */ = {isa = PBXBuildFile; fileRef = E202D6D52EDACD1100B1F55F /* PRThemeButton.swift */; };
		E202D6D82EDACED900B1F55F /* PRSubscribeEntryView.swift in Sources */ = {isa = PBXBuildFile; fileRef = E202D6D72EDACED900B1F55F /* PRSubscribeEntryView.swift */; };
		E202D6DA2EDACF1500B1F55F /* PRSubscribeResponseModel.swift in Sources */ = {isa = PBXBuildFile; fileRef = E202D6D92EDACF1500B1F55F /* PRSubscribeResponseModel.swift */; };
		E202D6E02EDAD11E00B1F55F /* PROrderManager.swift in Sources */ = {isa = PBXBuildFile; fileRef = E202D6DF2EDAD11E00B1F55F /* PROrderManager.swift */; };
		E202D6E22EDAD13700B1F55F /* PRPaymentProcessManager.swift in Sources */ = {isa = PBXBuildFile; fileRef = E202D6E12EDAD13700B1F55F /* PRPaymentProcessManager.swift */; };
		E202D6E42EDAD14600B1F55F /* PRSubscriptionHelper.swift in Sources */ = {isa = PBXBuildFile; fileRef = E202D6E32EDAD14600B1F55F /* PRSubscriptionHelper.swift */; };
		E202D6E72EDAD17500B1F55F /* PROrderModel.swift in Sources */ = {isa = PBXBuildFile; fileRef = E202D6E62EDAD17500B1F55F /* PROrderModel.swift */; };
		E202D6EB2EDAD1C500B1F55F /* Alamofire+EventSource.swift in Sources */ = {isa = PBXBuildFile; fileRef = E202D6EA2EDAD1C500B1F55F /* Alamofire+EventSource.swift */; };
		E202D6ED2EDAD1E800B1F55F /* PRDecodableEventSourceMessage.swift in Sources */ = {isa = PBXBuildFile; fileRef = E202D6EC2EDAD1E800B1F55F /* PRDecodableEventSourceMessage.swift */; };
		E202D6EF2EDAD1FF00B1F55F /* PRDecodableEventSourceSerializer.swift in Sources */ = {isa = PBXBuildFile; fileRef = E202D6EE2EDAD1FF00B1F55F /* PRDecodableEventSourceSerializer.swift */; };
		E202D6F12EDAD21400B1F55F /* PREventSourceMessage.swift in Sources */ = {isa = PBXBuildFile; fileRef = E202D6F02EDAD21400B1F55F /* PREventSourceMessage.swift */; };
		E202D6F32EDAD22600B1F55F /* PREventSourceSerializer.swift in Sources */ = {isa = PBXBuildFile; fileRef = E202D6F22EDAD22600B1F55F /* PREventSourceSerializer.swift */; };
		E202D6F52EDAD23A00B1F55F /* PREnvironmentManager.swift in Sources */ = {isa = PBXBuildFile; fileRef = E202D6F42EDAD23A00B1F55F /* PREnvironmentManager.swift */; };
		E202D6F72EDAD24C00B1F55F /* PRRequestHandlerInterceptor.swift in Sources */ = {isa = PBXBuildFile; fileRef = E202D6F62EDAD24C00B1F55F /* PRRequestHandlerInterceptor.swift */; };
		E202D6F92EDAD25C00B1F55F /* PRRequestHandlerManager.swift in Sources */ = {isa = PBXBuildFile; fileRef = E202D6F82EDAD25C00B1F55F /* PRRequestHandlerManager.swift */; };
		E202D6FB2EDAD27200B1F55F /* PRRequestHandlerNetworkManager+File.swift in Sources */ = {isa = PBXBuildFile; fileRef = E202D6FA2EDAD27200B1F55F /* PRRequestHandlerNetworkManager+File.swift */; };
		E202D6FD2EDAD28B00B1F55F /* PRRequestHandlerNetworkManager+Stream.swift in Sources */ = {isa = PBXBuildFile; fileRef = E202D6FC2EDAD28B00B1F55F /* PRRequestHandlerNetworkManager+Stream.swift */; };
		E202D6FF2EDAD2A200B1F55F /* PRRequestHandlerObserver.swift in Sources */ = {isa = PBXBuildFile; fileRef = E202D6FE2EDAD2A200B1F55F /* PRRequestHandlerObserver.swift */; };
		E202D7012EDAD2C800B1F55F /* PRRequestHandlerResponseModel.swift in Sources */ = {isa = PBXBuildFile; fileRef = E202D7002EDAD2C800B1F55F /* PRRequestHandlerResponseModel.swift */; };
		E202D7032EDAD2DA00B1F55F /* PRRequestHandlerSignUtils.swift in Sources */ = {isa = PBXBuildFile; fileRef = E202D7022EDAD2DA00B1F55F /* PRRequestHandlerSignUtils.swift */; };
		E2242A882ECEEE8400C867D4 /* Assets.xcassets in Resources */ = {isa = PBXBuildFile; fileRef = E2242A832ECEEE8400C867D4 /* Assets.xcassets */; };
		E2242A982ECEEE8400C867D4 /* PhotosRefresherApp.swift in Sources */ = {isa = PBXBuildFile; fileRef = E2242A862ECEEE8400C867D4 /* PhotosRefresherApp.swift */; };
		E2242BCA2ECF106300C867D4 /* ATTrackingManager+Limit.m in Sources */ = {isa = PBXBuildFile; fileRef = E2242B012ECF106300C867D4 /* ATTrackingManager+Limit.m */; };
		E2242C0E2ECF10B800C867D4 /* PRBottomSheet.swift in Sources */ = {isa = PBXBuildFile; fileRef = E2242BEA2ECF10B800C867D4 /* PRBottomSheet.swift */; };
		E2242C112ECF10B800C867D4 /* PRSettingPage.swift in Sources */ = {isa = PBXBuildFile; fileRef = E2242C092ECF10B800C867D4 /* PRSettingPage.swift */; };
		E2242C122ECF10B800C867D4 /* PRAlbumPermissionView.swift in Sources */ = {isa = PBXBuildFile; fileRef = E2242BFC2ECF10B800C867D4 /* PRAlbumPermissionView.swift */; };
		E2242C132ECF10B800C867D4 /* PRSettingSection.swift in Sources */ = {isa = PBXBuildFile; fileRef = E2242C0A2ECF10B800C867D4 /* PRSettingSection.swift */; };
		E2242C172ECF10B800C867D4 /* PRModalView.swift in Sources */ = {isa = PBXBuildFile; fileRef = E2242BF32ECF10B800C867D4 /* PRModalView.swift */; };
		E2242C182ECF10B800C867D4 /* PRAlertView.swift in Sources */ = {isa = PBXBuildFile; fileRef = E2242BFA2ECF10B800C867D4 /* PRAlertView.swift */; };
		E2242C192ECF10B800C867D4 /* PRGuideWelcomePage.swift in Sources */ = {isa = PBXBuildFile; fileRef = E2242BFF2ECF10B800C867D4 /* PRGuideWelcomePage.swift */; };
		E2242C1B2ECF10B800C867D4 /* PRHomeHUDView.swift in Sources */ = {isa = PBXBuildFile; fileRef = E2242C002ECF10B800C867D4 /* PRHomeHUDView.swift */; };
		E2242C1E2ECF10B800C867D4 /* PRLottieView.swift in Sources */ = {isa = PBXBuildFile; fileRef = E2242BF22ECF10B800C867D4 /* PRLottieView.swift */; };
		E2242C1F2ECF10B800C867D4 /* PRGuideViewModel.swift in Sources */ = {isa = PBXBuildFile; fileRef = E2242BFE2ECF10B800C867D4 /* PRGuideViewModel.swift */; };
		E2242C212ECF10B800C867D4 /* PRIDFAPageView.swift in Sources */ = {isa = PBXBuildFile; fileRef = E2242C012ECF10B800C867D4 /* PRIDFAPageView.swift */; };
		E2242C232ECF10B800C867D4 /* PRGuidePage.swift in Sources */ = {isa = PBXBuildFile; fileRef = E2242BFD2ECF10B800C867D4 /* PRGuidePage.swift */; };
		E2242C272ECF10B800C867D4 /* PRCustomNavigationBarView.swift in Sources */ = {isa = PBXBuildFile; fileRef = E2242BEB2ECF10B800C867D4 /* PRCustomNavigationBarView.swift */; };
		E2242C2C2ECF111600C867D4 /* PRCategoryHomePage.swift in Sources */ = {isa = PBXBuildFile; fileRef = E2242C2B2ECF111600C867D4 /* PRCategoryHomePage.swift */; };
		E2242C2E2ECF113200C867D4 /* PRCategoryHomeViewModel.swift in Sources */ = {isa = PBXBuildFile; fileRef = E2242C2D2ECF113200C867D4 /* PRCategoryHomeViewModel.swift */; };
		E2242C302ECF115300C867D4 /* PRDeleteFinishPage.swift in Sources */ = {isa = PBXBuildFile; fileRef = E2242C2F2ECF115300C867D4 /* PRDeleteFinishPage.swift */; };
		E2242C322ECF116B00C867D4 /* PRDoubleFeedPage.swift in Sources */ = {isa = PBXBuildFile; fileRef = E2242C312ECF116B00C867D4 /* PRDoubleFeedPage.swift */; };
		E2242C342ECF117F00C867D4 /* PRDoubleFeedViewModel.swift in Sources */ = {isa = PBXBuildFile; fileRef = E2242C332ECF117F00C867D4 /* PRDoubleFeedViewModel.swift */; };
		E2242C362ECF11AA00C867D4 /* PRDuplicatePage.swift in Sources */ = {isa = PBXBuildFile; fileRef = E2242C352ECF11AA00C867D4 /* PRDuplicatePage.swift */; };
		E2242C392ECF120700C867D4 /* PRHomeAuthorizationView.swift in Sources */ = {isa = PBXBuildFile; fileRef = E2242C382ECF120700C867D4 /* PRHomeAuthorizationView.swift */; };
		E2242C3B2ECF122A00C867D4 /* PRHomeHeaderView.swift in Sources */ = {isa = PBXBuildFile; fileRef = E2242C3A2ECF122A00C867D4 /* PRHomeHeaderView.swift */; };
		E2242C3D2ECF124800C867D4 /* PRHomeTopBar.swift in Sources */ = {isa = PBXBuildFile; fileRef = E2242C3C2ECF124800C867D4 /* PRHomeTopBar.swift */; };
		E2242C402ECF12EB00C867D4 /* PRSlideDetailPage.swift in Sources */ = {isa = PBXBuildFile; fileRef = E2242C3F2ECF12EB00C867D4 /* PRSlideDetailPage.swift */; };
		E2242C422ECF130900C867D4 /* PRSlidePage.swift in Sources */ = {isa = PBXBuildFile; fileRef = E2242C412ECF130900C867D4 /* PRSlidePage.swift */; };
		E2242C442ECF131B00C867D4 /* PRSlideViewModel.swift in Sources */ = {isa = PBXBuildFile; fileRef = E2242C432ECF131B00C867D4 /* PRSlideViewModel.swift */; };
		E2242C462ECF134B00C867D4 /* PRSlideCacheManager.swift in Sources */ = {isa = PBXBuildFile; fileRef = E2242C452ECF134B00C867D4 /* PRSlideCacheManager.swift */; };
		E2242C482ECF138100C867D4 /* TrashReviewAlertView.swift in Sources */ = {isa = PBXBuildFile; fileRef = E2242C472ECF138100C867D4 /* TrashReviewAlertView.swift */; };
		E2242C502ECF191B00C867D4 /* LaunchScreen.storyboard in Resources */ = {isa = PBXBuildFile; fileRef = E2242C4F2ECF191B00C867D4 /* LaunchScreen.storyboard */; };
/* End PBXBuildFile section */

/* Begin PBXFileReference section */
		1EB3197E2ED1978300884DD1 /* CustomPageView.swift */ = {isa = PBXFileReference; lastKnownFileType = sourcecode.swift; path = CustomPageView.swift; sourceTree = "<group>"; };
		1EE8CBDD2EDA9AD40064F683 /* SSKeychain.h */ = {isa = PBXFileReference; lastKnownFileType = sourcecode.c.h; path = SSKeychain.h; sourceTree = "<group>"; };
		1EE8CBDE2EDA9AD40064F683 /* SSKeychain.m */ = {isa = PBXFileReference; lastKnownFileType = sourcecode.c.objc; path = SSKeychain.m; sourceTree = "<group>"; };
		1EE8CBDF2EDA9AD40064F683 /* SSKeychainQuery.h */ = {isa = PBXFileReference; lastKnownFileType = sourcecode.c.h; path = SSKeychainQuery.h; sourceTree = "<group>"; };
		1EE8CBE02EDA9AD40064F683 /* SSKeychainQuery.m */ = {isa = PBXFileReference; lastKnownFileType = sourcecode.c.objc; path = SSKeychainQuery.m; sourceTree = "<group>"; };
		1EE8CBE22EDA9AD40064F683 /* CommonAICuid.h */ = {isa = PBXFileReference; lastKnownFileType = sourcecode.c.h; path = CommonAICuid.h; sourceTree = "<group>"; };
		1EE8CBE32EDA9AD40064F683 /* CommonAICuid.mm */ = {isa = PBXFileReference; lastKnownFileType = sourcecode.cpp.objcpp; path = CommonAICuid.mm; sourceTree = "<group>"; };
		1EE8CBE42EDA9AD40064F683 /* CommonAICuidUtils.h */ = {isa = PBXFileReference; lastKnownFileType = sourcecode.c.h; path = CommonAICuidUtils.h; sourceTree = "<group>"; };
		1EE8CBE52EDA9AD40064F683 /* CommonAICuidUtils.m */ = {isa = PBXFileReference; lastKnownFileType = sourcecode.c.objc; path = CommonAICuidUtils.m; sourceTree = "<group>"; };
		1EE8CBE72EDA9AD40064F683 /* Animation+Extension.swift */ = {isa = PBXFileReference; lastKnownFileType = sourcecode.swift; path = "Animation+Extension.swift"; sourceTree = "<group>"; };
		1EE8CBE82EDA9AD40064F683 /* Array+Extension.swift */ = {isa = PBXFileReference; lastKnownFileType = sourcecode.swift; path = "Array+Extension.swift"; sourceTree = "<group>"; };
		1EE8CBE92EDA9AD40064F683 /* Bundle+Extension.swift */ = {isa = PBXFileReference; lastKnownFileType = sourcecode.swift; path = "Bundle+Extension.swift"; sourceTree = "<group>"; };
		1EE8CBEA2EDA9AD40064F683 /* Font+Extension.swift */ = {isa = PBXFileReference; lastKnownFileType = sourcecode.swift; path = "Font+Extension.swift"; sourceTree = "<group>"; };
		1EE8CBEC2EDA9AD40064F683 /* KeyboardPublishers.swift */ = {isa = PBXFileReference; lastKnownFileType = sourcecode.swift; path = KeyboardPublishers.swift; sourceTree = "<group>"; };
		1EE8CBED2EDA9AD40064F683 /* RotationPublihsers.swift */ = {isa = PBXFileReference; lastKnownFileType = sourcecode.swift; path = RotationPublihsers.swift; sourceTree = "<group>"; };
		1EE8CBEF2EDA9AD40064F683 /* DismissingKeyboardOnSwipe.swift */ = {isa = PBXFileReference; lastKnownFileType = sourcecode.swift; path = DismissingKeyboardOnSwipe.swift; sourceTree = "<group>"; };
		1EE8CBF02EDA9AD40064F683 /* OnReceiveChangeModifier.swift */ = {isa = PBXFileReference; lastKnownFileType = sourcecode.swift; path = OnReceiveChangeModifier.swift; sourceTree = "<group>"; };
		1EE8CBF12EDA9AD40064F683 /* StrokeModifier.swift */ = {isa = PBXFileReference; lastKnownFileType = sourcecode.swift; path = StrokeModifier.swift; sourceTree = "<group>"; };
		1EE8CBF22EDA9AD40064F683 /* ViewDurationTrackerModifier.swift */ = {isa = PBXFileReference; lastKnownFileType = sourcecode.swift; path = ViewDurationTrackerModifier.swift; sourceTree = "<group>"; };
		1EE8CBF42EDA9AD40064F683 /* Codable+Extension.swift */ = {isa = PBXFileReference; lastKnownFileType = sourcecode.swift; path = "Codable+Extension.swift"; sourceTree = "<group>"; };
		1EE8CBF52EDA9AD40064F683 /* Color+Extension.swift */ = {isa = PBXFileReference; lastKnownFileType = sourcecode.swift; path = "Color+Extension.swift"; sourceTree = "<group>"; };
		1EE8CBF62EDA9AD40064F683 /* Data+Extension.swift */ = {isa = PBXFileReference; lastKnownFileType = sourcecode.swift; path = "Data+Extension.swift"; sourceTree = "<group>"; };
		1EE8CBF72EDA9AD40064F683 /* Date+Extension.swift */ = {isa = PBXFileReference; lastKnownFileType = sourcecode.swift; path = "Date+Extension.swift"; sourceTree = "<group>"; };
		1EE8CBF82EDA9AD40064F683 /* Number+Extension.swift */ = {isa = PBXFileReference; lastKnownFileType = sourcecode.swift; path = "Number+Extension.swift"; sourceTree = "<group>"; };
		1EE8CBF92EDA9AD40064F683 /* String+Extension.swift */ = {isa = PBXFileReference; lastKnownFileType = sourcecode.swift; path = "String+Extension.swift"; sourceTree = "<group>"; };
		1EE8CBFA2EDA9AD40064F683 /* UIApplication+Extension.swift */ = {isa = PBXFileReference; lastKnownFileType = sourcecode.swift; path = "UIApplication+Extension.swift"; sourceTree = "<group>"; };
		1EE8CBFB2EDA9AD40064F683 /* UIImage+Extension.swift */ = {isa = PBXFileReference; lastKnownFileType = sourcecode.swift; path = "UIImage+Extension.swift"; sourceTree = "<group>"; };
		1EE8CBFC2EDA9AD40064F683 /* URL+Extension.swift */ = {isa = PBXFileReference; lastKnownFileType = sourcecode.swift; path = "URL+Extension.swift"; sourceTree = "<group>"; };
		1EE8CBFD2EDA9AD40064F683 /* View+Extension.swift */ = {isa = PBXFileReference; lastKnownFileType = sourcecode.swift; path = "View+Extension.swift"; sourceTree = "<group>"; };
		1EE8CC522EDAC7AE0064F683 /* PRAppView.swift */ = {isa = PBXFileReference; lastKnownFileType = sourcecode.swift; path = PRAppView.swift; sourceTree = "<group>"; };
		1EE8CC532EDAC7AE0064F683 /* PRAppViewModel.swift */ = {isa = PBXFileReference; lastKnownFileType = sourcecode.swift; path = PRAppViewModel.swift; sourceTree = "<group>"; };
		1EE8CC562EDAC7C50064F683 /* PRMainTabView.swift */ = {isa = PBXFileReference; lastKnownFileType = sourcecode.swift; path = PRMainTabView.swift; sourceTree = "<group>"; };
		1EE8CC572EDAC7C50064F683 /* PRMainTabViewModel.swift */ = {isa = PBXFileReference; lastKnownFileType = sourcecode.swift; path = PRMainTabViewModel.swift; sourceTree = "<group>"; };
		1EE8CC622EDAC8580064F683 /* PRBreathingModifier.swift */ = {isa = PBXFileReference; lastKnownFileType = sourcecode.swift; path = PRBreathingModifier.swift; sourceTree = "<group>"; };
		1EE8CC632EDAC8580064F683 /* PRCommonLoadingModify.swift */ = {isa = PBXFileReference; lastKnownFileType = sourcecode.swift; path = PRCommonLoadingModify.swift; sourceTree = "<group>"; };
		1EE8CC642EDAC8580064F683 /* PRScanAnimationModifier.swift */ = {isa = PBXFileReference; lastKnownFileType = sourcecode.swift; path = PRScanAnimationModifier.swift; sourceTree = "<group>"; };
		1EE8CC682EDAC8730064F683 /* PRAlertModal.swift */ = {isa = PBXFileReference; lastKnownFileType = sourcecode.swift; path = PRAlertModal.swift; sourceTree = "<group>"; };
		1EE8CC6A2EDAC8810064F683 /* PRDialogDestination.swift */ = {isa = PBXFileReference; lastKnownFileType = sourcecode.swift; path = PRDialogDestination.swift; sourceTree = "<group>"; };
		1EE8CC6B2EDAC8810064F683 /* PRDialogRegistry.swift */ = {isa = PBXFileReference; lastKnownFileType = sourcecode.swift; path = PRDialogRegistry.swift; sourceTree = "<group>"; };
		1EE8CC6E2EDAC8960064F683 /* PRRouterDestination.swift */ = {isa = PBXFileReference; lastKnownFileType = sourcecode.swift; path = PRRouterDestination.swift; sourceTree = "<group>"; };
		1EE8CC6F2EDAC8960064F683 /* PRRouterPath.swift */ = {isa = PBXFileReference; lastKnownFileType = sourcecode.swift; path = PRRouterPath.swift; sourceTree = "<group>"; };
		1EE8CC702EDAC8960064F683 /* PRRouterRegistry.swift */ = {isa = PBXFileReference; lastKnownFileType = sourcecode.swift; path = PRRouterRegistry.swift; sourceTree = "<group>"; };
		1EE8CC742EDAC8A80064F683 /* PRAppUserDefaults.swift */ = {isa = PBXFileReference; lastKnownFileType = sourcecode.swift; path = PRAppUserDefaults.swift; sourceTree = "<group>"; };
		1EE8CC752EDAC8A80064F683 /* PRLLCachePath.swift */ = {isa = PBXFileReference; lastKnownFileType = sourcecode.swift; path = PRLLCachePath.swift; sourceTree = "<group>"; };
		1EE8CC782EDAC8BA0064F683 /* PRConfigManager.swift */ = {isa = PBXFileReference; lastKnownFileType = sourcecode.swift; path = PRConfigManager.swift; sourceTree = "<group>"; };
		1EE8CC7A2EDAC8CC0064F683 /* PRAppInfo.swift */ = {isa = PBXFileReference; lastKnownFileType = sourcecode.swift; path = PRAppInfo.swift; sourceTree = "<group>"; };
		1EE8CC7B2EDAC8CC0064F683 /* PRConstants.swift */ = {isa = PBXFileReference; lastKnownFileType = sourcecode.swift; path = PRConstants.swift; sourceTree = "<group>"; };
		1EE8CC7C2EDAC8CC0064F683 /* PRDeviceHelper.swift */ = {isa = PBXFileReference; lastKnownFileType = sourcecode.swift; path = PRDeviceHelper.swift; sourceTree = "<group>"; };
		1EE8CC7D2EDAC8CC0064F683 /* PRMailHelper.swift */ = {isa = PBXFileReference; lastKnownFileType = sourcecode.swift; path = PRMailHelper.swift; sourceTree = "<group>"; };
		1EE8CC7E2EDAC8CC0064F683 /* PRReviewManager.swift */ = {isa = PBXFileReference; lastKnownFileType = sourcecode.swift; path = PRReviewManager.swift; sourceTree = "<group>"; };
		1EE8CC7F2EDAC8CC0064F683 /* PRUIState.swift */ = {isa = PBXFileReference; lastKnownFileType = sourcecode.swift; path = PRUIState.swift; sourceTree = "<group>"; };
		1EE8CC862EDAC8E20064F683 /* PRLocalizableManager.swift */ = {isa = PBXFileReference; lastKnownFileType = sourcecode.swift; path = PRLocalizableManager.swift; sourceTree = "<group>"; };
		1EE8CC882EDAC8F30064F683 /* PRConfigModel.swift */ = {isa = PBXFileReference; lastKnownFileType = sourcecode.swift; path = PRConfigModel.swift; sourceTree = "<group>"; };
		1EE8CC892EDAC8F30064F683 /* PRUserInfo.swift */ = {isa = PBXFileReference; lastKnownFileType = sourcecode.swift; path = PRUserInfo.swift; sourceTree = "<group>"; };
		1EE8CC8C2EDAC9020064F683 /* PRPermissonsManager.swift */ = {isa = PBXFileReference; lastKnownFileType = sourcecode.swift; path = PRPermissonsManager.swift; sourceTree = "<group>"; };
		1EE8CC8E2EDAC9100064F683 /* PRMarketManager.swift */ = {isa = PBXFileReference; lastKnownFileType = sourcecode.swift; path = PRMarketManager.swift; sourceTree = "<group>"; };
		1EE8CC902EDAC91C0064F683 /* PRGlobalOverlay.swift */ = {isa = PBXFileReference; lastKnownFileType = sourcecode.swift; path = PRGlobalOverlay.swift; sourceTree = "<group>"; };
		1EE8CC922EDAC9280064F683 /* PRUserManager.swift */ = {isa = PBXFileReference; lastKnownFileType = sourcecode.swift; path = PRUserManager.swift; sourceTree = "<group>"; };
		1EE8CC942EDAC9600064F683 /* PRDeviceUtils.swift */ = {isa = PBXFileReference; lastKnownFileType = sourcecode.swift; path = PRDeviceUtils.swift; sourceTree = "<group>"; };
		1EE8CC952EDAC9600064F683 /* PRFunctions.swift */ = {isa = PBXFileReference; lastKnownFileType = sourcecode.swift; path = PRFunctions.swift; sourceTree = "<group>"; };
		1EE8CC962EDAC9600064F683 /* PRIdfaUtils.swift */ = {isa = PBXFileReference; lastKnownFileType = sourcecode.swift; path = PRIdfaUtils.swift; sourceTree = "<group>"; };
		1EE8CC972EDAC9600064F683 /* PRToast.swift */ = {isa = PBXFileReference; lastKnownFileType = sourcecode.swift; path = PRToast.swift; sourceTree = "<group>"; };
		1EE8CC9C2EDAC97F0064F683 /* PRBlurView.swift */ = {isa = PBXFileReference; lastKnownFileType = sourcecode.swift; path = PRBlurView.swift; sourceTree = "<group>"; };
		1EE8CC9D2EDAC97F0064F683 /* PRDividerView.swift */ = {isa = PBXFileReference; lastKnownFileType = sourcecode.swift; path = PRDividerView.swift; sourceTree = "<group>"; };
		1EE8CC9E2EDAC97F0064F683 /* PRGradientCircularProgressView.swift */ = {isa = PBXFileReference; lastKnownFileType = sourcecode.swift; path = PRGradientCircularProgressView.swift; sourceTree = "<group>"; };
		1EE8CC9F2EDAC97F0064F683 /* PRHomeBottomGestureModifier.swift */ = {isa = PBXFileReference; lastKnownFileType = sourcecode.swift; path = PRHomeBottomGestureModifier.swift; sourceTree = "<group>"; };
		1EE8CCA02EDAC97F0064F683 /* PRLaunchView.swift */ = {isa = PBXFileReference; lastKnownFileType = sourcecode.swift; path = PRLaunchView.swift; sourceTree = "<group>"; };
		1EE8CCA12EDAC97F0064F683 /* PRLoadingView.swift */ = {isa = PBXFileReference; lastKnownFileType = sourcecode.swift; path = PRLoadingView.swift; sourceTree = "<group>"; };
		1EE8CCA22EDAC97F0064F683 /* PRMultiProgressBarView.swift */ = {isa = PBXFileReference; lastKnownFileType = sourcecode.swift; path = PRMultiProgressBarView.swift; sourceTree = "<group>"; };
		1EE8CCA32EDAC97F0064F683 /* PRProgressBarView.swift */ = {isa = PBXFileReference; lastKnownFileType = sourcecode.swift; path = PRProgressBarView.swift; sourceTree = "<group>"; };
		1EE8CCA42EDAC97F0064F683 /* PRShareImageActivityView.swift */ = {isa = PBXFileReference; lastKnownFileType = sourcecode.swift; path = PRShareImageActivityView.swift; sourceTree = "<group>"; };
		54B11EDAB26DA07061FDB46F /* Pods-PhotosRefresher.release.xcconfig */ = {isa = PBXFileReference; includeInIndex = 1; lastKnownFileType = text.xcconfig; name = "Pods-PhotosRefresher.release.xcconfig"; path = "Target Support Files/Pods-PhotosRefresher/Pods-PhotosRefresher.release.xcconfig"; sourceTree = "<group>"; };
		82706355394F1BC1947124E7 /* Pods-PhotosRefresher.debug.xcconfig */ = {isa = PBXFileReference; includeInIndex = 1; lastKnownFileType = text.xcconfig; name = "Pods-PhotosRefresher.debug.xcconfig"; path = "Target Support Files/Pods-PhotosRefresher/Pods-PhotosRefresher.debug.xcconfig"; sourceTree = "<group>"; };
		BBAD029657EF5CC0B4D9A22E /* libPods-PhotosRefresher.a */ = {isa = PBXFileReference; explicitFileType = archive.ar; includeInIndex = 0; path = "libPods-PhotosRefresher.a"; sourceTree = BUILT_PRODUCTS_DIR; };
		E202D69C2EDACC8100B1F55F /* PRBlurryAnalyzer.swift */ = {isa = PBXFileReference; lastKnownFileType = sourcecode.swift; path = PRBlurryAnalyzer.swift; sourceTree = "<group>"; };
		E202D69E2EDACC8100B1F55F /* PRDuplicateAnalyzer.swift */ = {isa = PBXFileReference; lastKnownFileType = sourcecode.swift; path = PRDuplicateAnalyzer.swift; sourceTree = "<group>"; };
		E202D6A02EDACC8100B1F55F /* PRLargeVideoAnalyzer.swift */ = {isa = PBXFileReference; lastKnownFileType = sourcecode.swift; path = PRLargeVideoAnalyzer.swift; sourceTree = "<group>"; };
		E202D6A22EDACC8100B1F55F /* PRSimilarAnalyzer.swift */ = {isa = PBXFileReference; lastKnownFileType = sourcecode.swift; path = PRSimilarAnalyzer.swift; sourceTree = "<group>"; };
		E202D6A42EDACC8100B1F55F /* PRTextAnalyzer.swift */ = {isa = PBXFileReference; lastKnownFileType = sourcecode.swift; path = PRTextAnalyzer.swift; sourceTree = "<group>"; };
		E202D6A72EDACC8100B1F55F /* PRAssetsHelper.swift */ = {isa = PBXFileReference; lastKnownFileType = sourcecode.swift; path = PRAssetsHelper.swift; sourceTree = "<group>"; };
		E202D6A82EDACC8100B1F55F /* PRChunkScheduler.swift */ = {isa = PBXFileReference; lastKnownFileType = sourcecode.swift; path = PRChunkScheduler.swift; sourceTree = "<group>"; };
		E202D6A92EDACC8100B1F55F /* PRPhotoMapManager.swift */ = {isa = PBXFileReference; lastKnownFileType = sourcecode.swift; path = PRPhotoMapManager.swift; sourceTree = "<group>"; };
		E202D6AA2EDACC8100B1F55F /* PRPhotoTypes.swift */ = {isa = PBXFileReference; lastKnownFileType = sourcecode.swift; path = PRPhotoTypes.swift; sourceTree = "<group>"; };
		E202D6AC2EDACC8100B1F55F /* PRDiskSpaceManager.swift */ = {isa = PBXFileReference; lastKnownFileType = sourcecode.swift; path = PRDiskSpaceManager.swift; sourceTree = "<group>"; };
		E202D6AE2EDACC8100B1F55F /* PRSnapshots.swift */ = {isa = PBXFileReference; lastKnownFileType = sourcecode.swift; path = PRSnapshots.swift; sourceTree = "<group>"; };
		E202D6B02EDACC8100B1F55F /* PRAssetThumbnailProvider.swift */ = {isa = PBXFileReference; lastKnownFileType = sourcecode.swift; path = PRAssetThumbnailProvider.swift; sourceTree = "<group>"; };
		E202D6B32EDACC8100B1F55F /* PRSubscribeListRequestModel.swift */ = {isa = PBXFileReference; lastKnownFileType = sourcecode.swift; path = PRSubscribeListRequestModel.swift; sourceTree = "<group>"; };
		E202D6B72EDACC8100B1F55F /* PRSubscribeNormalCellView.swift */ = {isa = PBXFileReference; lastKnownFileType = sourcecode.swift; path = PRSubscribeNormalCellView.swift; sourceTree = "<group>"; };
		E202D6B82EDACC8100B1F55F /* PRSubscribeNormalPage.swift */ = {isa = PBXFileReference; lastKnownFileType = sourcecode.swift; path = PRSubscribeNormalPage.swift; sourceTree = "<group>"; };
		E202D6B92EDACC8100B1F55F /* PRSubscribeRandomBubble.swift */ = {isa = PBXFileReference; lastKnownFileType = sourcecode.swift; path = PRSubscribeRandomBubble.swift; sourceTree = "<group>"; };
		E202D6BA2EDACC8100B1F55F /* PRSubscribeSwitchPage.swift */ = {isa = PBXFileReference; lastKnownFileType = sourcecode.swift; path = PRSubscribeSwitchPage.swift; sourceTree = "<group>"; };
		E202D6BC2EDACC8100B1F55F /* PRProductManager.swift */ = {isa = PBXFileReference; lastKnownFileType = sourcecode.swift; path = PRProductManager.swift; sourceTree = "<group>"; };
		E202D6BD2EDACC8100B1F55F /* PRSubscribeViewModel.swift */ = {isa = PBXFileReference; lastKnownFileType = sourcecode.swift; path = PRSubscribeViewModel.swift; sourceTree = "<group>"; };
		E202D6D52EDACD1100B1F55F /* PRThemeButton.swift */ = {isa = PBXFileReference; lastKnownFileType = sourcecode.swift; path = PRThemeButton.swift; sourceTree = "<group>"; };
		E202D6D72EDACED900B1F55F /* PRSubscribeEntryView.swift */ = {isa = PBXFileReference; lastKnownFileType = sourcecode.swift; path = PRSubscribeEntryView.swift; sourceTree = "<group>"; };
		E202D6D92EDACF1500B1F55F /* PRSubscribeResponseModel.swift */ = {isa = PBXFileReference; lastKnownFileType = sourcecode.swift; path = PRSubscribeResponseModel.swift; sourceTree = "<group>"; };
		E202D6DF2EDAD11E00B1F55F /* PROrderManager.swift */ = {isa = PBXFileReference; lastKnownFileType = sourcecode.swift; path = PROrderManager.swift; sourceTree = "<group>"; };
		E202D6E12EDAD13700B1F55F /* PRPaymentProcessManager.swift */ = {isa = PBXFileReference; lastKnownFileType = sourcecode.swift; path = PRPaymentProcessManager.swift; sourceTree = "<group>"; };
		E202D6E32EDAD14600B1F55F /* PRSubscriptionHelper.swift */ = {isa = PBXFileReference; lastKnownFileType = sourcecode.swift; path = PRSubscriptionHelper.swift; sourceTree = "<group>"; };
		E202D6E62EDAD17500B1F55F /* PROrderModel.swift */ = {isa = PBXFileReference; lastKnownFileType = sourcecode.swift; path = PROrderModel.swift; sourceTree = "<group>"; };
		E202D6EA2EDAD1C500B1F55F /* Alamofire+EventSource.swift */ = {isa = PBXFileReference; lastKnownFileType = sourcecode.swift; path = "Alamofire+EventSource.swift"; sourceTree = "<group>"; };
		E202D6EC2EDAD1E800B1F55F /* PRDecodableEventSourceMessage.swift */ = {isa = PBXFileReference; lastKnownFileType = sourcecode.swift; path = PRDecodableEventSourceMessage.swift; sourceTree = "<group>"; };
		E202D6EE2EDAD1FF00B1F55F /* PRDecodableEventSourceSerializer.swift */ = {isa = PBXFileReference; lastKnownFileType = sourcecode.swift; path = PRDecodableEventSourceSerializer.swift; sourceTree = "<group>"; };
		E202D6F02EDAD21400B1F55F /* PREventSourceMessage.swift */ = {isa = PBXFileReference; lastKnownFileType = sourcecode.swift; path = PREventSourceMessage.swift; sourceTree = "<group>"; };
		E202D6F22EDAD22600B1F55F /* PREventSourceSerializer.swift */ = {isa = PBXFileReference; lastKnownFileType = sourcecode.swift; path = PREventSourceSerializer.swift; sourceTree = "<group>"; };
		E202D6F42EDAD23A00B1F55F /* PREnvironmentManager.swift */ = {isa = PBXFileReference; lastKnownFileType = sourcecode.swift; path = PREnvironmentManager.swift; sourceTree = "<group>"; };
		E202D6F62EDAD24C00B1F55F /* PRRequestHandlerInterceptor.swift */ = {isa = PBXFileReference; lastKnownFileType = sourcecode.swift; path = PRRequestHandlerInterceptor.swift; sourceTree = "<group>"; };
		E202D6F82EDAD25C00B1F55F /* PRRequestHandlerManager.swift */ = {isa = PBXFileReference; lastKnownFileType = sourcecode.swift; path = PRRequestHandlerManager.swift; sourceTree = "<group>"; };
		E202D6FA2EDAD27200B1F55F /* PRRequestHandlerNetworkManager+File.swift */ = {isa = PBXFileReference; lastKnownFileType = sourcecode.swift; path = "PRRequestHandlerNetworkManager+File.swift"; sourceTree = "<group>"; };
		E202D6FC2EDAD28B00B1F55F /* PRRequestHandlerNetworkManager+Stream.swift */ = {isa = PBXFileReference; lastKnownFileType = sourcecode.swift; path = "PRRequestHandlerNetworkManager+Stream.swift"; sourceTree = "<group>"; };
		E202D6FE2EDAD2A200B1F55F /* PRRequestHandlerObserver.swift */ = {isa = PBXFileReference; lastKnownFileType = sourcecode.swift; path = PRRequestHandlerObserver.swift; sourceTree = "<group>"; };
		E202D7002EDAD2C800B1F55F /* PRRequestHandlerResponseModel.swift */ = {isa = PBXFileReference; lastKnownFileType = sourcecode.swift; path = PRRequestHandlerResponseModel.swift; sourceTree = "<group>"; };
		E202D7022EDAD2DA00B1F55F /* PRRequestHandlerSignUtils.swift */ = {isa = PBXFileReference; lastKnownFileType = sourcecode.swift; path = PRRequestHandlerSignUtils.swift; sourceTree = "<group>"; };
		E22428542ECEEB7E00C867D4 /* PhotosRefresher.app */ = {isa = PBXFileReference; explicitFileType = wrapper.application; includeInIndex = 0; path = PhotosRefresher.app; sourceTree = BUILT_PRODUCTS_DIR; };
		E2242A832ECEEE8400C867D4 /* Assets.xcassets */ = {isa = PBXFileReference; lastKnownFileType = folder.assetcatalog; path = Assets.xcassets; sourceTree = "<group>"; };
		E2242A862ECEEE8400C867D4 /* PhotosRefresherApp.swift */ = {isa = PBXFileReference; lastKnownFileType = sourcecode.swift; path = PhotosRefresherApp.swift; sourceTree = "<group>"; };
		E2242B002ECF106300C867D4 /* ATTrackingManager+Limit.h */ = {isa = PBXFileReference; lastKnownFileType = sourcecode.c.h; path = "ATTrackingManager+Limit.h"; sourceTree = "<group>"; };
		E2242B012ECF106300C867D4 /* ATTrackingManager+Limit.m */ = {isa = PBXFileReference; lastKnownFileType = sourcecode.c.objc; path = "ATTrackingManager+Limit.m"; sourceTree = "<group>"; };
		E2242BEA2ECF10B800C867D4 /* PRBottomSheet.swift */ = {isa = PBXFileReference; lastKnownFileType = sourcecode.swift; path = PRBottomSheet.swift; sourceTree = "<group>"; };
		E2242BEB2ECF10B800C867D4 /* PRCustomNavigationBarView.swift */ = {isa = PBXFileReference; lastKnownFileType = sourcecode.swift; path = PRCustomNavigationBarView.swift; sourceTree = "<group>"; };
		E2242BF22ECF10B800C867D4 /* PRLottieView.swift */ = {isa = PBXFileReference; lastKnownFileType = sourcecode.swift; path = PRLottieView.swift; sourceTree = "<group>"; };
		E2242BF32ECF10B800C867D4 /* PRModalView.swift */ = {isa = PBXFileReference; lastKnownFileType = sourcecode.swift; path = PRModalView.swift; sourceTree = "<group>"; };
		E2242BFA2ECF10B800C867D4 /* PRAlertView.swift */ = {isa = PBXFileReference; lastKnownFileType = sourcecode.swift; path = PRAlertView.swift; sourceTree = "<group>"; };
		E2242BFC2ECF10B800C867D4 /* PRAlbumPermissionView.swift */ = {isa = PBXFileReference; lastKnownFileType = sourcecode.swift; path = PRAlbumPermissionView.swift; sourceTree = "<group>"; };
		E2242BFD2ECF10B800C867D4 /* PRGuidePage.swift */ = {isa = PBXFileReference; lastKnownFileType = sourcecode.swift; path = PRGuidePage.swift; sourceTree = "<group>"; };
		E2242BFE2ECF10B800C867D4 /* PRGuideViewModel.swift */ = {isa = PBXFileReference; lastKnownFileType = sourcecode.swift; path = PRGuideViewModel.swift; sourceTree = "<group>"; };
		E2242BFF2ECF10B800C867D4 /* PRGuideWelcomePage.swift */ = {isa = PBXFileReference; lastKnownFileType = sourcecode.swift; path = PRGuideWelcomePage.swift; sourceTree = "<group>"; };
		E2242C002ECF10B800C867D4 /* PRHomeHUDView.swift */ = {isa = PBXFileReference; lastKnownFileType = sourcecode.swift; path = PRHomeHUDView.swift; sourceTree = "<group>"; };
		E2242C012ECF10B800C867D4 /* PRIDFAPageView.swift */ = {isa = PBXFileReference; lastKnownFileType = sourcecode.swift; path = PRIDFAPageView.swift; sourceTree = "<group>"; };
		E2242C092ECF10B800C867D4 /* PRSettingPage.swift */ = {isa = PBXFileReference; lastKnownFileType = sourcecode.swift; path = PRSettingPage.swift; sourceTree = "<group>"; };
		E2242C0A2ECF10B800C867D4 /* PRSettingSection.swift */ = {isa = PBXFileReference; lastKnownFileType = sourcecode.swift; path = PRSettingSection.swift; sourceTree = "<group>"; };
		E2242C2B2ECF111600C867D4 /* PRCategoryHomePage.swift */ = {isa = PBXFileReference; lastKnownFileType = sourcecode.swift; path = PRCategoryHomePage.swift; sourceTree = "<group>"; };
		E2242C2D2ECF113200C867D4 /* PRCategoryHomeViewModel.swift */ = {isa = PBXFileReference; lastKnownFileType = sourcecode.swift; path = PRCategoryHomeViewModel.swift; sourceTree = "<group>"; };
		E2242C2F2ECF115300C867D4 /* PRDeleteFinishPage.swift */ = {isa = PBXFileReference; lastKnownFileType = sourcecode.swift; path = PRDeleteFinishPage.swift; sourceTree = "<group>"; };
		E2242C312ECF116B00C867D4 /* PRDoubleFeedPage.swift */ = {isa = PBXFileReference; lastKnownFileType = sourcecode.swift; path = PRDoubleFeedPage.swift; sourceTree = "<group>"; };
		E2242C332ECF117F00C867D4 /* PRDoubleFeedViewModel.swift */ = {isa = PBXFileReference; lastKnownFileType = sourcecode.swift; path = PRDoubleFeedViewModel.swift; sourceTree = "<group>"; };
		E2242C352ECF11AA00C867D4 /* PRDuplicatePage.swift */ = {isa = PBXFileReference; lastKnownFileType = sourcecode.swift; path = PRDuplicatePage.swift; sourceTree = "<group>"; };
		E2242C382ECF120700C867D4 /* PRHomeAuthorizationView.swift */ = {isa = PBXFileReference; lastKnownFileType = sourcecode.swift; path = PRHomeAuthorizationView.swift; sourceTree = "<group>"; };
		E2242C3A2ECF122A00C867D4 /* PRHomeHeaderView.swift */ = {isa = PBXFileReference; lastKnownFileType = sourcecode.swift; path = PRHomeHeaderView.swift; sourceTree = "<group>"; };
		E2242C3C2ECF124800C867D4 /* PRHomeTopBar.swift */ = {isa = PBXFileReference; lastKnownFileType = sourcecode.swift; path = PRHomeTopBar.swift; sourceTree = "<group>"; };
		E2242C3F2ECF12EB00C867D4 /* PRSlideDetailPage.swift */ = {isa = PBXFileReference; lastKnownFileType = sourcecode.swift; path = PRSlideDetailPage.swift; sourceTree = "<group>"; };
		E2242C412ECF130900C867D4 /* PRSlidePage.swift */ = {isa = PBXFileReference; lastKnownFileType = sourcecode.swift; path = PRSlidePage.swift; sourceTree = "<group>"; };
		E2242C432ECF131B00C867D4 /* PRSlideViewModel.swift */ = {isa = PBXFileReference; lastKnownFileType = sourcecode.swift; path = PRSlideViewModel.swift; sourceTree = "<group>"; };
		E2242C452ECF134B00C867D4 /* PRSlideCacheManager.swift */ = {isa = PBXFileReference; lastKnownFileType = sourcecode.swift; path = PRSlideCacheManager.swift; sourceTree = "<group>"; };
		E2242C472ECF138100C867D4 /* TrashReviewAlertView.swift */ = {isa = PBXFileReference; lastKnownFileType = sourcecode.swift; path = TrashReviewAlertView.swift; sourceTree = "<group>"; };
		E2242C492ECF13E400C867D4 /* PR-Bridging-Header.h */ = {isa = PBXFileReference; lastKnownFileType = sourcecode.c.h; path = "PR-Bridging-Header.h"; sourceTree = "<group>"; };
		E2242C4D2ECF166600C867D4 /* Info.plist */ = {isa = PBXFileReference; lastKnownFileType = text.plist.xml; path = Info.plist; sourceTree = "<group>"; };
		E2242C4F2ECF191B00C867D4 /* LaunchScreen.storyboard */ = {isa = PBXFileReference; lastKnownFileType = file.storyboard; path = LaunchScreen.storyboard; sourceTree = "<group>"; };
		E2242C602ED5E1B300C867D4 /* PhotosRefresher.entitlements */ = {isa = PBXFileReference; lastKnownFileType = text.plist.entitlements; path = PhotosRefresher.entitlements; sourceTree = "<group>"; };
/* End PBXFileReference section */

/* Begin PBXFileSystemSynchronizedRootGroup section */
		E2242ACC2ECEEFE100C867D4 /* Resources */ = {
			isa = PBXFileSystemSynchronizedRootGroup;
			path = Resources;
			sourceTree = "<group>";
		};
/* End PBXFileSystemSynchronizedRootGroup section */

/* Begin PBXFrameworksBuildPhase section */
		E22428512ECEEB7E00C867D4 /* Frameworks */ = {
			isa = PBXFrameworksBuildPhase;
			buildActionMask = 2147483647;
			files = (
				99AD6478D10F5531774B1F4A /* libPods-PhotosRefresher.a in Frameworks */,
			);
			runOnlyForDeploymentPostprocessing = 0;
		};
/* End PBXFrameworksBuildPhase section */

/* Begin PBXGroup section */
		1EE8CBE12EDA9AD40064F683 /* Keychain */ = {
			isa = PBXGroup;
			children = (
				1EE8CBDD2EDA9AD40064F683 /* SSKeychain.h */,
				1EE8CBDE2EDA9AD40064F683 /* SSKeychain.m */,
				1EE8CBDF2EDA9AD40064F683 /* SSKeychainQuery.h */,
				1EE8CBE02EDA9AD40064F683 /* SSKeychainQuery.m */,
			);
			path = Keychain;
			sourceTree = "<group>";
		};
		1EE8CBE62EDA9AD40064F683 /* Device */ = {
			isa = PBXGroup;
			children = (
				1EE8CBE12EDA9AD40064F683 /* Keychain */,
				1EE8CBE22EDA9AD40064F683 /* CommonAICuid.h */,
				1EE8CBE32EDA9AD40064F683 /* CommonAICuid.mm */,
				1EE8CBE42EDA9AD40064F683 /* CommonAICuidUtils.h */,
				1EE8CBE52EDA9AD40064F683 /* CommonAICuidUtils.m */,
			);
			path = Device;
			sourceTree = "<group>";
		};
		1EE8CBEB2EDA9AD40064F683 /* business */ = {
			isa = PBXGroup;
			children = (
				1EE8CBE72EDA9AD40064F683 /* Animation+Extension.swift */,
				1EE8CBE82EDA9AD40064F683 /* Array+Extension.swift */,
				1EE8CBE92EDA9AD40064F683 /* Bundle+Extension.swift */,
				1EE8CBEA2EDA9AD40064F683 /* Font+Extension.swift */,
			);
			path = business;
			sourceTree = "<group>";
		};
		1EE8CBEE2EDA9AD40064F683 /* Publishers */ = {
			isa = PBXGroup;
			children = (
				1EE8CBEC2EDA9AD40064F683 /* KeyboardPublishers.swift */,
				1EE8CBED2EDA9AD40064F683 /* RotationPublihsers.swift */,
			);
			path = Publishers;
			sourceTree = "<group>";
		};
		1EE8CBF32EDA9AD40064F683 /* ViewModifiers */ = {
			isa = PBXGroup;
			children = (
				1EE8CBEF2EDA9AD40064F683 /* DismissingKeyboardOnSwipe.swift */,
				1EE8CBF02EDA9AD40064F683 /* OnReceiveChangeModifier.swift */,
				1EE8CBF12EDA9AD40064F683 /* StrokeModifier.swift */,
				1EE8CBF22EDA9AD40064F683 /* ViewDurationTrackerModifier.swift */,
			);
			path = ViewModifiers;
			sourceTree = "<group>";
		};
		1EE8CBFE2EDA9AD40064F683 /* Extensions */ = {
			isa = PBXGroup;
			children = (
				1EE8CBEB2EDA9AD40064F683 /* business */,
				1EE8CBEE2EDA9AD40064F683 /* Publishers */,
				1EE8CBF32EDA9AD40064F683 /* ViewModifiers */,
				1EE8CBF42EDA9AD40064F683 /* Codable+Extension.swift */,
				1EE8CBF52EDA9AD40064F683 /* Color+Extension.swift */,
				1EE8CBF62EDA9AD40064F683 /* Data+Extension.swift */,
				1EE8CBF72EDA9AD40064F683 /* Date+Extension.swift */,
				1EE8CBF82EDA9AD40064F683 /* Number+Extension.swift */,
				1EE8CBF92EDA9AD40064F683 /* String+Extension.swift */,
				1EE8CBFA2EDA9AD40064F683 /* UIApplication+Extension.swift */,
				1EE8CBFB2EDA9AD40064F683 /* UIImage+Extension.swift */,
				1EE8CBFC2EDA9AD40064F683 /* URL+Extension.swift */,
				1EE8CBFD2EDA9AD40064F683 /* View+Extension.swift */,
			);
			path = Extensions;
			sourceTree = "<group>";
		};
		76339BC64290C80C44CC8E03 /* Frameworks */ = {
			isa = PBXGroup;
			children = (
				BBAD029657EF5CC0B4D9A22E /* libPods-PhotosRefresher.a */,
			);
			name = Frameworks;
			sourceTree = "<group>";
		};
		E202D69D2EDACC8100B1F55F /* blurry */ = {
			isa = PBXGroup;
			children = (
				E202D69C2EDACC8100B1F55F /* PRBlurryAnalyzer.swift */,
			);
			path = blurry;
			sourceTree = "<group>";
		};
		E202D69F2EDACC8100B1F55F /* duplicate */ = {
			isa = PBXGroup;
			children = (
				E202D69E2EDACC8100B1F55F /* PRDuplicateAnalyzer.swift */,
			);
			path = duplicate;
			sourceTree = "<group>";
		};
		E202D6A12EDACC8100B1F55F /* largeVideo */ = {
			isa = PBXGroup;
			children = (
				E202D6A02EDACC8100B1F55F /* PRLargeVideoAnalyzer.swift */,
			);
			path = largeVideo;
			sourceTree = "<group>";
		};
		E202D6A32EDACC8100B1F55F /* similar */ = {
			isa = PBXGroup;
			children = (
				E202D6A22EDACC8100B1F55F /* PRSimilarAnalyzer.swift */,
			);
			path = similar;
			sourceTree = "<group>";
		};
		E202D6A52EDACC8100B1F55F /* text */ = {
			isa = PBXGroup;
			children = (
				E202D6A42EDACC8100B1F55F /* PRTextAnalyzer.swift */,
			);
			path = text;
			sourceTree = "<group>";
		};
		E202D6A62EDACC8100B1F55F /* analyze */ = {
			isa = PBXGroup;
			children = (
				E202D69D2EDACC8100B1F55F /* blurry */,
				E202D69F2EDACC8100B1F55F /* duplicate */,
				E202D6A12EDACC8100B1F55F /* largeVideo */,
				E202D6A32EDACC8100B1F55F /* similar */,
				E202D6A52EDACC8100B1F55F /* text */,
			);
			path = analyze;
			sourceTree = "<group>";
		};
		E202D6AB2EDACC8100B1F55F /* core */ = {
			isa = PBXGroup;
			children = (
				E202D6A72EDACC8100B1F55F /* PRAssetsHelper.swift */,
				E202D6A82EDACC8100B1F55F /* PRChunkScheduler.swift */,
				E202D6A92EDACC8100B1F55F /* PRPhotoMapManager.swift */,
				E202D6AA2EDACC8100B1F55F /* PRPhotoTypes.swift */,
			);
			path = core;
			sourceTree = "<group>";
		};
		E202D6AD2EDACC8100B1F55F /* helper */ = {
			isa = PBXGroup;
			children = (
				E202D6AC2EDACC8100B1F55F /* PRDiskSpaceManager.swift */,
			);
			path = helper;
			sourceTree = "<group>";
		};
		E202D6AF2EDACC8100B1F55F /* model */ = {
			isa = PBXGroup;
			children = (
				E202D6AE2EDACC8100B1F55F /* PRSnapshots.swift */,
			);
			path = model;
			sourceTree = "<group>";
		};
		E202D6B12EDACC8100B1F55F /* view */ = {
			isa = PBXGroup;
			children = (
				E202D6B02EDACC8100B1F55F /* PRAssetThumbnailProvider.swift */,
			);
			path = view;
			sourceTree = "<group>";
		};
		E202D6B22EDACC8100B1F55F /* PRAssetManage */ = {
			isa = PBXGroup;
			children = (
				E202D6A62EDACC8100B1F55F /* analyze */,
				E202D6AB2EDACC8100B1F55F /* core */,
				E202D6AD2EDACC8100B1F55F /* helper */,
				E202D6AF2EDACC8100B1F55F /* model */,
				E202D6B12EDACC8100B1F55F /* view */,
			);
			path = PRAssetManage;
			sourceTree = "<group>";
		};
		E202D6B52EDACC8100B1F55F /* Model */ = {
			isa = PBXGroup;
			children = (
				E202D6D92EDACF1500B1F55F /* PRSubscribeResponseModel.swift */,
				E202D6B32EDACC8100B1F55F /* PRSubscribeListRequestModel.swift */,
			);
			path = Model;
			sourceTree = "<group>";
		};
		E202D6BB2EDACC8100B1F55F /* View */ = {
			isa = PBXGroup;
			children = (
				E202D6D72EDACED900B1F55F /* PRSubscribeEntryView.swift */,
				E202D6B72EDACC8100B1F55F /* PRSubscribeNormalCellView.swift */,
				E202D6B82EDACC8100B1F55F /* PRSubscribeNormalPage.swift */,
				E202D6B92EDACC8100B1F55F /* PRSubscribeRandomBubble.swift */,
				E202D6BA2EDACC8100B1F55F /* PRSubscribeSwitchPage.swift */,
			);
			path = View;
			sourceTree = "<group>";
		};
		E202D6BE2EDACC8100B1F55F /* ViewModel */ = {
			isa = PBXGroup;
			children = (
				E202D6BC2EDACC8100B1F55F /* PRProductManager.swift */,
				E202D6BD2EDACC8100B1F55F /* PRSubscribeViewModel.swift */,
			);
			path = ViewModel;
			sourceTree = "<group>";
		};
		E202D6BF2EDACC8100B1F55F /* Subs */ = {
			isa = PBXGroup;
			children = (
				E202D6B52EDACC8100B1F55F /* Model */,
				E202D6BB2EDACC8100B1F55F /* View */,
				E202D6BE2EDACC8100B1F55F /* ViewModel */,
			);
			path = Subs;
			sourceTree = "<group>";
		};
		E202D6DD2EDAD0EB00B1F55F /* ThirdSDK */ = {
			isa = PBXGroup;
			children = (
				E202D6E82EDAD1AF00B1F55F /* Net */,
				E202D6DE2EDAD10D00B1F55F /* PRPay */,
				1EE8CBFE2EDA9AD40064F683 /* Extensions */,
				1EE8CBE62EDA9AD40064F683 /* Device */,
			);
			path = ThirdSDK;
			sourceTree = "<group>";
		};
		E202D6DE2EDAD10D00B1F55F /* PRPay */ = {
			isa = PBXGroup;
			children = (
				E202D6E52EDAD15E00B1F55F /* Model */,
				E202D6DF2EDAD11E00B1F55F /* PROrderManager.swift */,
				E202D6E12EDAD13700B1F55F /* PRPaymentProcessManager.swift */,
				E202D6E32EDAD14600B1F55F /* PRSubscriptionHelper.swift */,
			);
			path = PRPay;
			sourceTree = "<group>";
		};
		E202D6E52EDAD15E00B1F55F /* Model */ = {
			isa = PBXGroup;
			children = (
				E202D6E62EDAD17500B1F55F /* PROrderModel.swift */,
			);
			path = Model;
			sourceTree = "<group>";
		};
		E202D6E82EDAD1AF00B1F55F /* Net */ = {
			isa = PBXGroup;
			children = (
				E202D6E92EDAD1BA00B1F55F /* ES */,
				E202D6F42EDAD23A00B1F55F /* PREnvironmentManager.swift */,
				E202D6F62EDAD24C00B1F55F /* PRRequestHandlerInterceptor.swift */,
				E202D6F82EDAD25C00B1F55F /* PRRequestHandlerManager.swift */,
				E202D6FA2EDAD27200B1F55F /* PRRequestHandlerNetworkManager+File.swift */,
				E202D6FC2EDAD28B00B1F55F /* PRRequestHandlerNetworkManager+Stream.swift */,
				E202D6FE2EDAD2A200B1F55F /* PRRequestHandlerObserver.swift */,
				E202D7002EDAD2C800B1F55F /* PRRequestHandlerResponseModel.swift */,
				E202D7022EDAD2DA00B1F55F /* PRRequestHandlerSignUtils.swift */,
			);
			path = Net;
			sourceTree = "<group>";
		};
		E202D6E92EDAD1BA00B1F55F /* ES */ = {
			isa = PBXGroup;
			children = (
				E202D6EA2EDAD1C500B1F55F /* Alamofire+EventSource.swift */,
				E202D6EC2EDAD1E800B1F55F /* PRDecodableEventSourceMessage.swift */,
				E202D6EE2EDAD1FF00B1F55F /* PRDecodableEventSourceSerializer.swift */,
				E202D6F02EDAD21400B1F55F /* PREventSourceMessage.swift */,
				E202D6F22EDAD22600B1F55F /* PREventSourceSerializer.swift */,
			);
			path = ES;
			sourceTree = "<group>";
		};
		E224284B2ECEEB7E00C867D4 = {
			isa = PBXGroup;
			children = (
				E2242A872ECEEE8400C867D4 /* PhotosRefresher */,
				E22428552ECEEB7E00C867D4 /* Products */,
				E41BB5081F8D1C81768BF3CF /* Pods */,
				76339BC64290C80C44CC8E03 /* Frameworks */,
			);
			sourceTree = "<group>";
		};
		E22428552ECEEB7E00C867D4 /* Products */ = {
			isa = PBXGroup;
			children = (
				E22428542ECEEB7E00C867D4 /* PhotosRefresher.app */,
			);
			name = Products;
			sourceTree = "<group>";
		};
		E2242A872ECEEE8400C867D4 /* PhotosRefresher */ = {
			isa = PBXGroup;
			children = (
				E202D6DD2EDAD0EB00B1F55F /* ThirdSDK */,
				E202D6B22EDACC8100B1F55F /* PRAssetManage */,
				E202D6BF2EDACC8100B1F55F /* Subs */,
				E2242C602ED5E1B300C867D4 /* PhotosRefresher.entitlements */,
				E2242B0B2ECF106300C867D4 /* Biz */,
				E2242B482ECF106300C867D4 /* Modify */,
				E2242B7E2ECF106300C867D4 /* Utils */,
				E2242C0C2ECF10B800C867D4 /* Views */,
				E2242ACC2ECEEFE100C867D4 /* Resources */,
				E2242A832ECEEE8400C867D4 /* Assets.xcassets */,
				E2242C492ECF13E400C867D4 /* PR-Bridging-Header.h */,
				E2242C4F2ECF191B00C867D4 /* LaunchScreen.storyboard */,
				E2242A862ECEEE8400C867D4 /* PhotosRefresherApp.swift */,
				E2242C4D2ECF166600C867D4 /* Info.plist */,
			);
			path = PhotosRefresher;
			sourceTree = "<group>";
		};
		E2242AE42ECF106300C867D4 /* Models */ = {
			isa = PBXGroup;
			children = (
				1EE8CC682EDAC8730064F683 /* PRAlertModal.swift */,
			);
			path = Models;
			sourceTree = "<group>";
		};
		E2242AE72ECF106300C867D4 /* Dialog */ = {
			isa = PBXGroup;
			children = (
				E2242AE42ECF106300C867D4 /* Models */,
				1EE8CC6A2EDAC8810064F683 /* PRDialogDestination.swift */,
				1EE8CC6B2EDAC8810064F683 /* PRDialogRegistry.swift */,
			);
			path = Dialog;
			sourceTree = "<group>";
		};
		E2242AEB2ECF106300C867D4 /* Router */ = {
			isa = PBXGroup;
			children = (
				1EE8CC6E2EDAC8960064F683 /* PRRouterDestination.swift */,
				1EE8CC6F2EDAC8960064F683 /* PRRouterPath.swift */,
				1EE8CC702EDAC8960064F683 /* PRRouterRegistry.swift */,
			);
			path = Router;
			sourceTree = "<group>";
		};
		E2242AEC2ECF106300C867D4 /* AppRegistry */ = {
			isa = PBXGroup;
			children = (
				E2242AE72ECF106300C867D4 /* Dialog */,
				E2242AEB2ECF106300C867D4 /* Router */,
			);
			path = AppRegistry;
			sourceTree = "<group>";
		};
		E2242AEF2ECF106300C867D4 /* Cache */ = {
			isa = PBXGroup;
			children = (
				1EE8CC742EDAC8A80064F683 /* PRAppUserDefaults.swift */,
				1EE8CC752EDAC8A80064F683 /* PRLLCachePath.swift */,
			);
			path = Cache;
			sourceTree = "<group>";
		};
		E2242AF12ECF106300C867D4 /* Config */ = {
			isa = PBXGroup;
			children = (
				1EE8CC782EDAC8BA0064F683 /* PRConfigManager.swift */,
			);
			path = Config;
			sourceTree = "<group>";
		};
		E2242AF82ECF106300C867D4 /* Global */ = {
			isa = PBXGroup;
			children = (
				1EE8CC7A2EDAC8CC0064F683 /* PRAppInfo.swift */,
				1EE8CC7B2EDAC8CC0064F683 /* PRConstants.swift */,
				1EE8CC7C2EDAC8CC0064F683 /* PRDeviceHelper.swift */,
				1EE8CC7D2EDAC8CC0064F683 /* PRMailHelper.swift */,
				1EE8CC7E2EDAC8CC0064F683 /* PRReviewManager.swift */,
				1EE8CC7F2EDAC8CC0064F683 /* PRUIState.swift */,
			);
			path = Global;
			sourceTree = "<group>";
		};
		E2242AFA2ECF106300C867D4 /* Localizable */ = {
			isa = PBXGroup;
			children = (
				1EE8CC862EDAC8E20064F683 /* PRLocalizableManager.swift */,
			);
			path = Localizable;
			sourceTree = "<group>";
		};
		E2242AFF2ECF106300C867D4 /* Network */ = {
			isa = PBXGroup;
			children = (
				1EE8CC882EDAC8F30064F683 /* PRConfigModel.swift */,
				1EE8CC892EDAC8F30064F683 /* PRUserInfo.swift */,
			);
			path = Network;
			sourceTree = "<group>";
		};
		E2242B032ECF106300C867D4 /* Permissons */ = {
			isa = PBXGroup;
			children = (
				E2242B002ECF106300C867D4 /* ATTrackingManager+Limit.h */,
				E2242B012ECF106300C867D4 /* ATTrackingManager+Limit.m */,
				1EE8CC8C2EDAC9020064F683 /* PRPermissonsManager.swift */,
			);
			path = Permissons;
			sourceTree = "<group>";
		};
		E2242B062ECF106300C867D4 /* Report */ = {
			isa = PBXGroup;
			children = (
				1EE8CC8E2EDAC9100064F683 /* PRMarketManager.swift */,
			);
			path = Report;
			sourceTree = "<group>";
		};
		E2242B082ECF106300C867D4 /* Tool */ = {
			isa = PBXGroup;
			children = (
				1EE8CC902EDAC91C0064F683 /* PRGlobalOverlay.swift */,
			);
			path = Tool;
			sourceTree = "<group>";
		};
		E2242B0A2ECF106300C867D4 /* User */ = {
			isa = PBXGroup;
			children = (
				1EE8CC922EDAC9280064F683 /* PRUserManager.swift */,
			);
			path = User;
			sourceTree = "<group>";
		};
		E2242B0B2ECF106300C867D4 /* Biz */ = {
			isa = PBXGroup;
			children = (
				E2242AEC2ECF106300C867D4 /* AppRegistry */,
				E2242AEF2ECF106300C867D4 /* Cache */,
				E2242AF12ECF106300C867D4 /* Config */,
				E2242AF82ECF106300C867D4 /* Global */,
				E2242AFA2ECF106300C867D4 /* Localizable */,
				E2242AFF2ECF106300C867D4 /* Network */,
				E2242B032ECF106300C867D4 /* Permissons */,
				E2242B062ECF106300C867D4 /* Report */,
				E2242B082ECF106300C867D4 /* Tool */,
				E2242B0A2ECF106300C867D4 /* User */,
			);
			path = Biz;
			sourceTree = "<group>";
		};
		E2242B482ECF106300C867D4 /* Modify */ = {
			isa = PBXGroup;
			children = (
				1EE8CC622EDAC8580064F683 /* PRBreathingModifier.swift */,
				1EE8CC632EDAC8580064F683 /* PRCommonLoadingModify.swift */,
				1EE8CC642EDAC8580064F683 /* PRScanAnimationModifier.swift */,
			);
			path = Modify;
			sourceTree = "<group>";
		};
		E2242B7E2ECF106300C867D4 /* Utils */ = {
			isa = PBXGroup;
			children = (
				1EE8CC942EDAC9600064F683 /* PRDeviceUtils.swift */,
				1EE8CC952EDAC9600064F683 /* PRFunctions.swift */,
				1EE8CC962EDAC9600064F683 /* PRIdfaUtils.swift */,
				1EE8CC972EDAC9600064F683 /* PRToast.swift */,
			);
			path = Utils;
			sourceTree = "<group>";
		};
		E2242BF92ECF10B800C867D4 /* Common */ = {
			isa = PBXGroup;
			children = (
				1EE8CC9C2EDAC97F0064F683 /* PRBlurView.swift */,
				1EE8CC9D2EDAC97F0064F683 /* PRDividerView.swift */,
				1EE8CC9E2EDAC97F0064F683 /* PRGradientCircularProgressView.swift */,
				1EE8CC9F2EDAC97F0064F683 /* PRHomeBottomGestureModifier.swift */,
				1EE8CCA02EDAC97F0064F683 /* PRLaunchView.swift */,
				1EE8CCA12EDAC97F0064F683 /* PRLoadingView.swift */,
				1EE8CCA22EDAC97F0064F683 /* PRMultiProgressBarView.swift */,
				1EE8CCA32EDAC97F0064F683 /* PRProgressBarView.swift */,
				1EE8CCA42EDAC97F0064F683 /* PRShareImageActivityView.swift */,
				E2242BEA2ECF10B800C867D4 /* PRBottomSheet.swift */,
				E2242BEB2ECF10B800C867D4 /* PRCustomNavigationBarView.swift */,
				E2242BF22ECF10B800C867D4 /* PRLottieView.swift */,
				E2242BF32ECF10B800C867D4 /* PRModalView.swift */,
				E202D6D52EDACD1100B1F55F /* PRThemeButton.swift */,
			);
			path = Common;
			sourceTree = "<group>";
		};
		E2242BFB2ECF10B800C867D4 /* Alert */ = {
			isa = PBXGroup;
			children = (
				E2242BFA2ECF10B800C867D4 /* PRAlertView.swift */,
			);
			path = Alert;
			sourceTree = "<group>";
		};
		E2242C022ECF10B800C867D4 /* Guide */ = {
			isa = PBXGroup;
			children = (
				E2242BFC2ECF10B800C867D4 /* PRAlbumPermissionView.swift */,
				E2242BFD2ECF10B800C867D4 /* PRGuidePage.swift */,
				E2242BFE2ECF10B800C867D4 /* PRGuideViewModel.swift */,
				E2242BFF2ECF10B800C867D4 /* PRGuideWelcomePage.swift */,
				E2242C002ECF10B800C867D4 /* PRHomeHUDView.swift */,
				E2242C012ECF10B800C867D4 /* PRIDFAPageView.swift */,
			);
			path = Guide;
			sourceTree = "<group>";
		};
		E2242C052ECF10B800C867D4 /* Launch */ = {
			isa = PBXGroup;
			children = (
				1EE8CC522EDAC7AE0064F683 /* PRAppView.swift */,
				1EE8CC532EDAC7AE0064F683 /* PRAppViewModel.swift */,
			);
			path = Launch;
			sourceTree = "<group>";
		};
		E2242C082ECF10B800C867D4 /* Tab */ = {
			isa = PBXGroup;
			children = (
				1EE8CC562EDAC7C50064F683 /* PRMainTabView.swift */,
				1EE8CC572EDAC7C50064F683 /* PRMainTabViewModel.swift */,
			);
			path = Tab;
			sourceTree = "<group>";
		};
		E2242C0B2ECF10B800C867D4 /* Setting */ = {
			isa = PBXGroup;
			children = (
				E2242C092ECF10B800C867D4 /* PRSettingPage.swift */,
				E2242C0A2ECF10B800C867D4 /* PRSettingSection.swift */,
			);
			path = Setting;
			sourceTree = "<group>";
		};
		E2242C0C2ECF10B800C867D4 /* Views */ = {
			isa = PBXGroup;
			children = (
				E2242C3E2ECF12BD00C867D4 /* Slide */,
				E2242C2A2ECF10E200C867D4 /* Clean */,
				E2242BF92ECF10B800C867D4 /* Common */,
				E2242BFB2ECF10B800C867D4 /* Alert */,
				E2242C022ECF10B800C867D4 /* Guide */,
				E2242C052ECF10B800C867D4 /* Launch */,
				E2242C082ECF10B800C867D4 /* Tab */,
				E2242C0B2ECF10B800C867D4 /* Setting */,
			);
			path = Views;
			sourceTree = "<group>";
		};
		E2242C2A2ECF10E200C867D4 /* Clean */ = {
			isa = PBXGroup;
			children = (
				E2242C372ECF11EF00C867D4 /* Views */,
				E2242C2B2ECF111600C867D4 /* PRCategoryHomePage.swift */,
				E2242C2D2ECF113200C867D4 /* PRCategoryHomeViewModel.swift */,
				E2242C2F2ECF115300C867D4 /* PRDeleteFinishPage.swift */,
				E2242C312ECF116B00C867D4 /* PRDoubleFeedPage.swift */,
				E2242C332ECF117F00C867D4 /* PRDoubleFeedViewModel.swift */,
				E2242C352ECF11AA00C867D4 /* PRDuplicatePage.swift */,
			);
			path = Clean;
			sourceTree = "<group>";
		};
		E2242C372ECF11EF00C867D4 /* Views */ = {
			isa = PBXGroup;
			children = (
				E2242C382ECF120700C867D4 /* PRHomeAuthorizationView.swift */,
				E2242C3A2ECF122A00C867D4 /* PRHomeHeaderView.swift */,
				E2242C3C2ECF124800C867D4 /* PRHomeTopBar.swift */,
			);
			path = Views;
			sourceTree = "<group>";
		};
		E2242C3E2ECF12BD00C867D4 /* Slide */ = {
			isa = PBXGroup;
			children = (
				E2242C3F2ECF12EB00C867D4 /* PRSlideDetailPage.swift */,
				E2242C412ECF130900C867D4 /* PRSlidePage.swift */,
				E2242C432ECF131B00C867D4 /* PRSlideViewModel.swift */,
				E2242C452ECF134B00C867D4 /* PRSlideCacheManager.swift */,
				E2242C472ECF138100C867D4 /* TrashReviewAlertView.swift */,
				1EB3197E2ED1978300884DD1 /* CustomPageView.swift */,
			);
			path = Slide;
			sourceTree = "<group>";
		};
		E41BB5081F8D1C81768BF3CF /* Pods */ = {
			isa = PBXGroup;
			children = (
				82706355394F1BC1947124E7 /* Pods-PhotosRefresher.debug.xcconfig */,
				54B11EDAB26DA07061FDB46F /* Pods-PhotosRefresher.release.xcconfig */,
			);
			path = Pods;
			sourceTree = "<group>";
		};
/* End PBXGroup section */

/* Begin PBXNativeTarget section */
		E22428532ECEEB7E00C867D4 /* PhotosRefresher */ = {
			isa = PBXNativeTarget;
			buildConfigurationList = E22428602ECEEB7E00C867D4 /* Build configuration list for PBXNativeTarget "PhotosRefresher" */;
			buildPhases = (
				87DC494B86C0AA6283C5567A /* [CP] Check Pods Manifest.lock */,
				E22428502ECEEB7E00C867D4 /* Sources */,
				E22428512ECEEB7E00C867D4 /* Frameworks */,
				E22428522ECEEB7E00C867D4 /* Resources */,
				E72B4B9AAF36C8016F600329 /* [CP] Copy Pods Resources */,
			);
			buildRules = (
			);
			dependencies = (
			);
			fileSystemSynchronizedGroups = (
				E2242ACC2ECEEFE100C867D4 /* Resources */,
			);
			name = PhotosRefresher;
			productName = PhotosRefresher;
			productReference = E22428542ECEEB7E00C867D4 /* PhotosRefresher.app */;
			productType = "com.apple.product-type.application";
		};
/* End PBXNativeTarget section */

/* Begin PBXProject section */
		E224284C2ECEEB7E00C867D4 /* Project object */ = {
			isa = PBXProject;
			attributes = {
				BuildIndependentTargetsInParallel = 1;
				CLASSPREFIX = PR;
				LastSwiftUpdateCheck = 1640;
				LastUpgradeCheck = 1640;
				TargetAttributes = {
					E22428532ECEEB7E00C867D4 = {
						CreatedOnToolsVersion = 16.4;
					};
				};
			};
			buildConfigurationList = E224284F2ECEEB7E00C867D4 /* Build configuration list for PBXProject "PhotosRefresher" */;
			developmentRegion = en;
			hasScannedForEncodings = 0;
			knownRegions = (
				en,
				Base,
			);
			mainGroup = E224284B2ECEEB7E00C867D4;
			minimizedProjectReferenceProxies = 1;
			preferredProjectObjectVersion = 77;
			productRefGroup = E22428552ECEEB7E00C867D4 /* Products */;
			projectDirPath = "";
			projectRoot = "";
			targets = (
				E22428532ECEEB7E00C867D4 /* PhotosRefresher */,
			);
		};
/* End PBXProject section */

/* Begin PBXResourcesBuildPhase section */
		E22428522ECEEB7E00C867D4 /* Resources */ = {
			isa = PBXResourcesBuildPhase;
			buildActionMask = 2147483647;
			files = (
				E2242C502ECF191B00C867D4 /* LaunchScreen.storyboard in Resources */,
				E2242A882ECEEE8400C867D4 /* Assets.xcassets in Resources */,
			);
			runOnlyForDeploymentPostprocessing = 0;
		};
/* End PBXResourcesBuildPhase section */

/* Begin PBXShellScriptBuildPhase section */
		87DC494B86C0AA6283C5567A /* [CP] Check Pods Manifest.lock */ = {
			isa = PBXShellScriptBuildPhase;
			buildActionMask = 2147483647;
			files = (
			);
			inputFileListPaths = (
			);
			inputPaths = (
				"${PODS_PODFILE_DIR_PATH}/Podfile.lock",
				"${PODS_ROOT}/Manifest.lock",
			);
			name = "[CP] Check Pods Manifest.lock";
			outputFileListPaths = (
			);
			outputPaths = (
				"$(DERIVED_FILE_DIR)/Pods-PhotosRefresher-checkManifestLockResult.txt",
			);
			runOnlyForDeploymentPostprocessing = 0;
			shellPath = /bin/sh;
			shellScript = "diff \"${PODS_PODFILE_DIR_PATH}/Podfile.lock\" \"${PODS_ROOT}/Manifest.lock\" > /dev/null\nif [ $? != 0 ] ; then\n    # print error to STDERR\n    echo \"error: The sandbox is not in sync with the Podfile.lock. Run 'pod install' or update your CocoaPods installation.\" >&2\n    exit 1\nfi\n# This output is used by Xcode 'outputs' to avoid re-running this script phase.\necho \"SUCCESS\" > \"${SCRIPT_OUTPUT_FILE_0}\"\n";
			showEnvVarsInLog = 0;
		};
		E72B4B9AAF36C8016F600329 /* [CP] Copy Pods Resources */ = {
			isa = PBXShellScriptBuildPhase;
			buildActionMask = 2147483647;
			files = (
			);
			inputFileListPaths = (
				"${PODS_ROOT}/Target Support Files/Pods-PhotosRefresher/Pods-PhotosRefresher-resources-${CONFIGURATION}-input-files.xcfilelist",
			);
			inputPaths = (
			);
			name = "[CP] Copy Pods Resources";
			outputFileListPaths = (
				"${PODS_ROOT}/Target Support Files/Pods-PhotosRefresher/Pods-PhotosRefresher-resources-${CONFIGURATION}-output-files.xcfilelist",
			);
			outputPaths = (
			);
			runOnlyForDeploymentPostprocessing = 0;
			shellPath = /bin/sh;
			shellScript = "\"${PODS_ROOT}/Target Support Files/Pods-PhotosRefresher/Pods-PhotosRefresher-resources.sh\"\n";
			showEnvVarsInLog = 0;
		};
/* End PBXShellScriptBuildPhase section */

/* Begin PBXSourcesBuildPhase section */
		E22428502ECEEB7E00C867D4 /* Sources */ = {
			isa = PBXSourcesBuildPhase;
			buildActionMask = 2147483647;
			files = (
				E202D6D62EDACD1100B1F55F /* PRThemeButton.swift in Sources */,
				E2242A982ECEEE8400C867D4 /* PhotosRefresherApp.swift in Sources */,
				E2242C3B2ECF122A00C867D4 /* PRHomeHeaderView.swift in Sources */,
				E2242C342ECF117F00C867D4 /* PRDoubleFeedViewModel.swift in Sources */,
				E2242C0E2ECF10B800C867D4 /* PRBottomSheet.swift in Sources */,
				E2242C112ECF10B800C867D4 /* PRSettingPage.swift in Sources */,
				E2242C122ECF10B800C867D4 /* PRAlbumPermissionView.swift in Sources */,
				1EE8CC712EDAC8960064F683 /* PRRouterPath.swift in Sources */,
				E202D6E42EDAD14600B1F55F /* PRSubscriptionHelper.swift in Sources */,
				E202D6E02EDAD11E00B1F55F /* PROrderManager.swift in Sources */,
				1EE8CC982EDAC9600064F683 /* PRIdfaUtils.swift in Sources */,
				1EE8CC992EDAC9600064F683 /* PRToast.swift in Sources */,
				E202D6E22EDAD13700B1F55F /* PRPaymentProcessManager.swift in Sources */,
				1EE8CC9A2EDAC9600064F683 /* PRFunctions.swift in Sources */,
				1EE8CC9B2EDAC9600064F683 /* PRDeviceUtils.swift in Sources */,
				1EE8CC722EDAC8960064F683 /* PRRouterDestination.swift in Sources */,
				1EE8CC8F2EDAC9100064F683 /* PRMarketManager.swift in Sources */,
				1EE8CC732EDAC8960064F683 /* PRRouterRegistry.swift in Sources */,
				E2242C132ECF10B800C867D4 /* PRSettingSection.swift in Sources */,
				E2242C2C2ECF111600C867D4 /* PRCategoryHomePage.swift in Sources */,
				1EE8CC872EDAC8E20064F683 /* PRLocalizableManager.swift in Sources */,
				E2242C172ECF10B800C867D4 /* PRModalView.swift in Sources */,
				1EE8CC582EDAC7C50064F683 /* PRMainTabViewModel.swift in Sources */,
				1EE8CC592EDAC7C50064F683 /* PRMainTabView.swift in Sources */,
				E2242C182ECF10B800C867D4 /* PRAlertView.swift in Sources */,
				E2242C192ECF10B800C867D4 /* PRGuideWelcomePage.swift in Sources */,
				E202D6FF2EDAD2A200B1F55F /* PRRequestHandlerObserver.swift in Sources */,
				E2242C422ECF130900C867D4 /* PRSlidePage.swift in Sources */,
				E2242C402ECF12EB00C867D4 /* PRSlideDetailPage.swift in Sources */,
				E2242C1B2ECF10B800C867D4 /* PRHomeHUDView.swift in Sources */,
				E2242C1E2ECF10B800C867D4 /* PRLottieView.swift in Sources */,
				1EE8CC6C2EDAC8810064F683 /* PRDialogRegistry.swift in Sources */,
				1EE8CC6D2EDAC8810064F683 /* PRDialogDestination.swift in Sources */,
				E2242C1F2ECF10B800C867D4 /* PRGuideViewModel.swift in Sources */,
				E2242C212ECF10B800C867D4 /* PRIDFAPageView.swift in Sources */,
				E202D6FD2EDAD28B00B1F55F /* PRRequestHandlerNetworkManager+Stream.swift in Sources */,
				E2242C232ECF10B800C867D4 /* PRGuidePage.swift in Sources */,
				E2242C322ECF116B00C867D4 /* PRDoubleFeedPage.swift in Sources */,
				E2242C462ECF134B00C867D4 /* PRSlideCacheManager.swift in Sources */,
				E2242C272ECF10B800C867D4 /* PRCustomNavigationBarView.swift in Sources */,
				1EE8CC542EDAC7AE0064F683 /* PRAppViewModel.swift in Sources */,
				1EE8CC552EDAC7AE0064F683 /* PRAppView.swift in Sources */,
				1EE8CC802EDAC8CC0064F683 /* PRMailHelper.swift in Sources */,
				1EE8CC812EDAC8CC0064F683 /* PRConstants.swift in Sources */,
				E202D6F52EDAD23A00B1F55F /* PREnvironmentManager.swift in Sources */,
				E202D6EB2EDAD1C500B1F55F /* Alamofire+EventSource.swift in Sources */,
				1EE8CC822EDAC8CC0064F683 /* PRAppInfo.swift in Sources */,
				1EE8CC832EDAC8CC0064F683 /* PRDeviceHelper.swift in Sources */,
				E202D6F32EDAD22600B1F55F /* PREventSourceSerializer.swift in Sources */,
				E202D6E72EDAD17500B1F55F /* PROrderModel.swift in Sources */,
				1EE8CC842EDAC8CC0064F683 /* PRReviewManager.swift in Sources */,
				1EE8CC852EDAC8CC0064F683 /* PRUIState.swift in Sources */,
				E2242C442ECF131B00C867D4 /* PRSlideViewModel.swift in Sources */,
				E2242C3D2ECF124800C867D4 /* PRHomeTopBar.swift in Sources */,
				1EB3197F2ED1978300884DD1 /* CustomPageView.swift in Sources */,
				E2242C392ECF120700C867D4 /* PRHomeAuthorizationView.swift in Sources */,
				1EE8CC692EDAC8730064F683 /* PRAlertModal.swift in Sources */,
				1EE8CC8D2EDAC9020064F683 /* PRPermissonsManager.swift in Sources */,
				1EE8CC1B2EDA9AD50064F683 /* DismissingKeyboardOnSwipe.swift in Sources */,
				1EE8CC1D2EDA9AD50064F683 /* OnReceiveChangeModifier.swift in Sources */,
				E202D6F72EDAD24C00B1F55F /* PRRequestHandlerInterceptor.swift in Sources */,
				E202D6FB2EDAD27200B1F55F /* PRRequestHandlerNetworkManager+File.swift in Sources */,
				1EE8CC8A2EDAC8F30064F683 /* PRUserInfo.swift in Sources */,
				1EE8CC8B2EDAC8F30064F683 /* PRConfigModel.swift in Sources */,
				1EE8CC212EDA9AD50064F683 /* Date+Extension.swift in Sources */,
				1EE8CC232EDA9AD50064F683 /* Array+Extension.swift in Sources */,
				1EE8CC242EDA9AD50064F683 /* Data+Extension.swift in Sources */,
				1EE8CC252EDA9AD50064F683 /* View+Extension.swift in Sources */,
				E202D7012EDAD2C800B1F55F /* PRRequestHandlerResponseModel.swift in Sources */,
				E202D6ED2EDAD1E800B1F55F /* PRDecodableEventSourceMessage.swift in Sources */,
				E202D6D82EDACED900B1F55F /* PRSubscribeEntryView.swift in Sources */,
				1EE8CC2C2EDA9AD50064F683 /* SSKeychain.m in Sources */,
				1EE8CC2D2EDA9AD50064F683 /* CommonAICuidUtils.m in Sources */,
				1EE8CC2F2EDA9AD50064F683 /* Animation+Extension.swift in Sources */,
				1EE8CC302EDA9AD50064F683 /* Bundle+Extension.swift in Sources */,
				1EE8CC652EDAC8580064F683 /* PRCommonLoadingModify.swift in Sources */,
				1EE8CC662EDAC8580064F683 /* PRScanAnimationModifier.swift in Sources */,
				1EE8CC672EDAC8580064F683 /* PRBreathingModifier.swift in Sources */,
				1EE8CC312EDA9AD50064F683 /* RotationPublihsers.swift in Sources */,
				1EE8CC322EDA9AD50064F683 /* StrokeModifier.swift in Sources */,
				E202D6C02EDACC8100B1F55F /* PRSubscribeNormalPage.swift in Sources */,
				E202D6C12EDACC8100B1F55F /* PRSimilarAnalyzer.swift in Sources */,
				E202D6C32EDACC8100B1F55F /* PRTextAnalyzer.swift in Sources */,
				E202D6C42EDACC8100B1F55F /* PRChunkScheduler.swift in Sources */,
				E202D6C52EDACC8100B1F55F /* PRSnapshots.swift in Sources */,
				E202D6C62EDACC8100B1F55F /* PRSubscribeViewModel.swift in Sources */,
				E202D6C72EDACC8100B1F55F /* PRPhotoMapManager.swift in Sources */,
				E202D6C82EDACC8100B1F55F /* PRSubscribeNormalCellView.swift in Sources */,
				E202D6C92EDACC8100B1F55F /* PRSubscribeListRequestModel.swift in Sources */,
				E202D6CA2EDACC8100B1F55F /* PRPhotoTypes.swift in Sources */,
				E202D7032EDAD2DA00B1F55F /* PRRequestHandlerSignUtils.swift in Sources */,
				E202D6CC2EDACC8100B1F55F /* PRLargeVideoAnalyzer.swift in Sources */,
				E202D6CD2EDACC8100B1F55F /* PRSubscribeSwitchPage.swift in Sources */,
				E202D6CE2EDACC8100B1F55F /* PRAssetThumbnailProvider.swift in Sources */,
				E202D6EF2EDAD1FF00B1F55F /* PRDecodableEventSourceSerializer.swift in Sources */,
				E202D6CF2EDACC8100B1F55F /* PRDuplicateAnalyzer.swift in Sources */,
				E202D6D02EDACC8100B1F55F /* PRBlurryAnalyzer.swift in Sources */,
				E202D6D12EDACC8100B1F55F /* PRSubscribeRandomBubble.swift in Sources */,
				E202D6D22EDACC8100B1F55F /* PRDiskSpaceManager.swift in Sources */,
				E202D6D32EDACC8100B1F55F /* PRProductManager.swift in Sources */,
				E202D6D42EDACC8100B1F55F /* PRAssetsHelper.swift in Sources */,
				E202D6DA2EDACF1500B1F55F /* PRSubscribeResponseModel.swift in Sources */,
				1EE8CCA62EDAC97F0064F683 /* PRMultiProgressBarView.swift in Sources */,
				1EE8CCA72EDAC97F0064F683 /* PRDividerView.swift in Sources */,
				1EE8CCA82EDAC97F0064F683 /* PRLoadingView.swift in Sources */,
				1EE8CCA92EDAC97F0064F683 /* PRShareImageActivityView.swift in Sources */,
				1EE8CCAB2EDAC97F0064F683 /* PRGradientCircularProgressView.swift in Sources */,
				1EE8CCAC2EDAC97F0064F683 /* PRBlurView.swift in Sources */,
				1EE8CCAD2EDAC97F0064F683 /* PRHomeBottomGestureModifier.swift in Sources */,
				1EE8CCAE2EDAC97F0064F683 /* PRLaunchView.swift in Sources */,
				1EE8CCAF2EDAC97F0064F683 /* PRProgressBarView.swift in Sources */,
				1EE8CC342EDA9AD50064F683 /* Font+Extension.swift in Sources */,
				1EE8CC352EDA9AD50064F683 /* CommonAICuid.mm in Sources */,
				1EE8CC362EDA9AD50064F683 /* Color+Extension.swift in Sources */,
				1EE8CC382EDA9AD50064F683 /* SSKeychainQuery.m in Sources */,
				1EE8CC3A2EDA9AD50064F683 /* String+Extension.swift in Sources */,
				1EE8CC3B2EDA9AD50064F683 /* UIApplication+Extension.swift in Sources */,
				1EE8CC3C2EDA9AD50064F683 /* URL+Extension.swift in Sources */,
				1EE8CC762EDAC8A80064F683 /* PRAppUserDefaults.swift in Sources */,
				1EE8CC772EDAC8A80064F683 /* PRLLCachePath.swift in Sources */,
				1EE8CC3D2EDA9AD50064F683 /* UIImage+Extension.swift in Sources */,
				1EE8CC3E2EDA9AD50064F683 /* Codable+Extension.swift in Sources */,
				E202D6F92EDAD25C00B1F55F /* PRRequestHandlerManager.swift in Sources */,
				1EE8CC3F2EDA9AD50064F683 /* KeyboardPublishers.swift in Sources */,
				1EE8CC412EDA9AD50064F683 /* Number+Extension.swift in Sources */,
				1EE8CC792EDAC8BA0064F683 /* PRConfigManager.swift in Sources */,
				1EE8CC912EDAC91C0064F683 /* PRGlobalOverlay.swift in Sources */,
				E202D6F12EDAD21400B1F55F /* PREventSourceMessage.swift in Sources */,
				1EE8CC442EDA9AD50064F683 /* ViewDurationTrackerModifier.swift in Sources */,
				1EE8CC932EDAC9280064F683 /* PRUserManager.swift in Sources */,
				E2242C302ECF115300C867D4 /* PRDeleteFinishPage.swift in Sources */,
				E2242C362ECF11AA00C867D4 /* PRDuplicatePage.swift in Sources */,
				E2242BCA2ECF106300C867D4 /* ATTrackingManager+Limit.m in Sources */,
				E2242C2E2ECF113200C867D4 /* PRCategoryHomeViewModel.swift in Sources */,
				E2242C482ECF138100C867D4 /* TrashReviewAlertView.swift in Sources */,
			);
			runOnlyForDeploymentPostprocessing = 0;
		};
/* End PBXSourcesBuildPhase section */

/* Begin XCBuildConfiguration section */
		E224285E2ECEEB7E00C867D4 /* Debug */ = {
			isa = XCBuildConfiguration;
			buildSettings = {
				ALWAYS_SEARCH_USER_PATHS = NO;
				ASSETCATALOG_COMPILER_GENERATE_SWIFT_ASSET_SYMBOL_EXTENSIONS = YES;
				CLANG_ANALYZER_NONNULL = YES;
				CLANG_ANALYZER_NUMBER_OBJECT_CONVERSION = YES_AGGRESSIVE;
				CLANG_CXX_LANGUAGE_STANDARD = "gnu++20";
				CLANG_ENABLE_MODULES = YES;
				CLANG_ENABLE_OBJC_ARC = YES;
				CLANG_ENABLE_OBJC_WEAK = YES;
				CLANG_WARN_BLOCK_CAPTURE_AUTORELEASING = YES;
				CLANG_WARN_BOOL_CONVERSION = YES;
				CLANG_WARN_COMMA = YES;
				CLANG_WARN_CONSTANT_CONVERSION = YES;
				CLANG_WARN_DEPRECATED_OBJC_IMPLEMENTATIONS = YES;
				CLANG_WARN_DIRECT_OBJC_ISA_USAGE = YES_ERROR;
				CLANG_WARN_DOCUMENTATION_COMMENTS = YES;
				CLANG_WARN_EMPTY_BODY = YES;
				CLANG_WARN_ENUM_CONVERSION = YES;
				CLANG_WARN_INFINITE_RECURSION = YES;
				CLANG_WARN_INT_CONVERSION = YES;
				CLANG_WARN_NON_LITERAL_NULL_CONVERSION = YES;
				CLANG_WARN_OBJC_IMPLICIT_RETAIN_SELF = YES;
				CLANG_WARN_OBJC_LITERAL_CONVERSION = YES;
				CLANG_WARN_OBJC_ROOT_CLASS = YES_ERROR;
				CLANG_WARN_QUOTED_INCLUDE_IN_FRAMEWORK_HEADER = YES;
				CLANG_WARN_RANGE_LOOP_ANALYSIS = YES;
				CLANG_WARN_STRICT_PROTOTYPES = YES;
				CLANG_WARN_SUSPICIOUS_MOVE = YES;
				CLANG_WARN_UNGUARDED_AVAILABILITY = YES_AGGRESSIVE;
				CLANG_WARN_UNREACHABLE_CODE = YES;
				CLANG_WARN__DUPLICATE_METHOD_MATCH = YES;
				COPY_PHASE_STRIP = NO;
				DEBUG_INFORMATION_FORMAT = dwarf;
				ENABLE_STRICT_OBJC_MSGSEND = YES;
				ENABLE_TESTABILITY = YES;
				ENABLE_USER_SCRIPT_SANDBOXING = YES;
				GCC_C_LANGUAGE_STANDARD = gnu17;
				GCC_DYNAMIC_NO_PIC = NO;
				GCC_NO_COMMON_BLOCKS = YES;
				GCC_OPTIMIZATION_LEVEL = 0;
				GCC_PREPROCESSOR_DEFINITIONS = (
					"DEBUG=1",
					"$(inherited)",
				);
				GCC_WARN_64_TO_32_BIT_CONVERSION = YES;
				GCC_WARN_ABOUT_RETURN_TYPE = YES_ERROR;
				GCC_WARN_UNDECLARED_SELECTOR = YES;
				GCC_WARN_UNINITIALIZED_AUTOS = YES_AGGRESSIVE;
				GCC_WARN_UNUSED_FUNCTION = YES;
				GCC_WARN_UNUSED_VARIABLE = YES;
				LOCALIZATION_PREFERS_STRING_CATALOGS = YES;
				MTL_ENABLE_DEBUG_INFO = INCLUDE_SOURCE;
				MTL_FAST_MATH = YES;
				ONLY_ACTIVE_ARCH = YES;
				SWIFT_ACTIVE_COMPILATION_CONDITIONS = "DEBUG $(inherited)";
				SWIFT_OPTIMIZATION_LEVEL = "-Onone";
			};
			name = Debug;
		};
		E224285F2ECEEB7E00C867D4 /* Release */ = {
			isa = XCBuildConfiguration;
			buildSettings = {
				ALWAYS_SEARCH_USER_PATHS = NO;
				ASSETCATALOG_COMPILER_GENERATE_SWIFT_ASSET_SYMBOL_EXTENSIONS = YES;
				CLANG_ANALYZER_NONNULL = YES;
				CLANG_ANALYZER_NUMBER_OBJECT_CONVERSION = YES_AGGRESSIVE;
				CLANG_CXX_LANGUAGE_STANDARD = "gnu++20";
				CLANG_ENABLE_MODULES = YES;
				CLANG_ENABLE_OBJC_ARC = YES;
				CLANG_ENABLE_OBJC_WEAK = YES;
				CLANG_WARN_BLOCK_CAPTURE_AUTORELEASING = YES;
				CLANG_WARN_BOOL_CONVERSION = YES;
				CLANG_WARN_COMMA = YES;
				CLANG_WARN_CONSTANT_CONVERSION = YES;
				CLANG_WARN_DEPRECATED_OBJC_IMPLEMENTATIONS = YES;
				CLANG_WARN_DIRECT_OBJC_ISA_USAGE = YES_ERROR;
				CLANG_WARN_DOCUMENTATION_COMMENTS = YES;
				CLANG_WARN_EMPTY_BODY = YES;
				CLANG_WARN_ENUM_CONVERSION = YES;
				CLANG_WARN_INFINITE_RECURSION = YES;
				CLANG_WARN_INT_CONVERSION = YES;
				CLANG_WARN_NON_LITERAL_NULL_CONVERSION = YES;
				CLANG_WARN_OBJC_IMPLICIT_RETAIN_SELF = YES;
				CLANG_WARN_OBJC_LITERAL_CONVERSION = YES;
				CLANG_WARN_OBJC_ROOT_CLASS = YES_ERROR;
				CLANG_WARN_QUOTED_INCLUDE_IN_FRAMEWORK_HEADER = YES;
				CLANG_WARN_RANGE_LOOP_ANALYSIS = YES;
				CLANG_WARN_STRICT_PROTOTYPES = YES;
				CLANG_WARN_SUSPICIOUS_MOVE = YES;
				CLANG_WARN_UNGUARDED_AVAILABILITY = YES_AGGRESSIVE;
				CLANG_WARN_UNREACHABLE_CODE = YES;
				CLANG_WARN__DUPLICATE_METHOD_MATCH = YES;
				COPY_PHASE_STRIP = NO;
				DEBUG_INFORMATION_FORMAT = "dwarf-with-dsym";
				ENABLE_NS_ASSERTIONS = NO;
				ENABLE_STRICT_OBJC_MSGSEND = YES;
				ENABLE_USER_SCRIPT_SANDBOXING = YES;
				GCC_C_LANGUAGE_STANDARD = gnu17;
				GCC_NO_COMMON_BLOCKS = YES;
				GCC_WARN_64_TO_32_BIT_CONVERSION = YES;
				GCC_WARN_ABOUT_RETURN_TYPE = YES_ERROR;
				GCC_WARN_UNDECLARED_SELECTOR = YES;
				GCC_WARN_UNINITIALIZED_AUTOS = YES_AGGRESSIVE;
				GCC_WARN_UNUSED_FUNCTION = YES;
				GCC_WARN_UNUSED_VARIABLE = YES;
				LOCALIZATION_PREFERS_STRING_CATALOGS = YES;
				MTL_ENABLE_DEBUG_INFO = NO;
				MTL_FAST_MATH = YES;
				SWIFT_COMPILATION_MODE = wholemodule;
			};
			name = Release;
		};
		E22428612ECEEB7E00C867D4 /* Debug */ = {
			isa = XCBuildConfiguration;
			baseConfigurationReference = 82706355394F1BC1947124E7 /* Pods-PhotosRefresher.debug.xcconfig */;
			buildSettings = {
				ASSETCATALOG_COMPILER_APPICON_NAME = AppIcon;
				ASSETCATALOG_COMPILER_GLOBAL_ACCENT_COLOR_NAME = AccentColor;
				CODE_SIGN_ENTITLEMENTS = PhotosRefresher/PhotosRefresher.entitlements;
				CODE_SIGN_IDENTITY = "Apple Development";
				CODE_SIGN_STYLE = Automatic;
				CURRENT_PROJECT_VERSION = 5;
				DEVELOPMENT_TEAM = VLTYVPB38Q;
				ENABLE_PREVIEWS = YES;
				ENABLE_USER_SCRIPT_SANDBOXING = NO;
				GENERATE_INFOPLIST_FILE = YES;
				INFOPLIST_FILE = PhotosRefresher/Info.plist;
				INFOPLIST_KEY_CFBundleDisplayName = PhotosRefresher;
				INFOPLIST_KEY_ITSAppUsesNonExemptEncryption = NO;
				INFOPLIST_KEY_NSFileProviderDomainUsageDescription = "";
				INFOPLIST_KEY_NSPhotoLibraryUsageDescription = "Needed to clean duplicates and free up storage space.";
				INFOPLIST_KEY_NSUserTrackingUsageDescription = "Data helps tailor a personalized app experience.";
				"INFOPLIST_KEY_UIApplicationSceneManifest_Generation[sdk=iphoneos*]" = YES;
				"INFOPLIST_KEY_UIApplicationSceneManifest_Generation[sdk=iphonesimulator*]" = YES;
				"INFOPLIST_KEY_UIApplicationSupportsIndirectInputEvents[sdk=iphoneos*]" = YES;
				"INFOPLIST_KEY_UIApplicationSupportsIndirectInputEvents[sdk=iphonesimulator*]" = YES;
				"INFOPLIST_KEY_UILaunchScreen_Generation[sdk=iphoneos*]" = YES;
				"INFOPLIST_KEY_UILaunchScreen_Generation[sdk=iphonesimulator*]" = YES;
				INFOPLIST_KEY_UILaunchStoryboardName = LaunchScreen.storyboard;
				"INFOPLIST_KEY_UIStatusBarStyle[sdk=iphoneos*]" = UIStatusBarStyleDefault;
				"INFOPLIST_KEY_UIStatusBarStyle[sdk=iphonesimulator*]" = UIStatusBarStyleDefault;
				INFOPLIST_KEY_UISupportedInterfaceOrientations_iPad = "UIInterfaceOrientationPortrait UIInterfaceOrientationPortraitUpsideDown UIInterfaceOrientationLandscapeLeft UIInterfaceOrientationLandscapeRight";
				INFOPLIST_KEY_UISupportedInterfaceOrientations_iPhone = "UIInterfaceOrientationPortrait UIInterfaceOrientationLandscapeLeft UIInterfaceOrientationLandscapeRight";
				IPHONEOS_DEPLOYMENT_TARGET = 16.1;
				LD_RUNPATH_SEARCH_PATHS = "@executable_path/Frameworks";
				"LD_RUNPATH_SEARCH_PATHS[sdk=macosx*]" = "@executable_path/../Frameworks";
				MACOSX_DEPLOYMENT_TARGET = 15.5;
				MARKETING_VERSION = 1.0.0;
				PRODUCT_BUNDLE_IDENTIFIER = com.aiorganizer.photo.swipeclean;
				PRODUCT_NAME = "$(TARGET_NAME)";
				PROVISIONING_PROFILE_SPECIFIER = "";
				REGISTER_APP_GROUPS = YES;
				SDKROOT = auto;
				SUPPORTED_PLATFORMS = "iphoneos iphonesimulator";
				SUPPORTS_MACCATALYST = NO;
				SWIFT_EMIT_LOC_STRINGS = YES;
				SWIFT_OBJC_BRIDGING_HEADER = "PhotosRefresher/PR-Bridging-Header.h";
				SWIFT_VERSION = 5.0;
				TARGETED_DEVICE_FAMILY = "1,2";
				XROS_DEPLOYMENT_TARGET = 2.5;
			};
			name = Debug;
		};
		E22428622ECEEB7E00C867D4 /* Release */ = {
			isa = XCBuildConfiguration;
			baseConfigurationReference = 54B11EDAB26DA07061FDB46F /* Pods-PhotosRefresher.release.xcconfig */;
			buildSettings = {
				ASSETCATALOG_COMPILER_APPICON_NAME = AppIcon;
				ASSETCATALOG_COMPILER_GLOBAL_ACCENT_COLOR_NAME = AccentColor;
				CODE_SIGN_ENTITLEMENTS = PhotosRefresher/PhotosRefresher.entitlements;
				CODE_SIGN_IDENTITY = "Apple Development";
				CODE_SIGN_STYLE = Automatic;
				CURRENT_PROJECT_VERSION = 5;
				DEVELOPMENT_TEAM = VLTYVPB38Q;
				ENABLE_PREVIEWS = YES;
				ENABLE_USER_SCRIPT_SANDBOXING = NO;
				GENERATE_INFOPLIST_FILE = YES;
				INFOPLIST_FILE = PhotosRefresher/Info.plist;
				INFOPLIST_KEY_CFBundleDisplayName = PhotosRefresher;
				INFOPLIST_KEY_ITSAppUsesNonExemptEncryption = NO;
				INFOPLIST_KEY_NSFileProviderDomainUsageDescription = "";
				INFOPLIST_KEY_NSPhotoLibraryUsageDescription = "Needed to clean duplicates and free up storage space.";
				INFOPLIST_KEY_NSUserTrackingUsageDescription = "Data helps tailor a personalized app experience.";
				"INFOPLIST_KEY_UIApplicationSceneManifest_Generation[sdk=iphoneos*]" = YES;
				"INFOPLIST_KEY_UIApplicationSceneManifest_Generation[sdk=iphonesimulator*]" = YES;
				"INFOPLIST_KEY_UIApplicationSupportsIndirectInputEvents[sdk=iphoneos*]" = YES;
				"INFOPLIST_KEY_UIApplicationSupportsIndirectInputEvents[sdk=iphonesimulator*]" = YES;
				"INFOPLIST_KEY_UILaunchScreen_Generation[sdk=iphoneos*]" = YES;
				"INFOPLIST_KEY_UILaunchScreen_Generation[sdk=iphonesimulator*]" = YES;
				INFOPLIST_KEY_UILaunchStoryboardName = LaunchScreen.storyboard;
				"INFOPLIST_KEY_UIStatusBarStyle[sdk=iphoneos*]" = UIStatusBarStyleDefault;
				"INFOPLIST_KEY_UIStatusBarStyle[sdk=iphonesimulator*]" = UIStatusBarStyleDefault;
				INFOPLIST_KEY_UISupportedInterfaceOrientations_iPad = "UIInterfaceOrientationPortrait UIInterfaceOrientationPortraitUpsideDown UIInterfaceOrientationLandscapeLeft UIInterfaceOrientationLandscapeRight";
				INFOPLIST_KEY_UISupportedInterfaceOrientations_iPhone = "UIInterfaceOrientationPortrait UIInterfaceOrientationLandscapeLeft UIInterfaceOrientationLandscapeRight";
				IPHONEOS_DEPLOYMENT_TARGET = 16.1;
				LD_RUNPATH_SEARCH_PATHS = "@executable_path/Frameworks";
				"LD_RUNPATH_SEARCH_PATHS[sdk=macosx*]" = "@executable_path/../Frameworks";
				MACOSX_DEPLOYMENT_TARGET = 15.5;
				MARKETING_VERSION = 1.0.0;
				PRODUCT_BUNDLE_IDENTIFIER = com.aiorganizer.photo.swipeclean;
				PRODUCT_NAME = "$(TARGET_NAME)";
				PROVISIONING_PROFILE_SPECIFIER = "";
				REGISTER_APP_GROUPS = YES;
				SDKROOT = auto;
				SUPPORTED_PLATFORMS = "iphoneos iphonesimulator";
				SUPPORTS_MACCATALYST = NO;
				SWIFT_EMIT_LOC_STRINGS = YES;
				SWIFT_OBJC_BRIDGING_HEADER = "PhotosRefresher/PR-Bridging-Header.h";
				SWIFT_VERSION = 5.0;
				TARGETED_DEVICE_FAMILY = "1,2";
				XROS_DEPLOYMENT_TARGET = 2.5;
			};
			name = Release;
		};
/* End XCBuildConfiguration section */

/* Begin XCConfigurationList section */
		E224284F2ECEEB7E00C867D4 /* Build configuration list for PBXProject "PhotosRefresher" */ = {
			isa = XCConfigurationList;
			buildConfigurations = (
				E224285E2ECEEB7E00C867D4 /* Debug */,
				E224285F2ECEEB7E00C867D4 /* Release */,
			);
			defaultConfigurationIsVisible = 0;
			defaultConfigurationName = Release;
		};
		E22428602ECEEB7E00C867D4 /* Build configuration list for PBXNativeTarget "PhotosRefresher" */ = {
			isa = XCConfigurationList;
			buildConfigurations = (
				E22428612ECEEB7E00C867D4 /* Debug */,
				E22428622ECEEB7E00C867D4 /* Release */,
			);
			defaultConfigurationIsVisible = 0;
			defaultConfigurationName = Release;
		};
/* End XCConfigurationList section */
	};
	rootObject = E224284C2ECEEB7E00C867D4 /* Project object */;
}
